// !$*UTF8*$!
{
	archiveVersion = 1;
	classes = {
	};
	objectVersion = 46;
	objects = {

/* Begin PBXBuildFile section */
		D290ED8A186337A90027082D /* CoreTelephony.framework in Frameworks */ = {isa = PBXBuildFile; fileRef = D290ED89186337A90027082D /* CoreTelephony.framework */; };
		D290ED8C186337B00027082D /* CoreData.framework in Frameworks */ = {isa = PBXBuildFile; fileRef = D290ED8B186337B00027082D /* CoreData.framework */; };
		D2BAB0A217EC8EE600807D0D /* Foundation.framework in Frameworks */ = {isa = PBXBuildFile; fileRef = D2BAB0A117EC8EE600807D0D /* Foundation.framework */; };
		D2BAB0A417EC8EE600807D0D /* CoreGraphics.framework in Frameworks */ = {isa = PBXBuildFile; fileRef = D2BAB0A317EC8EE600807D0D /* CoreGraphics.framework */; };
		D2BAB0A617EC8EE600807D0D /* UIKit.framework in Frameworks */ = {isa = PBXBuildFile; fileRef = D2BAB0A517EC8EE600807D0D /* UIKit.framework */; };
		D2BAB0AC17EC8EE600807D0D /* InfoPlist.strings in Resources */ = {isa = PBXBuildFile; fileRef = D2BAB0AA17EC8EE600807D0D /* InfoPlist.strings */; };
		D2BAB0AE17EC8EE600807D0D /* main.m in Sources */ = {isa = PBXBuildFile; fileRef = D2BAB0AD17EC8EE600807D0D /* main.m */; };
		D2BAB0B217EC8EE600807D0D /* AppDelegate.m in Sources */ = {isa = PBXBuildFile; fileRef = D2BAB0B117EC8EE600807D0D /* AppDelegate.m */; };
		D2BAB0B817EC8EE600807D0D /* ViewController.m in Sources */ = {isa = PBXBuildFile; fileRef = D2BAB0B717EC8EE600807D0D /* ViewController.m */; };
		D2BAB0BA17EC8EE600807D0D /* Images.xcassets in Resources */ = {isa = PBXBuildFile; fileRef = D2BAB0B917EC8EE600807D0D /* Images.xcassets */; };
		D2BAB0D717EC8FF400807D0D /* ViewController.xib in Resources */ = {isa = PBXBuildFile; fileRef = D2BAB0D617EC8FF400807D0D /* ViewController.xib */; };
		D2D3FBAE18639382000C0367 /* .gitattributes in Resources */ = {isa = PBXBuildFile; fileRef = D2D3FBA318639382000C0367 /* .gitattributes */; };
		D2D3FBAF18639382000C0367 /* Countly.m in Sources */ = {isa = PBXBuildFile; fileRef = D2D3FBA518639382000C0367 /* Countly.m */; settings = {COMPILER_FLAGS = "-fno-objc-arc"; }; };
		D2D3FBB018639382000C0367 /* Countly.xcdatamodeld in Sources */ = {isa = PBXBuildFile; fileRef = D2D3FBA618639382000C0367 /* Countly.xcdatamodeld */; };
		D2D3FBB118639382000C0367 /* Countly_OpenUDID.m in Sources */ = {isa = PBXBuildFile; fileRef = D2D3FBA918639382000C0367 /* Countly_OpenUDID.m */; settings = {COMPILER_FLAGS = "-fno-objc-arc"; }; };
		D2D3FBB218639382000C0367 /* CountlyDB.m in Sources */ = {isa = PBXBuildFile; fileRef = D2D3FBAB18639382000C0367 /* CountlyDB.m */; settings = {COMPILER_FLAGS = "-fno-objc-arc"; }; };
		D2D3FBB318639382000C0367 /* LICENSE in Resources */ = {isa = PBXBuildFile; fileRef = D2D3FBAC18639382000C0367 /* LICENSE */; };
		D2D3FBB418639382000C0367 /* README.md in Resources */ = {isa = PBXBuildFile; fileRef = D2D3FBAD18639382000C0367 /* README.md */; };
/* End PBXBuildFile section */

/* Begin PBXFileReference section */
		D290ED89186337A90027082D /* CoreTelephony.framework */ = {isa = PBXFileReference; lastKnownFileType = wrapper.framework; name = CoreTelephony.framework; path = System/Library/Frameworks/CoreTelephony.framework; sourceTree = SDKROOT; };
		D290ED8B186337B00027082D /* CoreData.framework */ = {isa = PBXFileReference; lastKnownFileType = wrapper.framework; name = CoreData.framework; path = System/Library/Frameworks/CoreData.framework; sourceTree = SDKROOT; };
		D2BAB09E17EC8EE600807D0D /* CountlyTestApp.app */ = {isa = PBXFileReference; explicitFileType = wrapper.application; includeInIndex = 0; path = CountlyTestApp.app; sourceTree = BUILT_PRODUCTS_DIR; };
		D2BAB0A117EC8EE600807D0D /* Foundation.framework */ = {isa = PBXFileReference; lastKnownFileType = wrapper.framework; name = Foundation.framework; path = System/Library/Frameworks/Foundation.framework; sourceTree = SDKROOT; };
		D2BAB0A317EC8EE600807D0D /* CoreGraphics.framework */ = {isa = PBXFileReference; lastKnownFileType = wrapper.framework; name = CoreGraphics.framework; path = System/Library/Frameworks/CoreGraphics.framework; sourceTree = SDKROOT; };
		D2BAB0A517EC8EE600807D0D /* UIKit.framework */ = {isa = PBXFileReference; lastKnownFileType = wrapper.framework; name = UIKit.framework; path = System/Library/Frameworks/UIKit.framework; sourceTree = SDKROOT; };
		D2BAB0A917EC8EE600807D0D /* CountlyTestApp-Info.plist */ = {isa = PBXFileReference; lastKnownFileType = text.plist.xml; path = "CountlyTestApp-Info.plist"; sourceTree = "<group>"; };
		D2BAB0AB17EC8EE600807D0D /* en */ = {isa = PBXFileReference; lastKnownFileType = text.plist.strings; name = en; path = en.lproj/InfoPlist.strings; sourceTree = "<group>"; };
		D2BAB0AD17EC8EE600807D0D /* main.m */ = {isa = PBXFileReference; lastKnownFileType = sourcecode.c.objc; path = main.m; sourceTree = "<group>"; };
		D2BAB0AF17EC8EE600807D0D /* CountlyTestApp-Prefix.pch */ = {isa = PBXFileReference; lastKnownFileType = sourcecode.c.h; path = "CountlyTestApp-Prefix.pch"; sourceTree = "<group>"; };
		D2BAB0B017EC8EE600807D0D /* AppDelegate.h */ = {isa = PBXFileReference; lastKnownFileType = sourcecode.c.h; path = AppDelegate.h; sourceTree = "<group>"; };
		D2BAB0B117EC8EE600807D0D /* AppDelegate.m */ = {isa = PBXFileReference; lastKnownFileType = sourcecode.c.objc; path = AppDelegate.m; sourceTree = "<group>"; };
		D2BAB0B617EC8EE600807D0D /* ViewController.h */ = {isa = PBXFileReference; lastKnownFileType = sourcecode.c.h; path = ViewController.h; sourceTree = "<group>"; };
		D2BAB0B717EC8EE600807D0D /* ViewController.m */ = {isa = PBXFileReference; lastKnownFileType = sourcecode.c.objc; path = ViewController.m; sourceTree = "<group>"; };
		D2BAB0B917EC8EE600807D0D /* Images.xcassets */ = {isa = PBXFileReference; lastKnownFileType = folder.assetcatalog; path = Images.xcassets; sourceTree = "<group>"; };
		D2BAB0C017EC8EE600807D0D /* XCTest.framework */ = {isa = PBXFileReference; lastKnownFileType = wrapper.framework; name = XCTest.framework; path = Library/Frameworks/XCTest.framework; sourceTree = DEVELOPER_DIR; };
		D2BAB0D617EC8FF400807D0D /* ViewController.xib */ = {isa = PBXFileReference; fileEncoding = 4; lastKnownFileType = file.xib; path = ViewController.xib; sourceTree = "<group>"; };
		D2D3FBA318639382000C0367 /* .gitattributes */ = {isa = PBXFileReference; fileEncoding = 4; lastKnownFileType = text; path = .gitattributes; sourceTree = "<group>"; };
		D2D3FBA418639382000C0367 /* Countly.h */ = {isa = PBXFileReference; fileEncoding = 4; lastKnownFileType = sourcecode.c.h; path = Countly.h; sourceTree = "<group>"; };
		D2D3FBA518639382000C0367 /* Countly.m */ = {isa = PBXFileReference; fileEncoding = 4; lastKnownFileType = sourcecode.c.objc; path = Countly.m; sourceTree = "<group>"; };
		D2D3FBA718639382000C0367 /* Countly.xcdatamodel */ = {isa = PBXFileReference; lastKnownFileType = wrapper.xcdatamodel; path = Countly.xcdatamodel; sourceTree = "<group>"; };
		D2D3FBA818639382000C0367 /* Countly_OpenUDID.h */ = {isa = PBXFileReference; fileEncoding = 4; lastKnownFileType = sourcecode.c.h; path = Countly_OpenUDID.h; sourceTree = "<group>"; };
		D2D3FBA918639382000C0367 /* Countly_OpenUDID.m */ = {isa = PBXFileReference; fileEncoding = 4; lastKnownFileType = sourcecode.c.objc; path = Countly_OpenUDID.m; sourceTree = "<group>"; };
		D2D3FBAA18639382000C0367 /* CountlyDB.h */ = {isa = PBXFileReference; fileEncoding = 4; lastKnownFileType = sourcecode.c.h; path = CountlyDB.h; sourceTree = "<group>"; };
		D2D3FBAB18639382000C0367 /* CountlyDB.m */ = {isa = PBXFileReference; fileEncoding = 4; lastKnownFileType = sourcecode.c.objc; path = CountlyDB.m; sourceTree = "<group>"; };
		D2D3FBAC18639382000C0367 /* LICENSE */ = {isa = PBXFileReference; fileEncoding = 4; lastKnownFileType = text; path = LICENSE; sourceTree = "<group>"; };
		D2D3FBAD18639382000C0367 /* README.md */ = {isa = PBXFileReference; fileEncoding = 4; lastKnownFileType = text; path = README.md; sourceTree = "<group>"; };
/* End PBXFileReference section */

/* Begin PBXFrameworksBuildPhase section */
		D2BAB09B17EC8EE600807D0D /* Frameworks */ = {
			isa = PBXFrameworksBuildPhase;
			buildActionMask = 2147483647;
			files = (
				D290ED8C186337B00027082D /* CoreData.framework in Frameworks */,
				D290ED8A186337A90027082D /* CoreTelephony.framework in Frameworks */,
				D2BAB0A417EC8EE600807D0D /* CoreGraphics.framework in Frameworks */,
				D2BAB0A617EC8EE600807D0D /* UIKit.framework in Frameworks */,
				D2BAB0A217EC8EE600807D0D /* Foundation.framework in Frameworks */,
			);
			runOnlyForDeploymentPostprocessing = 0;
		};
/* End PBXFrameworksBuildPhase section */

/* Begin PBXGroup section */
		D2BAB09517EC8EE600807D0D = {
			isa = PBXGroup;
			children = (
				D2BAB0A717EC8EE600807D0D /* CountlyTestApp */,
				D2BAB0A017EC8EE600807D0D /* Frameworks */,
				D2BAB09F17EC8EE600807D0D /* Products */,
			);
			sourceTree = "<group>";
		};
		D2BAB09F17EC8EE600807D0D /* Products */ = {
			isa = PBXGroup;
			children = (
				D2BAB09E17EC8EE600807D0D /* CountlyTestApp.app */,
			);
			name = Products;
			sourceTree = "<group>";
		};
		D2BAB0A017EC8EE600807D0D /* Frameworks */ = {
			isa = PBXGroup;
			children = (
				D290ED8B186337B00027082D /* CoreData.framework */,
				D290ED89186337A90027082D /* CoreTelephony.framework */,
				D2BAB0A117EC8EE600807D0D /* Foundation.framework */,
				D2BAB0A317EC8EE600807D0D /* CoreGraphics.framework */,
				D2BAB0A517EC8EE600807D0D /* UIKit.framework */,
				D2BAB0C017EC8EE600807D0D /* XCTest.framework */,
			);
			name = Frameworks;
			sourceTree = "<group>";
		};
		D2BAB0A717EC8EE600807D0D /* CountlyTestApp */ = {
			isa = PBXGroup;
			children = (
				D2D3FBA218639382000C0367 /* countly-sdk-ios */,
				D2BAB0B017EC8EE600807D0D /* AppDelegate.h */,
				D2BAB0B117EC8EE600807D0D /* AppDelegate.m */,
				D2BAB0B617EC8EE600807D0D /* ViewController.h */,
				D2BAB0B717EC8EE600807D0D /* ViewController.m */,
				D2BAB0D617EC8FF400807D0D /* ViewController.xib */,
				D2BAB0B917EC8EE600807D0D /* Images.xcassets */,
				D2BAB0A817EC8EE600807D0D /* Supporting Files */,
			);
			path = CountlyTestApp;
			sourceTree = "<group>";
		};
		D2BAB0A817EC8EE600807D0D /* Supporting Files */ = {
			isa = PBXGroup;
			children = (
				D2BAB0A917EC8EE600807D0D /* CountlyTestApp-Info.plist */,
				D2BAB0AA17EC8EE600807D0D /* InfoPlist.strings */,
				D2BAB0AD17EC8EE600807D0D /* main.m */,
				D2BAB0AF17EC8EE600807D0D /* CountlyTestApp-Prefix.pch */,
			);
			name = "Supporting Files";
			sourceTree = "<group>";
		};
		D2D3FBA218639382000C0367 /* countly-sdk-ios */ = {
			isa = PBXGroup;
			children = (
				D2D3FBA318639382000C0367 /* .gitattributes */,
				D2D3FBA418639382000C0367 /* Countly.h */,
				D2D3FBA518639382000C0367 /* Countly.m */,
				D2D3FBA618639382000C0367 /* Countly.xcdatamodeld */,
				D2D3FBA818639382000C0367 /* Countly_OpenUDID.h */,
				D2D3FBA918639382000C0367 /* Countly_OpenUDID.m */,
				D2D3FBAA18639382000C0367 /* CountlyDB.h */,
				D2D3FBAB18639382000C0367 /* CountlyDB.m */,
				D2D3FBAC18639382000C0367 /* LICENSE */,
				D2D3FBAD18639382000C0367 /* README.md */,
			);
			path = "countly-sdk-ios";
			sourceTree = "<group>";
		};
/* End PBXGroup section */

/* Begin PBXNativeTarget section */
		D2BAB09D17EC8EE600807D0D /* CountlyTestApp */ = {
			isa = PBXNativeTarget;
			buildConfigurationList = D2BAB0D017EC8EE600807D0D /* Build configuration list for PBXNativeTarget "CountlyTestApp" */;
			buildPhases = (
				D2BAB09A17EC8EE600807D0D /* Sources */,
				D2BAB09B17EC8EE600807D0D /* Frameworks */,
				D2BAB09C17EC8EE600807D0D /* Resources */,
			);
			buildRules = (
			);
			dependencies = (
			);
			name = CountlyTestApp;
			productName = CountlyTestApp;
			productReference = D2BAB09E17EC8EE600807D0D /* CountlyTestApp.app */;
			productType = "com.apple.product-type.application";
		};
/* End PBXNativeTarget section */

/* Begin PBXProject section */
		D2BAB09617EC8EE600807D0D /* Project object */ = {
			isa = PBXProject;
			attributes = {
				CLASSPREFIX = CC;
				LastUpgradeCheck = 0500;
				ORGANIZATIONNAME = InnovationBox;
			};
			buildConfigurationList = D2BAB09917EC8EE600807D0D /* Build configuration list for PBXProject "CountlyTestApp" */;
			compatibilityVersion = "Xcode 3.2";
			developmentRegion = English;
			hasScannedForEncodings = 0;
			knownRegions = (
				en,
				Base,
			);
			mainGroup = D2BAB09517EC8EE600807D0D;
			productRefGroup = D2BAB09F17EC8EE600807D0D /* Products */;
			projectDirPath = "";
			projectRoot = "";
			targets = (
				D2BAB09D17EC8EE600807D0D /* CountlyTestApp */,
			);
		};
/* End PBXProject section */

/* Begin PBXResourcesBuildPhase section */
		D2BAB09C17EC8EE600807D0D /* Resources */ = {
			isa = PBXResourcesBuildPhase;
			buildActionMask = 2147483647;
			files = (
				D2D3FBB418639382000C0367 /* README.md in Resources */,
				D2BAB0BA17EC8EE600807D0D /* Images.xcassets in Resources */,
				D2BAB0D717EC8FF400807D0D /* ViewController.xib in Resources */,
				D2BAB0AC17EC8EE600807D0D /* InfoPlist.strings in Resources */,
				D2D3FBAE18639382000C0367 /* .gitattributes in Resources */,
				D2D3FBB318639382000C0367 /* LICENSE in Resources */,
			);
			runOnlyForDeploymentPostprocessing = 0;
		};
/* End PBXResourcesBuildPhase section */

/* Begin PBXSourcesBuildPhase section */
		D2BAB09A17EC8EE600807D0D /* Sources */ = {
			isa = PBXSourcesBuildPhase;
			buildActionMask = 2147483647;
			files = (
				D2D3FBB218639382000C0367 /* CountlyDB.m in Sources */,
				D2D3FBB118639382000C0367 /* Countly_OpenUDID.m in Sources */,
				D2BAB0B217EC8EE600807D0D /* AppDelegate.m in Sources */,
				D2BAB0AE17EC8EE600807D0D /* main.m in Sources */,
				D2D3FBB018639382000C0367 /* Countly.xcdatamodeld in Sources */,
				D2D3FBAF18639382000C0367 /* Countly.m in Sources */,
				D2BAB0B817EC8EE600807D0D /* ViewController.m in Sources */,
			);
			runOnlyForDeploymentPostprocessing = 0;
		};
/* End PBXSourcesBuildPhase section */

/* Begin PBXVariantGroup section */
		D2BAB0AA17EC8EE600807D0D /* InfoPlist.strings */ = {
			isa = PBXVariantGroup;
			children = (
				D2BAB0AB17EC8EE600807D0D /* en */,
			);
			name = InfoPlist.strings;
			sourceTree = "<group>";
		};
/* End PBXVariantGroup section */

/* Begin XCBuildConfiguration section */
		D2BAB0CE17EC8EE600807D0D /* Debug */ = {
			isa = XCBuildConfiguration;
			buildSettings = {
				ALWAYS_SEARCH_USER_PATHS = NO;
				ARCHS = "$(ARCHS_STANDARD_INCLUDING_64_BIT)";
				CLANG_CXX_LANGUAGE_STANDARD = "gnu++0x";
				CLANG_CXX_LIBRARY = "libc++";
				CLANG_ENABLE_MODULES = YES;
				CLANG_ENABLE_OBJC_ARC = YES;
				CLANG_WARN_BOOL_CONVERSION = YES;
				CLANG_WARN_CONSTANT_CONVERSION = YES;
				CLANG_WARN_DIRECT_OBJC_ISA_USAGE = YES_ERROR;
				CLANG_WARN_EMPTY_BODY = YES;
				CLANG_WARN_ENUM_CONVERSION = YES;
				CLANG_WARN_INT_CONVERSION = YES;
				CLANG_WARN_OBJC_ROOT_CLASS = YES_ERROR;
				CLANG_WARN__DUPLICATE_METHOD_MATCH = YES;
				"CODE_SIGN_IDENTITY[sdk=iphoneos*]" = "iPhone Developer";
				COPY_PHASE_STRIP = NO;
				GCC_C_LANGUAGE_STANDARD = gnu99;
				GCC_DYNAMIC_NO_PIC = NO;
				GCC_OPTIMIZATION_LEVEL = 0;
				GCC_PREPROCESSOR_DEFINITIONS = (
					"DEBUG=1",
					"$(inherited)",
				);
				GCC_SYMBOLS_PRIVATE_EXTERN = NO;
				GCC_WARN_64_TO_32_BIT_CONVERSION = YES;
				GCC_WARN_ABOUT_RETURN_TYPE = YES_ERROR;
				GCC_WARN_UNDECLARED_SELECTOR = YES;
				GCC_WARN_UNINITIALIZED_AUTOS = YES;
				GCC_WARN_UNUSED_FUNCTION = YES;
				GCC_WARN_UNUSED_VARIABLE = YES;
				IPHONEOS_DEPLOYMENT_TARGET = 6.1;
				ONLY_ACTIVE_ARCH = YES;
				SDKROOT = iphoneos;
			};
			name = Debug;
		};
		D2BAB0CF17EC8EE600807D0D /* Release */ = {
			isa = XCBuildConfiguration;
			buildSettings = {
				ALWAYS_SEARCH_USER_PATHS = NO;
				ARCHS = "$(ARCHS_STANDARD_INCLUDING_64_BIT)";
				CLANG_CXX_LANGUAGE_STANDARD = "gnu++0x";
				CLANG_CXX_LIBRARY = "libc++";
				CLANG_ENABLE_MODULES = YES;
				CLANG_ENABLE_OBJC_ARC = YES;
				CLANG_WARN_BOOL_CONVERSION = YES;
				CLANG_WARN_CONSTANT_CONVERSION = YES;
				CLANG_WARN_DIRECT_OBJC_ISA_USAGE = YES_ERROR;
				CLANG_WARN_EMPTY_BODY = YES;
				CLANG_WARN_ENUM_CONVERSION = YES;
				CLANG_WARN_INT_CONVERSION = YES;
				CLANG_WARN_OBJC_ROOT_CLASS = YES_ERROR;
				CLANG_WARN__DUPLICATE_METHOD_MATCH = YES;
				"CODE_SIGN_IDENTITY[sdk=iphoneos*]" = "iPhone Developer";
				COPY_PHASE_STRIP = YES;
				ENABLE_NS_ASSERTIONS = NO;
				GCC_C_LANGUAGE_STANDARD = gnu99;
				GCC_WARN_64_TO_32_BIT_CONVERSION = YES;
				GCC_WARN_ABOUT_RETURN_TYPE = YES_ERROR;
				GCC_WARN_UNDECLARED_SELECTOR = YES;
				GCC_WARN_UNINITIALIZED_AUTOS = YES;
				GCC_WARN_UNUSED_FUNCTION = YES;
				GCC_WARN_UNUSED_VARIABLE = YES;
				IPHONEOS_DEPLOYMENT_TARGET = 6.1;
				SDKROOT = iphoneos;
				VALIDATE_PRODUCT = YES;
			};
			name = Release;
		};
		D2BAB0D117EC8EE600807D0D /* Debug */ = {
			isa = XCBuildConfiguration;
			buildSettings = {
				ASSETCATALOG_COMPILER_APPICON_NAME = AppIcon;
				ASSETCATALOG_COMPILER_LAUNCHIMAGE_NAME = LaunchImage;
				CODE_SIGN_IDENTITY = "iPhone Developer";
				GCC_PRECOMPILE_PREFIX_HEADER = YES;
				GCC_PREFIX_HEADER = "CountlyTestApp/CountlyTestApp-Prefix.pch";
				INFOPLIST_FILE = "CountlyTestApp/CountlyTestApp-Info.plist";
				PRODUCT_NAME = CountlyTestApp;
				WRAPPER_EXTENSION = app;
			};
			name = Debug;
		};
		D2BAB0D217EC8EE600807D0D /* Release */ = {
			isa = XCBuildConfiguration;
			buildSettings = {
				ASSETCATALOG_COMPILER_APPICON_NAME = AppIcon;
				ASSETCATALOG_COMPILER_LAUNCHIMAGE_NAME = LaunchImage;
				CODE_SIGN_IDENTITY = "iPhone Developer";
				GCC_PRECOMPILE_PREFIX_HEADER = YES;
				GCC_PREFIX_HEADER = "CountlyTestApp/CountlyTestApp-Prefix.pch";
				INFOPLIST_FILE = "CountlyTestApp/CountlyTestApp-Info.plist";
				PRODUCT_NAME = CountlyTestApp;
				WRAPPER_EXTENSION = app;
			};
			name = Release;
		};
/* End XCBuildConfiguration section */

/* Begin XCConfigurationList section */
		D2BAB09917EC8EE600807D0D /* Build configuration list for PBXProject "CountlyTestApp" */ = {
			isa = XCConfigurationList;
			buildConfigurations = (
				D2BAB0CE17EC8EE600807D0D /* Debug */,
				D2BAB0CF17EC8EE600807D0D /* Release */,
			);
			defaultConfigurationIsVisible = 0;
			defaultConfigurationName = Release;
		};
		D2BAB0D017EC8EE600807D0D /* Build configuration list for PBXNativeTarget "CountlyTestApp" */ = {
			isa = XCConfigurationList;
			buildConfigurations = (
				D2BAB0D117EC8EE600807D0D /* Debug */,
				D2BAB0D217EC8EE600807D0D /* Release */,
			);
			defaultConfigurationIsVisible = 0;
			defaultConfigurationName = Release;
		};
/* End XCConfigurationList section */

/* Begin XCVersionGroup section */
		D2D3FBA618639382000C0367 /* Countly.xcdatamodeld */ = {
			isa = XCVersionGroup;
			children = (
				D2D3FBA718639382000C0367 /* Countly.xcdatamodel */,
			);
			currentVersion = D2D3FBA718639382000C0367 /* Countly.xcdatamodel */;
			path = Countly.xcdatamodeld;
			sourceTree = "<group>";
			versionGroupType = wrapper.xcdatamodel;
		};
/* End XCVersionGroup section */
	};
	rootObject = D2BAB09617EC8EE600807D0D /* Project object */;
}
