// !$*UTF8*$!
{
	archiveVersion = 1;
	classes = {
	};
	objectVersion = 48;
	objects = {

/* Begin PBXBuildFile section */
		D2314A001EB151CF0026F0DD /* NotificationService.m in Sources */ = {isa = PBXBuildFile; fileRef = D23149FF1EB151CF0026F0DD /* NotificationService.m */; };
		D2314A041EB151CF0026F0DD /* CountlyNSE.appex in Embed App Extensions */ = {isa = PBXBuildFile; fileRef = D23149FC1EB151CF0026F0DD /* CountlyNSE.appex */; settings = {ATTRIBUTES = (RemoveHeadersOnCopy, ); }; };
		D2314A0B1EB1528B0026F0DD /* CountlyNotificationService.m in Sources */ = {isa = PBXBuildFile; fileRef = D2314A0A1EB1528B0026F0DD /* CountlyNotificationService.m */; };
		D2314A0D1EB154690026F0DD /* CountlyNotificationService.m in Sources */ = {isa = PBXBuildFile; fileRef = D2314A0A1EB1528B0026F0DD /* CountlyNotificationService.m */; };
		D2340D081E33B726003C3841 /* Countly.storyboard in Resources */ = {isa = PBXBuildFile; fileRef = D2340CF91E33B726003C3841 /* Countly.storyboard */; };
		D2340D091E33B726003C3841 /* EventCreatorViewController.m in Sources */ = {isa = PBXBuildFile; fileRef = D2340CFC1E33B726003C3841 /* EventCreatorViewController.m */; };
		D2340D131E33BA09003C3841 /* TestModalViewController.m in Sources */ = {isa = PBXBuildFile; fileRef = D2340D111E33BA09003C3841 /* TestModalViewController.m */; };
		D2340D191E33BE15003C3841 /* TestPushPopViewController.m in Sources */ = {isa = PBXBuildFile; fileRef = D2340D171E33BE15003C3841 /* TestPushPopViewController.m */; };
		D2340D1D1E33C55B003C3841 /* MainViewController.m in Sources */ = {isa = PBXBuildFile; fileRef = D2340D1B1E33C55B003C3841 /* MainViewController.m */; };
		D2340D211E33D89E003C3841 /* UserDetailsEditorViewController.m in Sources */ = {isa = PBXBuildFile; fileRef = D2340D201E33D89E003C3841 /* UserDetailsEditorViewController.m */; };
		D2340D251E33D8F6003C3841 /* UserDetailsCustomModifiersViewController.m in Sources */ = {isa = PBXBuildFile; fileRef = D2340D241E33D8F6003C3841 /* UserDetailsCustomModifiersViewController.m */; };
		D23EF08F2010DE0600524549 /* LICENSE.md in Resources */ = {isa = PBXBuildFile; fileRef = D23EF08E2010DE0600524549 /* LICENSE.md */; };
		D252ECCF1F7200CE00481A79 /* LaunchScreen.storyboard in Resources */ = {isa = PBXBuildFile; fileRef = D252ECCC1F7200CE00481A79 /* LaunchScreen.storyboard */; };
		D252ECD01F7200CE00481A79 /* main.m in Sources */ = {isa = PBXBuildFile; fileRef = D252ECCD1F7200CE00481A79 /* main.m */; };
		D252ECD61F72014E00481A79 /* count.ly.cer in Resources */ = {isa = PBXBuildFile; fileRef = D252ECD21F72014E00481A79 /* count.ly.cer */; };
		D252ECD71F72014E00481A79 /* SamplePicture.gif in Resources */ = {isa = PBXBuildFile; fileRef = D252ECD31F72014E00481A79 /* SamplePicture.gif */; };
		D252ECD81F72014E00481A79 /* SamplePicture.jpg in Resources */ = {isa = PBXBuildFile; fileRef = D252ECD41F72014E00481A79 /* SamplePicture.jpg */; };
		D252ECD91F72014E00481A79 /* SamplePicture.png in Resources */ = {isa = PBXBuildFile; fileRef = D252ECD51F72014E00481A79 /* SamplePicture.png */; };
		D252ECDB1F72016300481A79 /* Images.xcassets in Resources */ = {isa = PBXBuildFile; fileRef = D252ECDA1F72016300481A79 /* Images.xcassets */; };
		D252ECE11F72026100481A79 /* AppDelegate.m in Sources */ = {isa = PBXBuildFile; fileRef = D252ECDC1F72026100481A79 /* AppDelegate.m */; };
		D252ECE21F72026100481A79 /* EYLogViewer.m in Sources */ = {isa = PBXBuildFile; fileRef = D252ECE01F72026100481A79 /* EYLogViewer.m */; };
		D252ECE61F7203C200481A79 /* EYCrashTesting.m in Sources */ = {isa = PBXBuildFile; fileRef = D252ECE51F7203C200481A79 /* EYCrashTesting.m */; };
		D273859F1D963842008D201F /* CountlyPushNotifications.m in Sources */ = {isa = PBXBuildFile; fileRef = D273859E1D963842008D201F /* CountlyPushNotifications.m */; };
		D2A61163207FB93700D1DA7F /* CountlyLocationManager.m in Sources */ = {isa = PBXBuildFile; fileRef = D2A61162207FB93700D1DA7F /* CountlyLocationManager.m */; };
		D2B12AD021E62180001FBBBF /* CountlyRemoteConfig.m in Sources */ = {isa = PBXBuildFile; fileRef = D2B12ACF21E62180001FBBBF /* CountlyRemoteConfig.m */; };
		D2E4148A2062AA3C0088900F /* CountlyConsentManager.m in Sources */ = {isa = PBXBuildFile; fileRef = D2E414892062AA3C0088900F /* CountlyConsentManager.m */; };
		D2EB406A1C58BFAA00EAA633 /* Countly.m in Sources */ = {isa = PBXBuildFile; fileRef = D2EB404F1C58BFAA00EAA633 /* Countly.m */; };
		D2EB406C1C58BFAA00EAA633 /* Countly_OpenUDID.m in Sources */ = {isa = PBXBuildFile; fileRef = D2EB40521C58BFAA00EAA633 /* Countly_OpenUDID.m */; };
		D2EB406D1C58BFAA00EAA633 /* CountlyAPM.m in Sources */ = {isa = PBXBuildFile; fileRef = D2EB40541C58BFAA00EAA633 /* CountlyAPM.m */; };
		D2EB406E1C58BFAA00EAA633 /* CountlyAPMNetworkLog.m in Sources */ = {isa = PBXBuildFile; fileRef = D2EB40561C58BFAA00EAA633 /* CountlyAPMNetworkLog.m */; };
		D2EB406F1C58BFAA00EAA633 /* CountlyCommon.m in Sources */ = {isa = PBXBuildFile; fileRef = D2EB40581C58BFAA00EAA633 /* CountlyCommon.m */; };
		D2EB40701C58BFAA00EAA633 /* CountlyConfig.m in Sources */ = {isa = PBXBuildFile; fileRef = D2EB405A1C58BFAA00EAA633 /* CountlyConfig.m */; };
		D2EB40711C58BFAA00EAA633 /* CountlyConnectionManager.m in Sources */ = {isa = PBXBuildFile; fileRef = D2EB405C1C58BFAA00EAA633 /* CountlyConnectionManager.m */; };
		D2EB40721C58BFAA00EAA633 /* CountlyCrashReporter.m in Sources */ = {isa = PBXBuildFile; fileRef = D2EB405E1C58BFAA00EAA633 /* CountlyCrashReporter.m */; };
		D2EB40731C58BFAA00EAA633 /* CountlyDeviceInfo.m in Sources */ = {isa = PBXBuildFile; fileRef = D2EB40601C58BFAA00EAA633 /* CountlyDeviceInfo.m */; };
		D2EB40741C58BFAA00EAA633 /* CountlyEvent.m in Sources */ = {isa = PBXBuildFile; fileRef = D2EB40621C58BFAA00EAA633 /* CountlyEvent.m */; };
		D2EB40751C58BFAA00EAA633 /* CountlyPersistency.m in Sources */ = {isa = PBXBuildFile; fileRef = D2EB40641C58BFAA00EAA633 /* CountlyPersistency.m */; };
		D2EB40761C58BFAA00EAA633 /* CountlyUserDetails.m in Sources */ = {isa = PBXBuildFile; fileRef = D2EB40661C58BFAA00EAA633 /* CountlyUserDetails.m */; };
		D2EDCF571D2BFFBD00F75DDC /* CountlyStarRating.m in Sources */ = {isa = PBXBuildFile; fileRef = D2EDCF561D2BFFBD00F75DDC /* CountlyStarRating.m */; };
		D2FB68FC1C69D5F200079DF6 /* CountlyViewTracking.m in Sources */ = {isa = PBXBuildFile; fileRef = D2FB68FB1C69D5F200079DF6 /* CountlyViewTracking.m */; };
/* End PBXBuildFile section */

/* Begin PBXContainerItemProxy section */
		D2314A021EB151CF0026F0DD /* PBXContainerItemProxy */ = {
			isa = PBXContainerItemProxy;
			containerPortal = D2BAB09617EC8EE600807D0D /* Project object */;
			proxyType = 1;
			remoteGlobalIDString = D23149FB1EB151CF0026F0DD;
			remoteInfo = CountlyNSE;
		};
/* End PBXContainerItemProxy section */

/* Begin PBXCopyFilesBuildPhase section */
		D2314A081EB151CF0026F0DD /* Embed App Extensions */ = {
			isa = PBXCopyFilesBuildPhase;
			buildActionMask = 2147483647;
			dstPath = "";
			dstSubfolderSpec = 13;
			files = (
				D2314A041EB151CF0026F0DD /* CountlyNSE.appex in Embed App Extensions */,
			);
			name = "Embed App Extensions";
			runOnlyForDeploymentPostprocessing = 0;
		};
/* End PBXCopyFilesBuildPhase section */

/* Begin PBXFileReference section */
		D203EA7A1FDED8CF00A03F32 /* CHANGELOG.md */ = {isa = PBXFileReference; fileEncoding = 4; lastKnownFileType = net.daringfireball.markdown; path = CHANGELOG.md; sourceTree = "<group>"; };
		D23149FC1EB151CF0026F0DD /* CountlyNSE.appex */ = {isa = PBXFileReference; explicitFileType = "wrapper.app-extension"; includeInIndex = 0; path = CountlyNSE.appex; sourceTree = BUILT_PRODUCTS_DIR; };
		D23149FE1EB151CF0026F0DD /* NotificationService.h */ = {isa = PBXFileReference; lastKnownFileType = sourcecode.c.h; path = NotificationService.h; sourceTree = "<group>"; };
		D23149FF1EB151CF0026F0DD /* NotificationService.m */ = {isa = PBXFileReference; lastKnownFileType = sourcecode.c.objc; path = NotificationService.m; sourceTree = "<group>"; };
		D2314A011EB151CF0026F0DD /* Info.plist */ = {isa = PBXFileReference; lastKnownFileType = text.plist.xml; path = Info.plist; sourceTree = "<group>"; };
		D2314A091EB1528B0026F0DD /* CountlyNotificationService.h */ = {isa = PBXFileReference; fileEncoding = 4; lastKnownFileType = sourcecode.c.h; path = CountlyNotificationService.h; sourceTree = "<group>"; };
		D2314A0A1EB1528B0026F0DD /* CountlyNotificationService.m */ = {isa = PBXFileReference; fileEncoding = 4; lastKnownFileType = sourcecode.c.objc; path = CountlyNotificationService.m; sourceTree = "<group>"; };
		D2340CF91E33B726003C3841 /* Countly.storyboard */ = {isa = PBXFileReference; fileEncoding = 4; lastKnownFileType = file.storyboard; path = Countly.storyboard; sourceTree = "<group>"; };
		D2340CFB1E33B726003C3841 /* EventCreatorViewController.h */ = {isa = PBXFileReference; fileEncoding = 4; lastKnownFileType = sourcecode.c.h; path = EventCreatorViewController.h; sourceTree = "<group>"; };
		D2340CFC1E33B726003C3841 /* EventCreatorViewController.m */ = {isa = PBXFileReference; fileEncoding = 4; lastKnownFileType = sourcecode.c.objc; path = EventCreatorViewController.m; sourceTree = "<group>"; };
		D2340D101E33BA09003C3841 /* TestModalViewController.h */ = {isa = PBXFileReference; fileEncoding = 4; lastKnownFileType = sourcecode.c.h; path = TestModalViewController.h; sourceTree = "<group>"; };
		D2340D111E33BA09003C3841 /* TestModalViewController.m */ = {isa = PBXFileReference; fileEncoding = 4; lastKnownFileType = sourcecode.c.objc; path = TestModalViewController.m; sourceTree = "<group>"; };
		D2340D161E33BE15003C3841 /* TestPushPopViewController.h */ = {isa = PBXFileReference; fileEncoding = 4; lastKnownFileType = sourcecode.c.h; path = TestPushPopViewController.h; sourceTree = "<group>"; };
		D2340D171E33BE15003C3841 /* TestPushPopViewController.m */ = {isa = PBXFileReference; fileEncoding = 4; lastKnownFileType = sourcecode.c.objc; path = TestPushPopViewController.m; sourceTree = "<group>"; };
		D2340D1B1E33C55B003C3841 /* MainViewController.m */ = {isa = PBXFileReference; fileEncoding = 4; lastKnownFileType = sourcecode.c.objc; path = MainViewController.m; sourceTree = "<group>"; };
		D2340D1C1E33C55B003C3841 /* MainViewController.h */ = {isa = PBXFileReference; fileEncoding = 4; lastKnownFileType = sourcecode.c.h; path = MainViewController.h; sourceTree = "<group>"; };
		D2340D1F1E33D89E003C3841 /* UserDetailsEditorViewController.h */ = {isa = PBXFileReference; fileEncoding = 4; lastKnownFileType = sourcecode.c.h; path = UserDetailsEditorViewController.h; sourceTree = "<group>"; };
		D2340D201E33D89E003C3841 /* UserDetailsEditorViewController.m */ = {isa = PBXFileReference; fileEncoding = 4; lastKnownFileType = sourcecode.c.objc; path = UserDetailsEditorViewController.m; sourceTree = "<group>"; };
		D2340D231E33D8F6003C3841 /* UserDetailsCustomModifiersViewController.h */ = {isa = PBXFileReference; fileEncoding = 4; lastKnownFileType = sourcecode.c.h; path = UserDetailsCustomModifiersViewController.h; sourceTree = "<group>"; };
		D2340D241E33D8F6003C3841 /* UserDetailsCustomModifiersViewController.m */ = {isa = PBXFileReference; fileEncoding = 4; lastKnownFileType = sourcecode.c.objc; path = UserDetailsCustomModifiersViewController.m; sourceTree = "<group>"; };
		D23EF08E2010DE0600524549 /* LICENSE.md */ = {isa = PBXFileReference; fileEncoding = 4; lastKnownFileType = net.daringfireball.markdown; path = LICENSE.md; sourceTree = "<group>"; };
		D252ECC91F7200CE00481A79 /* CountlyTestApp-iOS-Info.plist */ = {isa = PBXFileReference; fileEncoding = 4; lastKnownFileType = text.plist.xml; path = "CountlyTestApp-iOS-Info.plist"; sourceTree = "<group>"; };
		D252ECCB1F7200CE00481A79 /* CountlyTestApp-iOS.entitlements */ = {isa = PBXFileReference; fileEncoding = 4; lastKnownFileType = text.plist.entitlements; path = "CountlyTestApp-iOS.entitlements"; sourceTree = "<group>"; };
		D252ECCC1F7200CE00481A79 /* LaunchScreen.storyboard */ = {isa = PBXFileReference; fileEncoding = 4; lastKnownFileType = file.storyboard; path = LaunchScreen.storyboard; sourceTree = "<group>"; };
		D252ECCD1F7200CE00481A79 /* main.m */ = {isa = PBXFileReference; fileEncoding = 4; lastKnownFileType = sourcecode.c.objc; path = main.m; sourceTree = "<group>"; };
		D252ECD21F72014E00481A79 /* count.ly.cer */ = {isa = PBXFileReference; lastKnownFileType = file; path = count.ly.cer; sourceTree = "<group>"; };
		D252ECD31F72014E00481A79 /* SamplePicture.gif */ = {isa = PBXFileReference; lastKnownFileType = image.gif; path = SamplePicture.gif; sourceTree = "<group>"; };
		D252ECD41F72014E00481A79 /* SamplePicture.jpg */ = {isa = PBXFileReference; lastKnownFileType = image.jpeg; path = SamplePicture.jpg; sourceTree = "<group>"; };
		D252ECD51F72014E00481A79 /* SamplePicture.png */ = {isa = PBXFileReference; lastKnownFileType = image.png; path = SamplePicture.png; sourceTree = "<group>"; };
		D252ECDA1F72016300481A79 /* Images.xcassets */ = {isa = PBXFileReference; lastKnownFileType = folder.assetcatalog; path = Images.xcassets; sourceTree = "<group>"; };
		D252ECDC1F72026100481A79 /* AppDelegate.m */ = {isa = PBXFileReference; fileEncoding = 4; lastKnownFileType = sourcecode.c.objc; path = AppDelegate.m; sourceTree = "<group>"; };
		D252ECDF1F72026100481A79 /* EYLogViewer.h */ = {isa = PBXFileReference; fileEncoding = 4; lastKnownFileType = sourcecode.c.h; path = EYLogViewer.h; sourceTree = "<group>"; };
		D252ECE01F72026100481A79 /* EYLogViewer.m */ = {isa = PBXFileReference; fileEncoding = 4; lastKnownFileType = sourcecode.c.objc; path = EYLogViewer.m; sourceTree = "<group>"; };
		D252ECE41F7203C200481A79 /* EYCrashTesting.h */ = {isa = PBXFileReference; fileEncoding = 4; lastKnownFileType = sourcecode.c.h; path = EYCrashTesting.h; sourceTree = "<group>"; };
		D252ECE51F7203C200481A79 /* EYCrashTesting.m */ = {isa = PBXFileReference; fileEncoding = 4; lastKnownFileType = sourcecode.c.objc; path = EYCrashTesting.m; sourceTree = "<group>"; };
		D257384F1F629FFB0063FA89 /* countly_dsym_uploader.sh */ = {isa = PBXFileReference; fileEncoding = 4; lastKnownFileType = text.script.sh; path = countly_dsym_uploader.sh; sourceTree = "<group>"; };
		D273859D1D963842008D201F /* CountlyPushNotifications.h */ = {isa = PBXFileReference; fileEncoding = 4; lastKnownFileType = sourcecode.c.h; path = CountlyPushNotifications.h; sourceTree = "<group>"; };
		D273859E1D963842008D201F /* CountlyPushNotifications.m */ = {isa = PBXFileReference; fileEncoding = 4; lastKnownFileType = sourcecode.c.objc; path = CountlyPushNotifications.m; sourceTree = "<group>"; };
		D2A61161207FB93600D1DA7F /* CountlyLocationManager.h */ = {isa = PBXFileReference; fileEncoding = 4; lastKnownFileType = sourcecode.c.h; path = CountlyLocationManager.h; sourceTree = "<group>"; };
		D2A61162207FB93700D1DA7F /* CountlyLocationManager.m */ = {isa = PBXFileReference; fileEncoding = 4; lastKnownFileType = sourcecode.c.objc; path = CountlyLocationManager.m; sourceTree = "<group>"; };
		D2B12ACE21E62180001FBBBF /* CountlyRemoteConfig.h */ = {isa = PBXFileReference; lastKnownFileType = sourcecode.c.h; path = CountlyRemoteConfig.h; sourceTree = "<group>"; };
		D2B12ACF21E62180001FBBBF /* CountlyRemoteConfig.m */ = {isa = PBXFileReference; lastKnownFileType = sourcecode.c.objc; path = CountlyRemoteConfig.m; sourceTree = "<group>"; };
		D2BAB09E17EC8EE600807D0D /* CountlyTestApp-iOS.app */ = {isa = PBXFileReference; explicitFileType = wrapper.application; includeInIndex = 0; path = "CountlyTestApp-iOS.app"; sourceTree = BUILT_PRODUCTS_DIR; };
		D2BAB0B017EC8EE600807D0D /* AppDelegate.h */ = {isa = PBXFileReference; lastKnownFileType = sourcecode.c.h; path = AppDelegate.h; sourceTree = "<group>"; };
		D2E414882062AA3C0088900F /* CountlyConsentManager.h */ = {isa = PBXFileReference; fileEncoding = 4; lastKnownFileType = sourcecode.c.h; path = CountlyConsentManager.h; sourceTree = "<group>"; };
		D2E414892062AA3C0088900F /* CountlyConsentManager.m */ = {isa = PBXFileReference; fileEncoding = 4; lastKnownFileType = sourcecode.c.objc; path = CountlyConsentManager.m; sourceTree = "<group>"; };
		D2EB404E1C58BFAA00EAA633 /* Countly.h */ = {isa = PBXFileReference; fileEncoding = 4; lastKnownFileType = sourcecode.c.h; path = Countly.h; sourceTree = "<group>"; };
		D2EB404F1C58BFAA00EAA633 /* Countly.m */ = {isa = PBXFileReference; fileEncoding = 4; lastKnownFileType = sourcecode.c.objc; path = Countly.m; sourceTree = "<group>"; };
		D2EB40501C58BFAA00EAA633 /* Countly.podspec */ = {isa = PBXFileReference; fileEncoding = 4; lastKnownFileType = text; path = Countly.podspec; sourceTree = "<group>"; };
		D2EB40511C58BFAA00EAA633 /* Countly_OpenUDID.h */ = {isa = PBXFileReference; fileEncoding = 4; lastKnownFileType = sourcecode.c.h; path = Countly_OpenUDID.h; sourceTree = "<group>"; };
		D2EB40521C58BFAA00EAA633 /* Countly_OpenUDID.m */ = {isa = PBXFileReference; fileEncoding = 4; lastKnownFileType = sourcecode.c.objc; path = Countly_OpenUDID.m; sourceTree = "<group>"; };
		D2EB40531C58BFAA00EAA633 /* CountlyAPM.h */ = {isa = PBXFileReference; fileEncoding = 4; lastKnownFileType = sourcecode.c.h; path = CountlyAPM.h; sourceTree = "<group>"; };
		D2EB40541C58BFAA00EAA633 /* CountlyAPM.m */ = {isa = PBXFileReference; fileEncoding = 4; lastKnownFileType = sourcecode.c.objc; path = CountlyAPM.m; sourceTree = "<group>"; };
		D2EB40551C58BFAA00EAA633 /* CountlyAPMNetworkLog.h */ = {isa = PBXFileReference; fileEncoding = 4; lastKnownFileType = sourcecode.c.h; path = CountlyAPMNetworkLog.h; sourceTree = "<group>"; };
		D2EB40561C58BFAA00EAA633 /* CountlyAPMNetworkLog.m */ = {isa = PBXFileReference; fileEncoding = 4; lastKnownFileType = sourcecode.c.objc; path = CountlyAPMNetworkLog.m; sourceTree = "<group>"; };
		D2EB40571C58BFAA00EAA633 /* CountlyCommon.h */ = {isa = PBXFileReference; fileEncoding = 4; lastKnownFileType = sourcecode.c.h; path = CountlyCommon.h; sourceTree = "<group>"; };
		D2EB40581C58BFAA00EAA633 /* CountlyCommon.m */ = {isa = PBXFileReference; fileEncoding = 4; lastKnownFileType = sourcecode.c.objc; path = CountlyCommon.m; sourceTree = "<group>"; };
		D2EB40591C58BFAA00EAA633 /* CountlyConfig.h */ = {isa = PBXFileReference; fileEncoding = 4; lastKnownFileType = sourcecode.c.h; path = CountlyConfig.h; sourceTree = "<group>"; };
		D2EB405A1C58BFAA00EAA633 /* CountlyConfig.m */ = {isa = PBXFileReference; fileEncoding = 4; lastKnownFileType = sourcecode.c.objc; path = CountlyConfig.m; sourceTree = "<group>"; };
		D2EB405B1C58BFAA00EAA633 /* CountlyConnectionManager.h */ = {isa = PBXFileReference; fileEncoding = 4; lastKnownFileType = sourcecode.c.h; path = CountlyConnectionManager.h; sourceTree = "<group>"; };
		D2EB405C1C58BFAA00EAA633 /* CountlyConnectionManager.m */ = {isa = PBXFileReference; fileEncoding = 4; lastKnownFileType = sourcecode.c.objc; path = CountlyConnectionManager.m; sourceTree = "<group>"; };
		D2EB405D1C58BFAA00EAA633 /* CountlyCrashReporter.h */ = {isa = PBXFileReference; fileEncoding = 4; lastKnownFileType = sourcecode.c.h; path = CountlyCrashReporter.h; sourceTree = "<group>"; };
		D2EB405E1C58BFAA00EAA633 /* CountlyCrashReporter.m */ = {isa = PBXFileReference; fileEncoding = 4; lastKnownFileType = sourcecode.c.objc; path = CountlyCrashReporter.m; sourceTree = "<group>"; };
		D2EB405F1C58BFAA00EAA633 /* CountlyDeviceInfo.h */ = {isa = PBXFileReference; fileEncoding = 4; lastKnownFileType = sourcecode.c.h; path = CountlyDeviceInfo.h; sourceTree = "<group>"; };
		D2EB40601C58BFAA00EAA633 /* CountlyDeviceInfo.m */ = {isa = PBXFileReference; fileEncoding = 4; lastKnownFileType = sourcecode.c.objc; path = CountlyDeviceInfo.m; sourceTree = "<group>"; };
		D2EB40611C58BFAA00EAA633 /* CountlyEvent.h */ = {isa = PBXFileReference; fileEncoding = 4; lastKnownFileType = sourcecode.c.h; path = CountlyEvent.h; sourceTree = "<group>"; };
		D2EB40621C58BFAA00EAA633 /* CountlyEvent.m */ = {isa = PBXFileReference; fileEncoding = 4; lastKnownFileType = sourcecode.c.objc; path = CountlyEvent.m; sourceTree = "<group>"; };
		D2EB40631C58BFAA00EAA633 /* CountlyPersistency.h */ = {isa = PBXFileReference; fileEncoding = 4; lastKnownFileType = sourcecode.c.h; path = CountlyPersistency.h; sourceTree = "<group>"; };
		D2EB40641C58BFAA00EAA633 /* CountlyPersistency.m */ = {isa = PBXFileReference; fileEncoding = 4; lastKnownFileType = sourcecode.c.objc; path = CountlyPersistency.m; sourceTree = "<group>"; };
		D2EB40651C58BFAA00EAA633 /* CountlyUserDetails.h */ = {isa = PBXFileReference; fileEncoding = 4; lastKnownFileType = sourcecode.c.h; path = CountlyUserDetails.h; sourceTree = "<group>"; };
		D2EB40661C58BFAA00EAA633 /* CountlyUserDetails.m */ = {isa = PBXFileReference; fileEncoding = 4; lastKnownFileType = sourcecode.c.objc; path = CountlyUserDetails.m; sourceTree = "<group>"; };
		D2EB40681C58BFAA00EAA633 /* README.md */ = {isa = PBXFileReference; fileEncoding = 4; lastKnownFileType = net.daringfireball.markdown; path = README.md; sourceTree = "<group>"; };
		D2EDCF551D2BFFBD00F75DDC /* CountlyStarRating.h */ = {isa = PBXFileReference; fileEncoding = 4; lastKnownFileType = sourcecode.c.h; path = CountlyStarRating.h; sourceTree = "<group>"; };
		D2EDCF561D2BFFBD00F75DDC /* CountlyStarRating.m */ = {isa = PBXFileReference; fileEncoding = 4; lastKnownFileType = sourcecode.c.objc; path = CountlyStarRating.m; sourceTree = "<group>"; };
		D2FB68FA1C69D5F200079DF6 /* CountlyViewTracking.h */ = {isa = PBXFileReference; fileEncoding = 4; lastKnownFileType = sourcecode.c.h; path = CountlyViewTracking.h; sourceTree = "<group>"; };
		D2FB68FB1C69D5F200079DF6 /* CountlyViewTracking.m */ = {isa = PBXFileReference; fileEncoding = 4; lastKnownFileType = sourcecode.c.objc; path = CountlyViewTracking.m; sourceTree = "<group>"; };
/* End PBXFileReference section */

/* Begin PBXFrameworksBuildPhase section */
		D23149F91EB151CF0026F0DD /* Frameworks */ = {
			isa = PBXFrameworksBuildPhase;
			buildActionMask = 2147483647;
			files = (
			);
			runOnlyForDeploymentPostprocessing = 0;
		};
		D2BAB09B17EC8EE600807D0D /* Frameworks */ = {
			isa = PBXFrameworksBuildPhase;
			buildActionMask = 2147483647;
			files = (
			);
			runOnlyForDeploymentPostprocessing = 0;
		};
/* End PBXFrameworksBuildPhase section */

/* Begin PBXGroup section */
		D23149FD1EB151CF0026F0DD /* CountlyNSE */ = {
			isa = PBXGroup;
			children = (
				D23149FE1EB151CF0026F0DD /* NotificationService.h */,
				D23149FF1EB151CF0026F0DD /* NotificationService.m */,
				D2314A011EB151CF0026F0DD /* Info.plist */,
			);
			path = CountlyNSE;
			sourceTree = "<group>";
		};
		D2340CF81E33B726003C3841 /* ViewControllers */ = {
			isa = PBXGroup;
			children = (
				D2340CF91E33B726003C3841 /* Countly.storyboard */,
				D2340D1C1E33C55B003C3841 /* MainViewController.h */,
				D2340D1B1E33C55B003C3841 /* MainViewController.m */,
				D2340D0F1E33BA09003C3841 /* TestModalViewController */,
				D2340D151E33BE15003C3841 /* TestPushPopViewController */,
				D2340CFA1E33B726003C3841 /* EventCreatorViewController */,
				D2340D1E1E33D89E003C3841 /* UserDetailsEditorViewController */,
				D2340D221E33D8F6003C3841 /* UserDetailsCustomModifiersViewController */,
			);
			path = ViewControllers;
			sourceTree = "<group>";
		};
		D2340CFA1E33B726003C3841 /* EventCreatorViewController */ = {
			isa = PBXGroup;
			children = (
				D2340CFB1E33B726003C3841 /* EventCreatorViewController.h */,
				D2340CFC1E33B726003C3841 /* EventCreatorViewController.m */,
			);
			path = EventCreatorViewController;
			sourceTree = "<group>";
		};
		D2340D0F1E33BA09003C3841 /* TestModalViewController */ = {
			isa = PBXGroup;
			children = (
				D2340D101E33BA09003C3841 /* TestModalViewController.h */,
				D2340D111E33BA09003C3841 /* TestModalViewController.m */,
			);
			path = TestModalViewController;
			sourceTree = "<group>";
		};
		D2340D151E33BE15003C3841 /* TestPushPopViewController */ = {
			isa = PBXGroup;
			children = (
				D2340D161E33BE15003C3841 /* TestPushPopViewController.h */,
				D2340D171E33BE15003C3841 /* TestPushPopViewController.m */,
			);
			path = TestPushPopViewController;
			sourceTree = "<group>";
		};
		D2340D1E1E33D89E003C3841 /* UserDetailsEditorViewController */ = {
			isa = PBXGroup;
			children = (
				D2340D1F1E33D89E003C3841 /* UserDetailsEditorViewController.h */,
				D2340D201E33D89E003C3841 /* UserDetailsEditorViewController.m */,
			);
			path = UserDetailsEditorViewController;
			sourceTree = "<group>";
		};
		D2340D221E33D8F6003C3841 /* UserDetailsCustomModifiersViewController */ = {
			isa = PBXGroup;
			children = (
				D2340D231E33D8F6003C3841 /* UserDetailsCustomModifiersViewController.h */,
				D2340D241E33D8F6003C3841 /* UserDetailsCustomModifiersViewController.m */,
			);
			path = UserDetailsCustomModifiersViewController;
			sourceTree = "<group>";
		};
		D252ECC81F7200CE00481A79 /* SupportingFiles */ = {
			isa = PBXGroup;
			children = (
				D252ECC91F7200CE00481A79 /* CountlyTestApp-iOS-Info.plist */,
				D252ECCB1F7200CE00481A79 /* CountlyTestApp-iOS.entitlements */,
				D252ECCC1F7200CE00481A79 /* LaunchScreen.storyboard */,
				D252ECCD1F7200CE00481A79 /* main.m */,
			);
			path = SupportingFiles;
			sourceTree = "<group>";
		};
		D252ECD11F72014E00481A79 /* Resources */ = {
			isa = PBXGroup;
			children = (
				D252ECDA1F72016300481A79 /* Images.xcassets */,
				D252ECD21F72014E00481A79 /* count.ly.cer */,
				D252ECD31F72014E00481A79 /* SamplePicture.gif */,
				D252ECD41F72014E00481A79 /* SamplePicture.jpg */,
				D252ECD51F72014E00481A79 /* SamplePicture.png */,
			);
			path = Resources;
			sourceTree = "<group>";
		};
		D252ECDD1F72026100481A79 /* External */ = {
			isa = PBXGroup;
			children = (
				D252ECE31F7203C200481A79 /* EYCrashTesting */,
				D252ECDE1F72026100481A79 /* EYLogViewer */,
			);
			path = External;
			sourceTree = "<group>";
		};
		D252ECDE1F72026100481A79 /* EYLogViewer */ = {
			isa = PBXGroup;
			children = (
				D252ECDF1F72026100481A79 /* EYLogViewer.h */,
				D252ECE01F72026100481A79 /* EYLogViewer.m */,
			);
			path = EYLogViewer;
			sourceTree = "<group>";
		};
		D252ECE31F7203C200481A79 /* EYCrashTesting */ = {
			isa = PBXGroup;
			children = (
				D252ECE41F7203C200481A79 /* EYCrashTesting.h */,
				D252ECE51F7203C200481A79 /* EYCrashTesting.m */,
			);
			path = EYCrashTesting;
			sourceTree = "<group>";
		};
		D2BAB09517EC8EE600807D0D = {
			isa = PBXGroup;
			children = (
				D2BAB0A717EC8EE600807D0D /* CountlyTestApp-iOS */,
				D2EB404C1C58BFAA00EAA633 /* countly-sdk-ios */,
				D23149FD1EB151CF0026F0DD /* CountlyNSE */,
				D2BAB09F17EC8EE600807D0D /* Products */,
			);
			sourceTree = "<group>";
		};
		D2BAB09F17EC8EE600807D0D /* Products */ = {
			isa = PBXGroup;
			children = (
				D2BAB09E17EC8EE600807D0D /* CountlyTestApp-iOS.app */,
				D23149FC1EB151CF0026F0DD /* CountlyNSE.appex */,
			);
			name = Products;
			sourceTree = "<group>";
		};
		D2BAB0A717EC8EE600807D0D /* CountlyTestApp-iOS */ = {
			isa = PBXGroup;
			children = (
				D2BAB0B017EC8EE600807D0D /* AppDelegate.h */,
				D252ECDC1F72026100481A79 /* AppDelegate.m */,
				D2340CF81E33B726003C3841 /* ViewControllers */,
				D252ECDD1F72026100481A79 /* External */,
				D252ECD11F72014E00481A79 /* Resources */,
				D252ECC81F7200CE00481A79 /* SupportingFiles */,
			);
			path = "CountlyTestApp-iOS";
			sourceTree = "<group>";
		};
		D2EB404C1C58BFAA00EAA633 /* countly-sdk-ios */ = {
			isa = PBXGroup;
			children = (
				D2EB404E1C58BFAA00EAA633 /* Countly.h */,
				D2EB404F1C58BFAA00EAA633 /* Countly.m */,
				D2EB40511C58BFAA00EAA633 /* Countly_OpenUDID.h */,
				D2EB40521C58BFAA00EAA633 /* Countly_OpenUDID.m */,
				D2EB40531C58BFAA00EAA633 /* CountlyAPM.h */,
				D2EB40541C58BFAA00EAA633 /* CountlyAPM.m */,
				D2EB40551C58BFAA00EAA633 /* CountlyAPMNetworkLog.h */,
				D2EB40561C58BFAA00EAA633 /* CountlyAPMNetworkLog.m */,
				D2EB40571C58BFAA00EAA633 /* CountlyCommon.h */,
				D2EB40581C58BFAA00EAA633 /* CountlyCommon.m */,
				D2EB40591C58BFAA00EAA633 /* CountlyConfig.h */,
				D2EB405A1C58BFAA00EAA633 /* CountlyConfig.m */,
				D2EB405B1C58BFAA00EAA633 /* CountlyConnectionManager.h */,
				D2EB405C1C58BFAA00EAA633 /* CountlyConnectionManager.m */,
				D2E414882062AA3C0088900F /* CountlyConsentManager.h */,
				D2E414892062AA3C0088900F /* CountlyConsentManager.m */,
				D2EB405D1C58BFAA00EAA633 /* CountlyCrashReporter.h */,
				D2EB405E1C58BFAA00EAA633 /* CountlyCrashReporter.m */,
				D2EB405F1C58BFAA00EAA633 /* CountlyDeviceInfo.h */,
				D2EB40601C58BFAA00EAA633 /* CountlyDeviceInfo.m */,
				D2EB40611C58BFAA00EAA633 /* CountlyEvent.h */,
				D2EB40621C58BFAA00EAA633 /* CountlyEvent.m */,
				D2A61161207FB93600D1DA7F /* CountlyLocationManager.h */,
				D2A61162207FB93700D1DA7F /* CountlyLocationManager.m */,
				D2314A091EB1528B0026F0DD /* CountlyNotificationService.h */,
				D2314A0A1EB1528B0026F0DD /* CountlyNotificationService.m */,
				D2EB40631C58BFAA00EAA633 /* CountlyPersistency.h */,
				D2EB40641C58BFAA00EAA633 /* CountlyPersistency.m */,
				D273859D1D963842008D201F /* CountlyPushNotifications.h */,
				D273859E1D963842008D201F /* CountlyPushNotifications.m */,
				D2B12ACE21E62180001FBBBF /* CountlyRemoteConfig.h */,
				D2B12ACF21E62180001FBBBF /* CountlyRemoteConfig.m */,
				D2EDCF551D2BFFBD00F75DDC /* CountlyStarRating.h */,
				D2EDCF561D2BFFBD00F75DDC /* CountlyStarRating.m */,
				D2EB40651C58BFAA00EAA633 /* CountlyUserDetails.h */,
				D2EB40661C58BFAA00EAA633 /* CountlyUserDetails.m */,
				D2FB68FA1C69D5F200079DF6 /* CountlyViewTracking.h */,
				D2FB68FB1C69D5F200079DF6 /* CountlyViewTracking.m */,
				D257384F1F629FFB0063FA89 /* countly_dsym_uploader.sh */,
				D2EB40501C58BFAA00EAA633 /* Countly.podspec */,
				D2EB40681C58BFAA00EAA633 /* README.md */,
				D23EF08E2010DE0600524549 /* LICENSE.md */,
				D203EA7A1FDED8CF00A03F32 /* CHANGELOG.md */,
			);
			name = "countly-sdk-ios";
			path = "../countly-sdk-ios";
			sourceTree = "<group>";
		};
/* End PBXGroup section */

/* Begin PBXNativeTarget section */
		D23149FB1EB151CF0026F0DD /* CountlyNSE */ = {
			isa = PBXNativeTarget;
			buildConfigurationList = D2314A071EB151CF0026F0DD /* Build configuration list for PBXNativeTarget "CountlyNSE" */;
			buildPhases = (
				D23149F81EB151CF0026F0DD /* Sources */,
				D23149F91EB151CF0026F0DD /* Frameworks */,
				D23149FA1EB151CF0026F0DD /* Resources */,
			);
			buildRules = (
			);
			dependencies = (
			);
			name = CountlyNSE;
			productName = CountlyNSE;
			productReference = D23149FC1EB151CF0026F0DD /* CountlyNSE.appex */;
			productType = "com.apple.product-type.app-extension";
		};
		D2BAB09D17EC8EE600807D0D /* CountlyTestApp-iOS */ = {
			isa = PBXNativeTarget;
			buildConfigurationList = D2BAB0D017EC8EE600807D0D /* Build configuration list for PBXNativeTarget "CountlyTestApp-iOS" */;
			buildPhases = (
				D2BAB09A17EC8EE600807D0D /* Sources */,
				D2BAB09B17EC8EE600807D0D /* Frameworks */,
				D2BAB09C17EC8EE600807D0D /* Resources */,
				D2314A081EB151CF0026F0DD /* Embed App Extensions */,
			);
			buildRules = (
			);
			dependencies = (
				D2314A031EB151CF0026F0DD /* PBXTargetDependency */,
			);
			name = "CountlyTestApp-iOS";
			productName = "CountlyTestApp-iOS";
			productReference = D2BAB09E17EC8EE600807D0D /* CountlyTestApp-iOS.app */;
			productType = "com.apple.product-type.application";
		};
/* End PBXNativeTarget section */

/* Begin PBXProject section */
		D2BAB09617EC8EE600807D0D /* Project object */ = {
			isa = PBXProject;
			attributes = {
				CLASSPREFIX = Countly;
				LastUpgradeCheck = 1020;
				ORGANIZATIONNAME = Countly;
				TargetAttributes = {
					D23149FB1EB151CF0026F0DD = {
						CreatedOnToolsVersion = 8.3.2;
						DevelopmentTeam = 3S32KFMHB8;
						ProvisioningStyle = Automatic;
					};
					D2BAB09D17EC8EE600807D0D = {
						DevelopmentTeam = 3S32KFMHB8;
						ProvisioningStyle = Automatic;
						SystemCapabilities = {
							com.apple.BackgroundModes = {
								enabled = 1;
							};
							com.apple.Push = {
								enabled = 1;
							};
						};
					};
				};
			};
			buildConfigurationList = D2BAB09917EC8EE600807D0D /* Build configuration list for PBXProject "CountlyTestApp-iOS" */;
			compatibilityVersion = "Xcode 8.0";
			developmentRegion = en;
			hasScannedForEncodings = 0;
			knownRegions = (
				en,
				Base,
			);
			mainGroup = D2BAB09517EC8EE600807D0D;
			productRefGroup = D2BAB09F17EC8EE600807D0D /* Products */;
			projectDirPath = "";
			projectRoot = "";
			targets = (
				D2BAB09D17EC8EE600807D0D /* CountlyTestApp-iOS */,
				D23149FB1EB151CF0026F0DD /* CountlyNSE */,
			);
		};
/* End PBXProject section */

/* Begin PBXResourcesBuildPhase section */
		D23149FA1EB151CF0026F0DD /* Resources */ = {
			isa = PBXResourcesBuildPhase;
			buildActionMask = 2147483647;
			files = (
			);
			runOnlyForDeploymentPostprocessing = 0;
		};
		D2BAB09C17EC8EE600807D0D /* Resources */ = {
			isa = PBXResourcesBuildPhase;
			buildActionMask = 2147483647;
			files = (
				D252ECCF1F7200CE00481A79 /* LaunchScreen.storyboard in Resources */,
				D252ECDB1F72016300481A79 /* Images.xcassets in Resources */,
				D252ECD91F72014E00481A79 /* SamplePicture.png in Resources */,
				D252ECD61F72014E00481A79 /* count.ly.cer in Resources */,
				D23EF08F2010DE0600524549 /* LICENSE.md in Resources */,
				D252ECD81F72014E00481A79 /* SamplePicture.jpg in Resources */,
				D2340D081E33B726003C3841 /* Countly.storyboard in Resources */,
				D252ECD71F72014E00481A79 /* SamplePicture.gif in Resources */,
			);
			runOnlyForDeploymentPostprocessing = 0;
		};
/* End PBXResourcesBuildPhase section */

/* Begin PBXSourcesBuildPhase section */
		D23149F81EB151CF0026F0DD /* Sources */ = {
			isa = PBXSourcesBuildPhase;
			buildActionMask = 2147483647;
			files = (
				D2314A0D1EB154690026F0DD /* CountlyNotificationService.m in Sources */,
				D2314A001EB151CF0026F0DD /* NotificationService.m in Sources */,
			);
			runOnlyForDeploymentPostprocessing = 0;
		};
		D2BAB09A17EC8EE600807D0D /* Sources */ = {
			isa = PBXSourcesBuildPhase;
			buildActionMask = 2147483647;
			files = (
				D273859F1D963842008D201F /* CountlyPushNotifications.m in Sources */,
				D2340D191E33BE15003C3841 /* TestPushPopViewController.m in Sources */,
				D252ECE61F7203C200481A79 /* EYCrashTesting.m in Sources */,
				D2340D211E33D89E003C3841 /* UserDetailsEditorViewController.m in Sources */,
				D2EB40731C58BFAA00EAA633 /* CountlyDeviceInfo.m in Sources */,
				D2A61163207FB93700D1DA7F /* CountlyLocationManager.m in Sources */,
				D2EB40751C58BFAA00EAA633 /* CountlyPersistency.m in Sources */,
				D2340D131E33BA09003C3841 /* TestModalViewController.m in Sources */,
				D2E4148A2062AA3C0088900F /* CountlyConsentManager.m in Sources */,
				D2EB406F1C58BFAA00EAA633 /* CountlyCommon.m in Sources */,
				D2EB40761C58BFAA00EAA633 /* CountlyUserDetails.m in Sources */,
				D2EB40701C58BFAA00EAA633 /* CountlyConfig.m in Sources */,
				D252ECE21F72026100481A79 /* EYLogViewer.m in Sources */,
				D2314A0B1EB1528B0026F0DD /* CountlyNotificationService.m in Sources */,
				D2340D1D1E33C55B003C3841 /* MainViewController.m in Sources */,
				D2EB406C1C58BFAA00EAA633 /* Countly_OpenUDID.m in Sources */,
				D2B12AD021E62180001FBBBF /* CountlyRemoteConfig.m in Sources */,
				D2EB406D1C58BFAA00EAA633 /* CountlyAPM.m in Sources */,
				D2EB406A1C58BFAA00EAA633 /* Countly.m in Sources */,
				D252ECD01F7200CE00481A79 /* main.m in Sources */,
				D2340D091E33B726003C3841 /* EventCreatorViewController.m in Sources */,
				D2EB406E1C58BFAA00EAA633 /* CountlyAPMNetworkLog.m in Sources */,
				D2EB40741C58BFAA00EAA633 /* CountlyEvent.m in Sources */,
				D2FB68FC1C69D5F200079DF6 /* CountlyViewTracking.m in Sources */,
				D2EB40711C58BFAA00EAA633 /* CountlyConnectionManager.m in Sources */,
				D252ECE11F72026100481A79 /* AppDelegate.m in Sources */,
				D2EB40721C58BFAA00EAA633 /* CountlyCrashReporter.m in Sources */,
				D2340D251E33D8F6003C3841 /* UserDetailsCustomModifiersViewController.m in Sources */,
				D2EDCF571D2BFFBD00F75DDC /* CountlyStarRating.m in Sources */,
			);
			runOnlyForDeploymentPostprocessing = 0;
		};
/* End PBXSourcesBuildPhase section */

/* Begin PBXTargetDependency section */
		D2314A031EB151CF0026F0DD /* PBXTargetDependency */ = {
			isa = PBXTargetDependency;
			target = D23149FB1EB151CF0026F0DD /* CountlyNSE */;
			targetProxy = D2314A021EB151CF0026F0DD /* PBXContainerItemProxy */;
		};
/* End PBXTargetDependency section */

/* Begin XCBuildConfiguration section */
		D2314A051EB151CF0026F0DD /* Debug */ = {
			isa = XCBuildConfiguration;
			buildSettings = {
				CLANG_ANALYZER_NONNULL = YES;
				CLANG_ANALYZER_NUMBER_OBJECT_CONVERSION = YES_AGGRESSIVE;
				CLANG_WARN_DOCUMENTATION_COMMENTS = YES;
				CODE_SIGN_IDENTITY = "";
				"CODE_SIGN_IDENTITY[sdk=iphoneos*]" = "iPhone Developer";
				CODE_SIGN_STYLE = Automatic;
				DEBUG_INFORMATION_FORMAT = dwarf;
				DEVELOPMENT_TEAM = "";
				GCC_WARN_UNINITIALIZED_AUTOS = YES_AGGRESSIVE;
				INFOPLIST_FILE = CountlyNSE/Info.plist;
				IPHONEOS_DEPLOYMENT_TARGET = 10.0;
				LD_RUNPATH_SEARCH_PATHS = "$(inherited) @executable_path/Frameworks @executable_path/../../Frameworks";
				MTL_ENABLE_DEBUG_INFO = YES;
				PRODUCT_BUNDLE_IDENTIFIER = "ly.count.CountlyTestApp-iOS.CountlyNSE";
				PRODUCT_NAME = "$(TARGET_NAME)";
				PROVISIONING_PROFILE = "";
				PROVISIONING_PROFILE_SPECIFIER = "";
				SKIP_INSTALL = YES;
			};
			name = Debug;
		};
		D2314A061EB151CF0026F0DD /* Release */ = {
			isa = XCBuildConfiguration;
			buildSettings = {
				CLANG_ANALYZER_NONNULL = YES;
				CLANG_ANALYZER_NUMBER_OBJECT_CONVERSION = YES_AGGRESSIVE;
				CLANG_WARN_DOCUMENTATION_COMMENTS = YES;
				CODE_SIGN_IDENTITY = "";
				"CODE_SIGN_IDENTITY[sdk=iphoneos*]" = "iPhone Developer";
				CODE_SIGN_STYLE = Automatic;
				COPY_PHASE_STRIP = NO;
				DEBUG_INFORMATION_FORMAT = "dwarf-with-dsym";
				DEVELOPMENT_TEAM = "";
				GCC_WARN_UNINITIALIZED_AUTOS = YES_AGGRESSIVE;
				INFOPLIST_FILE = CountlyNSE/Info.plist;
				IPHONEOS_DEPLOYMENT_TARGET = 10.0;
				LD_RUNPATH_SEARCH_PATHS = "$(inherited) @executable_path/Frameworks @executable_path/../../Frameworks";
				MTL_ENABLE_DEBUG_INFO = NO;
				PRODUCT_BUNDLE_IDENTIFIER = "ly.count.CountlyTestApp-iOS.CountlyNSE";
				PRODUCT_NAME = "$(TARGET_NAME)";
				PROVISIONING_PROFILE = "";
				PROVISIONING_PROFILE_SPECIFIER = "";
				SKIP_INSTALL = YES;
			};
			name = Release;
		};
		D2BAB0CE17EC8EE600807D0D /* Debug */ = {
			isa = XCBuildConfiguration;
			buildSettings = {
				ALWAYS_SEARCH_USER_PATHS = NO;
				CLANG_ANALYZER_LOCALIZABILITY_NONLOCALIZED = YES;
				CLANG_CXX_LANGUAGE_STANDARD = "gnu++0x";
				CLANG_CXX_LIBRARY = "libc++";
				CLANG_ENABLE_MODULES = YES;
				CLANG_ENABLE_OBJC_ARC = YES;
				CLANG_WARN_BLOCK_CAPTURE_AUTORELEASING = YES;
				CLANG_WARN_BOOL_CONVERSION = YES;
				CLANG_WARN_COMMA = YES;
				CLANG_WARN_CONSTANT_CONVERSION = YES;
				CLANG_WARN_DEPRECATED_OBJC_IMPLEMENTATIONS = YES;
				CLANG_WARN_DIRECT_OBJC_ISA_USAGE = YES_ERROR;
				CLANG_WARN_EMPTY_BODY = YES;
				CLANG_WARN_ENUM_CONVERSION = YES;
				CLANG_WARN_INFINITE_RECURSION = YES;
				CLANG_WARN_INT_CONVERSION = YES;
				CLANG_WARN_NON_LITERAL_NULL_CONVERSION = YES;
				CLANG_WARN_OBJC_IMPLICIT_RETAIN_SELF = YES;
				CLANG_WARN_OBJC_LITERAL_CONVERSION = YES;
				CLANG_WARN_OBJC_ROOT_CLASS = YES_ERROR;
				CLANG_WARN_RANGE_LOOP_ANALYSIS = YES;
				CLANG_WARN_STRICT_PROTOTYPES = YES;
				CLANG_WARN_SUSPICIOUS_MOVE = YES;
				CLANG_WARN_UNREACHABLE_CODE = YES;
				CLANG_WARN__DUPLICATE_METHOD_MATCH = YES;
				CODE_SIGN_IDENTITY = "iPhone Developer";
				"CODE_SIGN_IDENTITY[sdk=iphoneos*]" = "iPhone Developer";
				COPY_PHASE_STRIP = NO;
				ENABLE_STRICT_OBJC_MSGSEND = YES;
				ENABLE_TESTABILITY = YES;
				GCC_C_LANGUAGE_STANDARD = gnu99;
				GCC_DYNAMIC_NO_PIC = NO;
				GCC_NO_COMMON_BLOCKS = YES;
				GCC_OPTIMIZATION_LEVEL = 0;
				GCC_PREPROCESSOR_DEFINITIONS = (
					"DEBUG=1",
					"$(inherited)",
				);
				GCC_SYMBOLS_PRIVATE_EXTERN = NO;
				GCC_WARN_64_TO_32_BIT_CONVERSION = YES;
				GCC_WARN_ABOUT_MISSING_NEWLINE = YES;
				GCC_WARN_ABOUT_MISSING_PROTOTYPES = NO;
				GCC_WARN_ABOUT_RETURN_TYPE = YES_ERROR;
				GCC_WARN_UNDECLARED_SELECTOR = YES;
				GCC_WARN_UNINITIALIZED_AUTOS = YES;
				GCC_WARN_UNUSED_FUNCTION = YES;
				GCC_WARN_UNUSED_LABEL = YES;
				GCC_WARN_UNUSED_PARAMETER = NO;
				GCC_WARN_UNUSED_VARIABLE = YES;
				IPHONEOS_DEPLOYMENT_TARGET = 8.0;
				ONLY_ACTIVE_ARCH = YES;
				PROVISIONING_PROFILE = "";
				SDKROOT = iphoneos;
			};
			name = Debug;
		};
		D2BAB0CF17EC8EE600807D0D /* Release */ = {
			isa = XCBuildConfiguration;
			buildSettings = {
				ALWAYS_SEARCH_USER_PATHS = NO;
				CLANG_ANALYZER_LOCALIZABILITY_NONLOCALIZED = YES;
				CLANG_CXX_LANGUAGE_STANDARD = "gnu++0x";
				CLANG_CXX_LIBRARY = "libc++";
				CLANG_ENABLE_MODULES = YES;
				CLANG_ENABLE_OBJC_ARC = YES;
				CLANG_WARN_BLOCK_CAPTURE_AUTORELEASING = YES;
				CLANG_WARN_BOOL_CONVERSION = YES;
				CLANG_WARN_COMMA = YES;
				CLANG_WARN_CONSTANT_CONVERSION = YES;
				CLANG_WARN_DEPRECATED_OBJC_IMPLEMENTATIONS = YES;
				CLANG_WARN_DIRECT_OBJC_ISA_USAGE = YES_ERROR;
				CLANG_WARN_EMPTY_BODY = YES;
				CLANG_WARN_ENUM_CONVERSION = YES;
				CLANG_WARN_INFINITE_RECURSION = YES;
				CLANG_WARN_INT_CONVERSION = YES;
				CLANG_WARN_NON_LITERAL_NULL_CONVERSION = YES;
				CLANG_WARN_OBJC_IMPLICIT_RETAIN_SELF = YES;
				CLANG_WARN_OBJC_LITERAL_CONVERSION = YES;
				CLANG_WARN_OBJC_ROOT_CLASS = YES_ERROR;
				CLANG_WARN_RANGE_LOOP_ANALYSIS = YES;
				CLANG_WARN_STRICT_PROTOTYPES = YES;
				CLANG_WARN_SUSPICIOUS_MOVE = YES;
				CLANG_WARN_UNREACHABLE_CODE = YES;
				CLANG_WARN__DUPLICATE_METHOD_MATCH = YES;
				CODE_SIGN_IDENTITY = "iPhone Distribution";
				"CODE_SIGN_IDENTITY[sdk=iphoneos*]" = "iPhone Distribution";
				COPY_PHASE_STRIP = YES;
				ENABLE_NS_ASSERTIONS = NO;
				ENABLE_STRICT_OBJC_MSGSEND = YES;
				GCC_C_LANGUAGE_STANDARD = gnu99;
				GCC_NO_COMMON_BLOCKS = YES;
				GCC_WARN_64_TO_32_BIT_CONVERSION = YES;
				GCC_WARN_ABOUT_MISSING_NEWLINE = YES;
				GCC_WARN_ABOUT_MISSING_PROTOTYPES = NO;
				GCC_WARN_ABOUT_RETURN_TYPE = YES_ERROR;
				GCC_WARN_UNDECLARED_SELECTOR = YES;
				GCC_WARN_UNINITIALIZED_AUTOS = YES;
				GCC_WARN_UNUSED_FUNCTION = YES;
				GCC_WARN_UNUSED_LABEL = YES;
				GCC_WARN_UNUSED_PARAMETER = NO;
				GCC_WARN_UNUSED_VARIABLE = YES;
				IPHONEOS_DEPLOYMENT_TARGET = 8.0;
				PROVISIONING_PROFILE = "";
				SDKROOT = iphoneos;
				VALIDATE_PRODUCT = YES;
			};
			name = Release;
		};
		D2BAB0D117EC8EE600807D0D /* Debug */ = {
			isa = XCBuildConfiguration;
			buildSettings = {
				ASSETCATALOG_COMPILER_APPICON_NAME = AppIcon;
				CLANG_WARN_ASSIGN_ENUM = YES;
				CLANG_WARN_OBJC_IMPLICIT_RETAIN_SELF = YES;
				CLANG_WARN_UNGUARDED_AVAILABILITY = YES_AGGRESSIVE;
				CODE_SIGN_ENTITLEMENTS = "CountlyTestApp-iOS/SupportingFiles/CountlyTestApp-iOS.entitlements";
				CODE_SIGN_IDENTITY = "";
				"CODE_SIGN_IDENTITY[sdk=iphoneos*]" = "iPhone Developer";
				CODE_SIGN_STYLE = Automatic;
				DEBUG_INFORMATION_FORMAT = dwarf;
				DEVELOPMENT_TEAM = "";
				GCC_PRECOMPILE_PREFIX_HEADER = YES;
				GCC_PREFIX_HEADER = "";
				GCC_PREPROCESSOR_DEFINITIONS = (
					"DEBUG=1",
					"$(inherited)",
				);
				GCC_WARN_SHADOW = YES;
				GCC_WARN_UNKNOWN_PRAGMAS = YES;
				INFOPLIST_FILE = "CountlyTestApp-iOS/SupportingFiles/CountlyTestApp-iOS-Info.plist";
				IPHONEOS_DEPLOYMENT_TARGET = 8.0;
				PRODUCT_BUNDLE_IDENTIFIER = "ly.count.${PRODUCT_NAME:rfc1034identifier}";
				PRODUCT_NAME = "CountlyTestApp-iOS";
				PROVISIONING_PROFILE = "";
				PROVISIONING_PROFILE_SPECIFIER = "";
				WRAPPER_EXTENSION = app;
			};
			name = Debug;
		};
		D2BAB0D217EC8EE600807D0D /* Release */ = {
			isa = XCBuildConfiguration;
			buildSettings = {
				ASSETCATALOG_COMPILER_APPICON_NAME = AppIcon;
				CLANG_WARN_ASSIGN_ENUM = YES;
				CLANG_WARN_OBJC_IMPLICIT_RETAIN_SELF = YES;
				CLANG_WARN_UNGUARDED_AVAILABILITY = YES_AGGRESSIVE;
				CODE_SIGN_ENTITLEMENTS = "CountlyTestApp-iOS/SupportingFiles/CountlyTestApp-iOS.entitlements";
				CODE_SIGN_IDENTITY = "";
				"CODE_SIGN_IDENTITY[sdk=iphoneos*]" = "iPhone Developer";
				CODE_SIGN_STYLE = Automatic;
				DEVELOPMENT_TEAM = "";
				GCC_PRECOMPILE_PREFIX_HEADER = YES;
				GCC_PREFIX_HEADER = "";
				GCC_PREPROCESSOR_DEFINITIONS = "";
				GCC_WARN_SHADOW = YES;
				GCC_WARN_UNKNOWN_PRAGMAS = YES;
				INFOPLIST_FILE = "CountlyTestApp-iOS/SupportingFiles/CountlyTestApp-iOS-Info.plist";
				IPHONEOS_DEPLOYMENT_TARGET = 8.0;
				PRODUCT_BUNDLE_IDENTIFIER = "ly.count.${PRODUCT_NAME:rfc1034identifier}";
				PRODUCT_NAME = "CountlyTestApp-iOS";
				PROVISIONING_PROFILE = "";
				PROVISIONING_PROFILE_SPECIFIER = "";
				WRAPPER_EXTENSION = app;
			};
			name = Release;
		};
/* End XCBuildConfiguration section */

/* Begin XCConfigurationList section */
		D2314A071EB151CF0026F0DD /* Build configuration list for PBXNativeTarget "CountlyNSE" */ = {
			isa = XCConfigurationList;
			buildConfigurations = (
				D2314A051EB151CF0026F0DD /* Debug */,
				D2314A061EB151CF0026F0DD /* Release */,
			);
			defaultConfigurationIsVisible = 0;
			defaultConfigurationName = Release;
		};
		D2BAB09917EC8EE600807D0D /* Build configuration list for PBXProject "CountlyTestApp-iOS" */ = {
			isa = XCConfigurationList;
			buildConfigurations = (
				D2BAB0CE17EC8EE600807D0D /* Debug */,
				D2BAB0CF17EC8EE600807D0D /* Release */,
			);
			defaultConfigurationIsVisible = 0;
			defaultConfigurationName = Release;
		};
		D2BAB0D017EC8EE600807D0D /* Build configuration list for PBXNativeTarget "CountlyTestApp-iOS" */ = {
			isa = XCConfigurationList;
			buildConfigurations = (
				D2BAB0D117EC8EE600807D0D /* Debug */,
				D2BAB0D217EC8EE600807D0D /* Release */,
			);
			defaultConfigurationIsVisible = 0;
			defaultConfigurationName = Release;
		};
/* End XCConfigurationList section */
	};
	rootObject = D2BAB09617EC8EE600807D0D /* Project object */;
}
