// !$*UTF8*$!
{
	archiveVersion = 1;
	classes = {
	};
	objectVersion = 46;
	objects = {

/* Begin PBXBuildFile section */
		D20008732083ADAA003DB5DA /* CountlyLocationManager.m in Sources */ = {isa = PBXBuildFile; fileRef = D20008722083ADAA003DB5DA /* CountlyLocationManager.m */; };
		D209A7C61F6B9B5300B19B9B /* countly_dsym_uploader.sh in Resources */ = {isa = PBXBuildFile; fileRef = D209A7C51F6B9B5300B19B9B /* countly_dsym_uploader.sh */; };
		D24105C2220DB2340000A79C /* CountlyRemoteConfig.m in Sources */ = {isa = PBXBuildFile; fileRef = D24105C1220DB2330000A79C /* CountlyRemoteConfig.m */; };
		D252E3851DE074D2006548B0 /* AppDelegate.swift in Sources */ = {isa = PBXBuildFile; fileRef = D252E3841DE074D2006548B0 /* AppDelegate.swift */; };
		D252E3871DE074D2006548B0 /* ViewController.swift in Sources */ = {isa = PBXBuildFile; fileRef = D252E3861DE074D2006548B0 /* ViewController.swift */; };
		D252E38A1DE074D2006548B0 /* Main.storyboard in Resources */ = {isa = PBXBuildFile; fileRef = D252E3881DE074D2006548B0 /* Main.storyboard */; };
		D252E38C1DE074D2006548B0 /* Assets.xcassets in Resources */ = {isa = PBXBuildFile; fileRef = D252E38B1DE074D2006548B0 /* Assets.xcassets */; };
		D252E38F1DE074D2006548B0 /* LaunchScreen.storyboard in Resources */ = {isa = PBXBuildFile; fileRef = D252E38D1DE074D2006548B0 /* LaunchScreen.storyboard */; };
		D252E3BA1DE1F249006548B0 /* Countly.m in Sources */ = {isa = PBXBuildFile; fileRef = D252E3991DE1F249006548B0 /* Countly.m */; };
		D252E3BB1DE1F249006548B0 /* Countly.podspec in Resources */ = {isa = PBXBuildFile; fileRef = D252E39A1DE1F249006548B0 /* Countly.podspec */; };
		D252E3BC1DE1F249006548B0 /* Countly_OpenUDID.m in Sources */ = {isa = PBXBuildFile; fileRef = D252E39C1DE1F249006548B0 /* Countly_OpenUDID.m */; };
		D252E3BD1DE1F249006548B0 /* CountlyAPM.m in Sources */ = {isa = PBXBuildFile; fileRef = D252E39E1DE1F249006548B0 /* CountlyAPM.m */; };
		D252E3BE1DE1F249006548B0 /* CountlyAPMNetworkLog.m in Sources */ = {isa = PBXBuildFile; fileRef = D252E3A01DE1F249006548B0 /* CountlyAPMNetworkLog.m */; };
		D252E3BF1DE1F249006548B0 /* CountlyCommon.m in Sources */ = {isa = PBXBuildFile; fileRef = D252E3A21DE1F249006548B0 /* CountlyCommon.m */; };
		D252E3C01DE1F249006548B0 /* CountlyConfig.m in Sources */ = {isa = PBXBuildFile; fileRef = D252E3A41DE1F249006548B0 /* CountlyConfig.m */; };
		D252E3C11DE1F249006548B0 /* CountlyConnectionManager.m in Sources */ = {isa = PBXBuildFile; fileRef = D252E3A61DE1F249006548B0 /* CountlyConnectionManager.m */; };
		D252E3C21DE1F249006548B0 /* CountlyCrashReporter.m in Sources */ = {isa = PBXBuildFile; fileRef = D252E3A81DE1F249006548B0 /* CountlyCrashReporter.m */; };
		D252E3C31DE1F249006548B0 /* CountlyDeviceInfo.m in Sources */ = {isa = PBXBuildFile; fileRef = D252E3AA1DE1F249006548B0 /* CountlyDeviceInfo.m */; };
		D252E3C41DE1F249006548B0 /* CountlyEvent.m in Sources */ = {isa = PBXBuildFile; fileRef = D252E3AC1DE1F249006548B0 /* CountlyEvent.m */; };
		D252E3C51DE1F249006548B0 /* CountlyPersistency.m in Sources */ = {isa = PBXBuildFile; fileRef = D252E3AE1DE1F249006548B0 /* CountlyPersistency.m */; };
		D252E3C61DE1F249006548B0 /* CountlyPushNotifications.m in Sources */ = {isa = PBXBuildFile; fileRef = D252E3B01DE1F249006548B0 /* CountlyPushNotifications.m */; };
		D252E3C71DE1F249006548B0 /* CountlyStarRating.m in Sources */ = {isa = PBXBuildFile; fileRef = D252E3B21DE1F249006548B0 /* CountlyStarRating.m */; };
		D252E3C81DE1F249006548B0 /* CountlyUserDetails.m in Sources */ = {isa = PBXBuildFile; fileRef = D252E3B41DE1F249006548B0 /* CountlyUserDetails.m */; };
		D252E3C91DE1F249006548B0 /* CountlyViewTracking.m in Sources */ = {isa = PBXBuildFile; fileRef = D252E3B61DE1F249006548B0 /* CountlyViewTracking.m */; };
		D257996F1DE71166006A64CA /* TestViewControllerModal.swift in Sources */ = {isa = PBXBuildFile; fileRef = D257996E1DE71166006A64CA /* TestViewControllerModal.swift */; };
		D2666B951DE9D68C0088E822 /* TestViewControllerPushPop.swift in Sources */ = {isa = PBXBuildFile; fileRef = D2666B941DE9D68C0088E822 /* TestViewControllerPushPop.swift */; };
		D29E5FBA206F2E6F0010F061 /* CountlyConsentManager.m in Sources */ = {isa = PBXBuildFile; fileRef = D29E5FB9206F2E6F0010F061 /* CountlyConsentManager.m */; };
		D2A6CEAF1EB3B52600EC10A5 /* CountlyNotificationService.m in Sources */ = {isa = PBXBuildFile; fileRef = D2A6CEAD1EB3B52600EC10A5 /* CountlyNotificationService.m */; };
		D2C01AC720026E2800BAE8E3 /* CHANGELOG.md in Resources */ = {isa = PBXBuildFile; fileRef = D2C01AC620026E2800BAE8E3 /* CHANGELOG.md */; };
		D2F065002010DF2400A899B8 /* LICENSE.md in Resources */ = {isa = PBXBuildFile; fileRef = D2F064FF2010DF2300A899B8 /* LICENSE.md */; };
/* End PBXBuildFile section */

/* Begin PBXFileReference section */
		D20008712083ADAA003DB5DA /* CountlyLocationManager.h */ = {isa = PBXFileReference; fileEncoding = 4; lastKnownFileType = sourcecode.c.h; path = CountlyLocationManager.h; sourceTree = "<group>"; };
		D20008722083ADAA003DB5DA /* CountlyLocationManager.m */ = {isa = PBXFileReference; fileEncoding = 4; lastKnownFileType = sourcecode.c.objc; path = CountlyLocationManager.m; sourceTree = "<group>"; };
		D209A7C51F6B9B5300B19B9B /* countly_dsym_uploader.sh */ = {isa = PBXFileReference; fileEncoding = 4; lastKnownFileType = text.script.sh; path = countly_dsym_uploader.sh; sourceTree = "<group>"; };
		D24105C0220DB2330000A79C /* CountlyRemoteConfig.h */ = {isa = PBXFileReference; fileEncoding = 4; lastKnownFileType = sourcecode.c.h; path = CountlyRemoteConfig.h; sourceTree = "<group>"; };
		D24105C1220DB2330000A79C /* CountlyRemoteConfig.m */ = {isa = PBXFileReference; fileEncoding = 4; lastKnownFileType = sourcecode.c.objc; path = CountlyRemoteConfig.m; sourceTree = "<group>"; };
		D252E3811DE074D2006548B0 /* CountlyTestApp-iOS-swift.app */ = {isa = PBXFileReference; explicitFileType = wrapper.application; includeInIndex = 0; path = "CountlyTestApp-iOS-swift.app"; sourceTree = BUILT_PRODUCTS_DIR; };
		D252E3841DE074D2006548B0 /* AppDelegate.swift */ = {isa = PBXFileReference; lastKnownFileType = sourcecode.swift; path = AppDelegate.swift; sourceTree = "<group>"; };
		D252E3861DE074D2006548B0 /* ViewController.swift */ = {isa = PBXFileReference; lastKnownFileType = sourcecode.swift; path = ViewController.swift; sourceTree = "<group>"; };
		D252E3891DE074D2006548B0 /* Base */ = {isa = PBXFileReference; lastKnownFileType = file.storyboard; name = Base; path = Base.lproj/Main.storyboard; sourceTree = "<group>"; };
		D252E38B1DE074D2006548B0 /* Assets.xcassets */ = {isa = PBXFileReference; lastKnownFileType = folder.assetcatalog; path = Assets.xcassets; sourceTree = "<group>"; };
		D252E38E1DE074D2006548B0 /* Base */ = {isa = PBXFileReference; lastKnownFileType = file.storyboard; name = Base; path = Base.lproj/LaunchScreen.storyboard; sourceTree = "<group>"; };
		D252E3901DE074D2006548B0 /* Info.plist */ = {isa = PBXFileReference; lastKnownFileType = text.plist.xml; path = Info.plist; sourceTree = "<group>"; };
		D252E3981DE1F249006548B0 /* Countly.h */ = {isa = PBXFileReference; fileEncoding = 4; lastKnownFileType = sourcecode.c.h; path = Countly.h; sourceTree = "<group>"; };
		D252E3991DE1F249006548B0 /* Countly.m */ = {isa = PBXFileReference; fileEncoding = 4; lastKnownFileType = sourcecode.c.objc; path = Countly.m; sourceTree = "<group>"; };
		D252E39A1DE1F249006548B0 /* Countly.podspec */ = {isa = PBXFileReference; fileEncoding = 4; lastKnownFileType = text; path = Countly.podspec; sourceTree = "<group>"; };
		D252E39B1DE1F249006548B0 /* Countly_OpenUDID.h */ = {isa = PBXFileReference; fileEncoding = 4; lastKnownFileType = sourcecode.c.h; path = Countly_OpenUDID.h; sourceTree = "<group>"; };
		D252E39C1DE1F249006548B0 /* Countly_OpenUDID.m */ = {isa = PBXFileReference; fileEncoding = 4; lastKnownFileType = sourcecode.c.objc; path = Countly_OpenUDID.m; sourceTree = "<group>"; };
		D252E39D1DE1F249006548B0 /* CountlyAPM.h */ = {isa = PBXFileReference; fileEncoding = 4; lastKnownFileType = sourcecode.c.h; path = CountlyAPM.h; sourceTree = "<group>"; };
		D252E39E1DE1F249006548B0 /* CountlyAPM.m */ = {isa = PBXFileReference; fileEncoding = 4; lastKnownFileType = sourcecode.c.objc; path = CountlyAPM.m; sourceTree = "<group>"; };
		D252E39F1DE1F249006548B0 /* CountlyAPMNetworkLog.h */ = {isa = PBXFileReference; fileEncoding = 4; lastKnownFileType = sourcecode.c.h; path = CountlyAPMNetworkLog.h; sourceTree = "<group>"; };
		D252E3A01DE1F249006548B0 /* CountlyAPMNetworkLog.m */ = {isa = PBXFileReference; fileEncoding = 4; lastKnownFileType = sourcecode.c.objc; path = CountlyAPMNetworkLog.m; sourceTree = "<group>"; };
		D252E3A11DE1F249006548B0 /* CountlyCommon.h */ = {isa = PBXFileReference; fileEncoding = 4; lastKnownFileType = sourcecode.c.h; path = CountlyCommon.h; sourceTree = "<group>"; };
		D252E3A21DE1F249006548B0 /* CountlyCommon.m */ = {isa = PBXFileReference; fileEncoding = 4; lastKnownFileType = sourcecode.c.objc; path = CountlyCommon.m; sourceTree = "<group>"; };
		D252E3A31DE1F249006548B0 /* CountlyConfig.h */ = {isa = PBXFileReference; fileEncoding = 4; lastKnownFileType = sourcecode.c.h; path = CountlyConfig.h; sourceTree = "<group>"; };
		D252E3A41DE1F249006548B0 /* CountlyConfig.m */ = {isa = PBXFileReference; fileEncoding = 4; lastKnownFileType = sourcecode.c.objc; path = CountlyConfig.m; sourceTree = "<group>"; };
		D252E3A51DE1F249006548B0 /* CountlyConnectionManager.h */ = {isa = PBXFileReference; fileEncoding = 4; lastKnownFileType = sourcecode.c.h; path = CountlyConnectionManager.h; sourceTree = "<group>"; };
		D252E3A61DE1F249006548B0 /* CountlyConnectionManager.m */ = {isa = PBXFileReference; fileEncoding = 4; lastKnownFileType = sourcecode.c.objc; path = CountlyConnectionManager.m; sourceTree = "<group>"; };
		D252E3A71DE1F249006548B0 /* CountlyCrashReporter.h */ = {isa = PBXFileReference; fileEncoding = 4; lastKnownFileType = sourcecode.c.h; path = CountlyCrashReporter.h; sourceTree = "<group>"; };
		D252E3A81DE1F249006548B0 /* CountlyCrashReporter.m */ = {isa = PBXFileReference; fileEncoding = 4; lastKnownFileType = sourcecode.c.objc; path = CountlyCrashReporter.m; sourceTree = "<group>"; };
		D252E3A91DE1F249006548B0 /* CountlyDeviceInfo.h */ = {isa = PBXFileReference; fileEncoding = 4; lastKnownFileType = sourcecode.c.h; path = CountlyDeviceInfo.h; sourceTree = "<group>"; };
		D252E3AA1DE1F249006548B0 /* CountlyDeviceInfo.m */ = {isa = PBXFileReference; fileEncoding = 4; lastKnownFileType = sourcecode.c.objc; path = CountlyDeviceInfo.m; sourceTree = "<group>"; };
		D252E3AB1DE1F249006548B0 /* CountlyEvent.h */ = {isa = PBXFileReference; fileEncoding = 4; lastKnownFileType = sourcecode.c.h; path = CountlyEvent.h; sourceTree = "<group>"; };
		D252E3AC1DE1F249006548B0 /* CountlyEvent.m */ = {isa = PBXFileReference; fileEncoding = 4; lastKnownFileType = sourcecode.c.objc; path = CountlyEvent.m; sourceTree = "<group>"; };
		D252E3AD1DE1F249006548B0 /* CountlyPersistency.h */ = {isa = PBXFileReference; fileEncoding = 4; lastKnownFileType = sourcecode.c.h; path = CountlyPersistency.h; sourceTree = "<group>"; };
		D252E3AE1DE1F249006548B0 /* CountlyPersistency.m */ = {isa = PBXFileReference; fileEncoding = 4; lastKnownFileType = sourcecode.c.objc; path = CountlyPersistency.m; sourceTree = "<group>"; };
		D252E3AF1DE1F249006548B0 /* CountlyPushNotifications.h */ = {isa = PBXFileReference; fileEncoding = 4; lastKnownFileType = sourcecode.c.h; path = CountlyPushNotifications.h; sourceTree = "<group>"; };
		D252E3B01DE1F249006548B0 /* CountlyPushNotifications.m */ = {isa = PBXFileReference; fileEncoding = 4; lastKnownFileType = sourcecode.c.objc; path = CountlyPushNotifications.m; sourceTree = "<group>"; };
		D252E3B11DE1F249006548B0 /* CountlyStarRating.h */ = {isa = PBXFileReference; fileEncoding = 4; lastKnownFileType = sourcecode.c.h; path = CountlyStarRating.h; sourceTree = "<group>"; };
		D252E3B21DE1F249006548B0 /* CountlyStarRating.m */ = {isa = PBXFileReference; fileEncoding = 4; lastKnownFileType = sourcecode.c.objc; path = CountlyStarRating.m; sourceTree = "<group>"; };
		D252E3B31DE1F249006548B0 /* CountlyUserDetails.h */ = {isa = PBXFileReference; fileEncoding = 4; lastKnownFileType = sourcecode.c.h; path = CountlyUserDetails.h; sourceTree = "<group>"; };
		D252E3B41DE1F249006548B0 /* CountlyUserDetails.m */ = {isa = PBXFileReference; fileEncoding = 4; lastKnownFileType = sourcecode.c.objc; path = CountlyUserDetails.m; sourceTree = "<group>"; };
		D252E3B51DE1F249006548B0 /* CountlyViewTracking.h */ = {isa = PBXFileReference; fileEncoding = 4; lastKnownFileType = sourcecode.c.h; path = CountlyViewTracking.h; sourceTree = "<group>"; };
		D252E3B61DE1F249006548B0 /* CountlyViewTracking.m */ = {isa = PBXFileReference; fileEncoding = 4; lastKnownFileType = sourcecode.c.objc; path = CountlyViewTracking.m; sourceTree = "<group>"; };
		D252E3B81DE1F249006548B0 /* README.md */ = {isa = PBXFileReference; fileEncoding = 4; lastKnownFileType = net.daringfireball.markdown; path = README.md; sourceTree = "<group>"; };
		D252E3CC1DE28A63006548B0 /* CountlyTestApp-iOS-swift-Bridging-Header.h */ = {isa = PBXFileReference; lastKnownFileType = sourcecode.c.h; path = "CountlyTestApp-iOS-swift-Bridging-Header.h"; sourceTree = "<group>"; };
		D257996E1DE71166006A64CA /* TestViewControllerModal.swift */ = {isa = PBXFileReference; fileEncoding = 4; lastKnownFileType = sourcecode.swift; path = TestViewControllerModal.swift; sourceTree = "<group>"; };
		D2666B941DE9D68C0088E822 /* TestViewControllerPushPop.swift */ = {isa = PBXFileReference; fileEncoding = 4; lastKnownFileType = sourcecode.swift; path = TestViewControllerPushPop.swift; sourceTree = "<group>"; };
		D29E5FB8206F2E6F0010F061 /* CountlyConsentManager.h */ = {isa = PBXFileReference; fileEncoding = 4; lastKnownFileType = sourcecode.c.h; path = CountlyConsentManager.h; sourceTree = "<group>"; };
		D29E5FB9206F2E6F0010F061 /* CountlyConsentManager.m */ = {isa = PBXFileReference; fileEncoding = 4; lastKnownFileType = sourcecode.c.objc; path = CountlyConsentManager.m; sourceTree = "<group>"; };
		D2A6CEAD1EB3B52600EC10A5 /* CountlyNotificationService.m */ = {isa = PBXFileReference; fileEncoding = 4; lastKnownFileType = sourcecode.c.objc; path = CountlyNotificationService.m; sourceTree = "<group>"; };
		D2A6CEAE1EB3B52600EC10A5 /* CountlyNotificationService.h */ = {isa = PBXFileReference; fileEncoding = 4; lastKnownFileType = sourcecode.c.h; path = CountlyNotificationService.h; sourceTree = "<group>"; };
		D2C01AC620026E2800BAE8E3 /* CHANGELOG.md */ = {isa = PBXFileReference; fileEncoding = 4; lastKnownFileType = net.daringfireball.markdown; path = CHANGELOG.md; sourceTree = "<group>"; };
		D2F064FF2010DF2300A899B8 /* LICENSE.md */ = {isa = PBXFileReference; fileEncoding = 4; lastKnownFileType = net.daringfireball.markdown; path = LICENSE.md; sourceTree = "<group>"; };
/* End PBXFileReference section */

/* Begin PBXFrameworksBuildPhase section */
		D252E37E1DE074D2006548B0 /* Frameworks */ = {
			isa = PBXFrameworksBuildPhase;
			buildActionMask = 2147483647;
			files = (
			);
			runOnlyForDeploymentPostprocessing = 0;
		};
/* End PBXFrameworksBuildPhase section */

/* Begin PBXGroup section */
		D252E3781DE074D2006548B0 = {
			isa = PBXGroup;
			children = (
				D252E3831DE074D2006548B0 /* CountlyTestApp-iOS-swift */,
				D252E3961DE1F249006548B0 /* countly-sdk-ios */,
				D252E3821DE074D2006548B0 /* Products */,
			);
			sourceTree = "<group>";
		};
		D252E3821DE074D2006548B0 /* Products */ = {
			isa = PBXGroup;
			children = (
				D252E3811DE074D2006548B0 /* CountlyTestApp-iOS-swift.app */,
			);
			name = Products;
			sourceTree = "<group>";
		};
		D252E3831DE074D2006548B0 /* CountlyTestApp-iOS-swift */ = {
			isa = PBXGroup;
			children = (
				D252E3841DE074D2006548B0 /* AppDelegate.swift */,
				D252E3861DE074D2006548B0 /* ViewController.swift */,
				D257996E1DE71166006A64CA /* TestViewControllerModal.swift */,
				D2666B941DE9D68C0088E822 /* TestViewControllerPushPop.swift */,
				D252E3CC1DE28A63006548B0 /* CountlyTestApp-iOS-swift-Bridging-Header.h */,
				D252E3881DE074D2006548B0 /* Main.storyboard */,
				D252E38B1DE074D2006548B0 /* Assets.xcassets */,
				D252E38D1DE074D2006548B0 /* LaunchScreen.storyboard */,
				D252E3901DE074D2006548B0 /* Info.plist */,
			);
			path = "CountlyTestApp-iOS-swift";
			sourceTree = "<group>";
		};
		D252E3961DE1F249006548B0 /* countly-sdk-ios */ = {
			isa = PBXGroup;
			children = (
				D252E3981DE1F249006548B0 /* Countly.h */,
				D252E3991DE1F249006548B0 /* Countly.m */,
				D252E39B1DE1F249006548B0 /* Countly_OpenUDID.h */,
				D252E39C1DE1F249006548B0 /* Countly_OpenUDID.m */,
				D252E39D1DE1F249006548B0 /* CountlyAPM.h */,
				D252E39E1DE1F249006548B0 /* CountlyAPM.m */,
				D252E39F1DE1F249006548B0 /* CountlyAPMNetworkLog.h */,
				D252E3A01DE1F249006548B0 /* CountlyAPMNetworkLog.m */,
				D252E3A11DE1F249006548B0 /* CountlyCommon.h */,
				D252E3A21DE1F249006548B0 /* CountlyCommon.m */,
				D252E3A31DE1F249006548B0 /* CountlyConfig.h */,
				D252E3A41DE1F249006548B0 /* CountlyConfig.m */,
				D252E3A51DE1F249006548B0 /* CountlyConnectionManager.h */,
				D252E3A61DE1F249006548B0 /* CountlyConnectionManager.m */,
				D29E5FB8206F2E6F0010F061 /* CountlyConsentManager.h */,
				D29E5FB9206F2E6F0010F061 /* CountlyConsentManager.m */,
				D252E3A71DE1F249006548B0 /* CountlyCrashReporter.h */,
				D252E3A81DE1F249006548B0 /* CountlyCrashReporter.m */,
				D252E3A91DE1F249006548B0 /* CountlyDeviceInfo.h */,
				D252E3AA1DE1F249006548B0 /* CountlyDeviceInfo.m */,
				D252E3AB1DE1F249006548B0 /* CountlyEvent.h */,
				D252E3AC1DE1F249006548B0 /* CountlyEvent.m */,
				D20008712083ADAA003DB5DA /* CountlyLocationManager.h */,
				D20008722083ADAA003DB5DA /* CountlyLocationManager.m */,
				D2A6CEAE1EB3B52600EC10A5 /* CountlyNotificationService.h */,
				D2A6CEAD1EB3B52600EC10A5 /* CountlyNotificationService.m */,
				D252E3AD1DE1F249006548B0 /* CountlyPersistency.h */,
				D252E3AE1DE1F249006548B0 /* CountlyPersistency.m */,
				D252E3AF1DE1F249006548B0 /* CountlyPushNotifications.h */,
				D252E3B01DE1F249006548B0 /* CountlyPushNotifications.m */,
				D24105C0220DB2330000A79C /* CountlyRemoteConfig.h */,
				D24105C1220DB2330000A79C /* CountlyRemoteConfig.m */,
				D252E3B11DE1F249006548B0 /* CountlyStarRating.h */,
				D252E3B21DE1F249006548B0 /* CountlyStarRating.m */,
				D252E3B31DE1F249006548B0 /* CountlyUserDetails.h */,
				D252E3B41DE1F249006548B0 /* CountlyUserDetails.m */,
				D252E3B51DE1F249006548B0 /* CountlyViewTracking.h */,
				D252E3B61DE1F249006548B0 /* CountlyViewTracking.m */,
				D209A7C51F6B9B5300B19B9B /* countly_dsym_uploader.sh */,
				D252E39A1DE1F249006548B0 /* Countly.podspec */,
				D252E3B81DE1F249006548B0 /* README.md */,
				D2F064FF2010DF2300A899B8 /* LICENSE.md */,
				D2C01AC620026E2800BAE8E3 /* CHANGELOG.md */,
			);
			name = "countly-sdk-ios";
			path = "../countly-sdk-ios";
			sourceTree = "<group>";
		};
/* End PBXGroup section */

/* Begin PBXNativeTarget section */
		D252E3801DE074D2006548B0 /* CountlyTestApp-iOS-swift */ = {
			isa = PBXNativeTarget;
			buildConfigurationList = D252E3931DE074D2006548B0 /* Build configuration list for PBXNativeTarget "CountlyTestApp-iOS-swift" */;
			buildPhases = (
				D252E37D1DE074D2006548B0 /* Sources */,
				D252E37E1DE074D2006548B0 /* Frameworks */,
				D252E37F1DE074D2006548B0 /* Resources */,
			);
			buildRules = (
			);
			dependencies = (
			);
			name = "CountlyTestApp-iOS-swift";
			productName = "CountlyTestApp-iOS-swift";
			productReference = D252E3811DE074D2006548B0 /* CountlyTestApp-iOS-swift.app */;
			productType = "com.apple.product-type.application";
		};
/* End PBXNativeTarget section */

/* Begin PBXProject section */
		D252E3791DE074D2006548B0 /* Project object */ = {
			isa = PBXProject;
			attributes = {
				LastSwiftUpdateCheck = 0810;
				LastUpgradeCheck = 1020;
				ORGANIZATIONNAME = Countly;
				TargetAttributes = {
					D252E3801DE074D2006548B0 = {
						CreatedOnToolsVersion = 8.1;
						DevelopmentTeam = 3S32KFMHB8;
						LastSwiftMigration = 1020;
						ProvisioningStyle = Automatic;
					};
				};
			};
			buildConfigurationList = D252E37C1DE074D2006548B0 /* Build configuration list for PBXProject "CountlyTestApp-iOS-swift" */;
			compatibilityVersion = "Xcode 3.2";
			developmentRegion = en;
			hasScannedForEncodings = 0;
			knownRegions = (
				en,
				Base,
			);
			mainGroup = D252E3781DE074D2006548B0;
			productRefGroup = D252E3821DE074D2006548B0 /* Products */;
			projectDirPath = "";
			projectRoot = "";
			targets = (
				D252E3801DE074D2006548B0 /* CountlyTestApp-iOS-swift */,
			);
		};
/* End PBXProject section */

/* Begin PBXResourcesBuildPhase section */
		D252E37F1DE074D2006548B0 /* Resources */ = {
			isa = PBXResourcesBuildPhase;
			buildActionMask = 2147483647;
			files = (
				D252E3BB1DE1F249006548B0 /* Countly.podspec in Resources */,
				D252E38F1DE074D2006548B0 /* LaunchScreen.storyboard in Resources */,
				D252E38C1DE074D2006548B0 /* Assets.xcassets in Resources */,
				D252E38A1DE074D2006548B0 /* Main.storyboard in Resources */,
				D2C01AC720026E2800BAE8E3 /* CHANGELOG.md in Resources */,
				D209A7C61F6B9B5300B19B9B /* countly_dsym_uploader.sh in Resources */,
				D2F065002010DF2400A899B8 /* LICENSE.md in Resources */,
			);
			runOnlyForDeploymentPostprocessing = 0;
		};
/* End PBXResourcesBuildPhase section */

/* Begin PBXSourcesBuildPhase section */
		D252E37D1DE074D2006548B0 /* Sources */ = {
			isa = PBXSourcesBuildPhase;
			buildActionMask = 2147483647;
			files = (
				D252E3871DE074D2006548B0 /* ViewController.swift in Sources */,
				D252E3C61DE1F249006548B0 /* CountlyPushNotifications.m in Sources */,
				D252E3C81DE1F249006548B0 /* CountlyUserDetails.m in Sources */,
				D252E3C41DE1F249006548B0 /* CountlyEvent.m in Sources */,
				D252E3C91DE1F249006548B0 /* CountlyViewTracking.m in Sources */,
				D252E3C31DE1F249006548B0 /* CountlyDeviceInfo.m in Sources */,
				D252E3C71DE1F249006548B0 /* CountlyStarRating.m in Sources */,
				D252E3BA1DE1F249006548B0 /* Countly.m in Sources */,
				D252E3BC1DE1F249006548B0 /* Countly_OpenUDID.m in Sources */,
				D252E3C11DE1F249006548B0 /* CountlyConnectionManager.m in Sources */,
				D29E5FBA206F2E6F0010F061 /* CountlyConsentManager.m in Sources */,
				D252E3C51DE1F249006548B0 /* CountlyPersistency.m in Sources */,
				D2666B951DE9D68C0088E822 /* TestViewControllerPushPop.swift in Sources */,
				D20008732083ADAA003DB5DA /* CountlyLocationManager.m in Sources */,
				D24105C2220DB2340000A79C /* CountlyRemoteConfig.m in Sources */,
				D252E3BE1DE1F249006548B0 /* CountlyAPMNetworkLog.m in Sources */,
				D2A6CEAF1EB3B52600EC10A5 /* CountlyNotificationService.m in Sources */,
				D257996F1DE71166006A64CA /* TestViewControllerModal.swift in Sources */,
				D252E3851DE074D2006548B0 /* AppDelegate.swift in Sources */,
				D252E3BF1DE1F249006548B0 /* CountlyCommon.m in Sources */,
				D252E3C01DE1F249006548B0 /* CountlyConfig.m in Sources */,
				D252E3BD1DE1F249006548B0 /* CountlyAPM.m in Sources */,
				D252E3C21DE1F249006548B0 /* CountlyCrashReporter.m in Sources */,
			);
			runOnlyForDeploymentPostprocessing = 0;
		};
/* End PBXSourcesBuildPhase section */

/* Begin PBXVariantGroup section */
		D252E3881DE074D2006548B0 /* Main.storyboard */ = {
			isa = PBXVariantGroup;
			children = (
				D252E3891DE074D2006548B0 /* Base */,
			);
			name = Main.storyboard;
			sourceTree = "<group>";
		};
		D252E38D1DE074D2006548B0 /* LaunchScreen.storyboard */ = {
			isa = PBXVariantGroup;
			children = (
				D252E38E1DE074D2006548B0 /* Base */,
			);
			name = LaunchScreen.storyboard;
			sourceTree = "<group>";
		};
/* End PBXVariantGroup section */

/* Begin XCBuildConfiguration section */
		D252E3911DE074D2006548B0 /* Debug */ = {
			isa = XCBuildConfiguration;
			buildSettings = {
				ALWAYS_SEARCH_USER_PATHS = NO;
				CLANG_ANALYZER_LOCALIZABILITY_NONLOCALIZED = YES;
				CLANG_ANALYZER_NONNULL = YES;
				CLANG_CXX_LANGUAGE_STANDARD = "gnu++0x";
				CLANG_CXX_LIBRARY = "libc++";
				CLANG_ENABLE_MODULES = YES;
				CLANG_ENABLE_OBJC_ARC = YES;
				CLANG_WARN_BLOCK_CAPTURE_AUTORELEASING = YES;
				CLANG_WARN_BOOL_CONVERSION = YES;
				CLANG_WARN_COMMA = YES;
				CLANG_WARN_CONSTANT_CONVERSION = YES;
				CLANG_WARN_DEPRECATED_OBJC_IMPLEMENTATIONS = YES;
				CLANG_WARN_DIRECT_OBJC_ISA_USAGE = YES_ERROR;
				CLANG_WARN_DOCUMENTATION_COMMENTS = YES;
				CLANG_WARN_EMPTY_BODY = YES;
				CLANG_WARN_ENUM_CONVERSION = YES;
				CLANG_WARN_INFINITE_RECURSION = YES;
				CLANG_WARN_INT_CONVERSION = YES;
				CLANG_WARN_NON_LITERAL_NULL_CONVERSION = YES;
				CLANG_WARN_OBJC_IMPLICIT_RETAIN_SELF = YES;
				CLANG_WARN_OBJC_LITERAL_CONVERSION = YES;
				CLANG_WARN_OBJC_ROOT_CLASS = YES_ERROR;
				CLANG_WARN_RANGE_LOOP_ANALYSIS = YES;
				CLANG_WARN_STRICT_PROTOTYPES = YES;
				CLANG_WARN_SUSPICIOUS_MOVE = YES;
				CLANG_WARN_SUSPICIOUS_MOVES = YES;
				CLANG_WARN_UNGUARDED_AVAILABILITY = YES_AGGRESSIVE;
				CLANG_WARN_UNREACHABLE_CODE = YES;
				CLANG_WARN__DUPLICATE_METHOD_MATCH = YES;
				"CODE_SIGN_IDENTITY[sdk=iphoneos*]" = "iPhone Developer";
				COPY_PHASE_STRIP = NO;
				DEBUG_INFORMATION_FORMAT = dwarf;
				ENABLE_STRICT_OBJC_MSGSEND = YES;
				ENABLE_TESTABILITY = YES;
				GCC_C_LANGUAGE_STANDARD = gnu99;
				GCC_DYNAMIC_NO_PIC = NO;
				GCC_NO_COMMON_BLOCKS = YES;
				GCC_OPTIMIZATION_LEVEL = 0;
				GCC_PREPROCESSOR_DEFINITIONS = (
					"DEBUG=1",
					"$(inherited)",
				);
				GCC_WARN_64_TO_32_BIT_CONVERSION = YES;
				GCC_WARN_ABOUT_RETURN_TYPE = YES_ERROR;
				GCC_WARN_SHADOW = YES;
				GCC_WARN_UNDECLARED_SELECTOR = YES;
				GCC_WARN_UNINITIALIZED_AUTOS = YES_AGGRESSIVE;
				GCC_WARN_UNUSED_FUNCTION = YES;
				GCC_WARN_UNUSED_VARIABLE = YES;
				IPHONEOS_DEPLOYMENT_TARGET = 8.0;
				MTL_ENABLE_DEBUG_INFO = YES;
				ONLY_ACTIVE_ARCH = YES;
				SDKROOT = iphoneos;
				SWIFT_ACTIVE_COMPILATION_CONDITIONS = DEBUG;
				SWIFT_OPTIMIZATION_LEVEL = "-Onone";
				SWIFT_SWIFT3_OBJC_INFERENCE = Off;
			};
			name = Debug;
		};
		D252E3921DE074D2006548B0 /* Release */ = {
			isa = XCBuildConfiguration;
			buildSettings = {
				ALWAYS_SEARCH_USER_PATHS = NO;
				CLANG_ANALYZER_LOCALIZABILITY_NONLOCALIZED = YES;
				CLANG_ANALYZER_NONNULL = YES;
				CLANG_CXX_LANGUAGE_STANDARD = "gnu++0x";
				CLANG_CXX_LIBRARY = "libc++";
				CLANG_ENABLE_MODULES = YES;
				CLANG_ENABLE_OBJC_ARC = YES;
				CLANG_WARN_BLOCK_CAPTURE_AUTORELEASING = YES;
				CLANG_WARN_BOOL_CONVERSION = YES;
				CLANG_WARN_COMMA = YES;
				CLANG_WARN_CONSTANT_CONVERSION = YES;
				CLANG_WARN_DEPRECATED_OBJC_IMPLEMENTATIONS = YES;
				CLANG_WARN_DIRECT_OBJC_ISA_USAGE = YES_ERROR;
				CLANG_WARN_DOCUMENTATION_COMMENTS = YES;
				CLANG_WARN_EMPTY_BODY = YES;
				CLANG_WARN_ENUM_CONVERSION = YES;
				CLANG_WARN_INFINITE_RECURSION = YES;
				CLANG_WARN_INT_CONVERSION = YES;
				CLANG_WARN_NON_LITERAL_NULL_CONVERSION = YES;
				CLANG_WARN_OBJC_IMPLICIT_RETAIN_SELF = YES;
				CLANG_WARN_OBJC_LITERAL_CONVERSION = YES;
				CLANG_WARN_OBJC_ROOT_CLASS = YES_ERROR;
				CLANG_WARN_RANGE_LOOP_ANALYSIS = YES;
				CLANG_WARN_STRICT_PROTOTYPES = YES;
				CLANG_WARN_SUSPICIOUS_MOVE = YES;
				CLANG_WARN_SUSPICIOUS_MOVES = YES;
				CLANG_WARN_UNGUARDED_AVAILABILITY = YES_AGGRESSIVE;
				CLANG_WARN_UNREACHABLE_CODE = YES;
				CLANG_WARN__DUPLICATE_METHOD_MATCH = YES;
				"CODE_SIGN_IDENTITY[sdk=iphoneos*]" = "iPhone Developer";
				COPY_PHASE_STRIP = NO;
				DEBUG_INFORMATION_FORMAT = "dwarf-with-dsym";
				ENABLE_NS_ASSERTIONS = NO;
				ENABLE_STRICT_OBJC_MSGSEND = YES;
				GCC_C_LANGUAGE_STANDARD = gnu99;
				GCC_NO_COMMON_BLOCKS = YES;
				GCC_WARN_64_TO_32_BIT_CONVERSION = YES;
				GCC_WARN_ABOUT_RETURN_TYPE = YES_ERROR;
				GCC_WARN_SHADOW = YES;
				GCC_WARN_UNDECLARED_SELECTOR = YES;
				GCC_WARN_UNINITIALIZED_AUTOS = YES_AGGRESSIVE;
				GCC_WARN_UNUSED_FUNCTION = YES;
				GCC_WARN_UNUSED_VARIABLE = YES;
				IPHONEOS_DEPLOYMENT_TARGET = 8.0;
				MTL_ENABLE_DEBUG_INFO = NO;
				SDKROOT = iphoneos;
				SWIFT_OPTIMIZATION_LEVEL = "-Owholemodule";
				SWIFT_SWIFT3_OBJC_INFERENCE = Off;
				VALIDATE_PRODUCT = YES;
			};
			name = Release;
		};
		D252E3941DE074D2006548B0 /* Debug */ = {
			isa = XCBuildConfiguration;
			buildSettings = {
				ASSETCATALOG_COMPILER_APPICON_NAME = AppIcon;
				CLANG_WARN_UNGUARDED_AVAILABILITY = YES_AGGRESSIVE;
				DEVELOPMENT_TEAM = 3S32KFMHB8;
				INFOPLIST_FILE = "CountlyTestApp-iOS-swift/Info.plist";
				IPHONEOS_DEPLOYMENT_TARGET = 10.0;
				LD_RUNPATH_SEARCH_PATHS = "$(inherited) @executable_path/Frameworks";
				PRODUCT_BUNDLE_IDENTIFIER = "ly.count.CountlyTestApp-iOS-swift";
				PRODUCT_NAME = "$(TARGET_NAME)";
				SWIFT_OBJC_BRIDGING_HEADER = "CountlyTestApp-iOS-swift/CountlyTestApp-iOS-swift-Bridging-Header.h";
				SWIFT_VERSION = 5.0;
			};
			name = Debug;
		};
		D252E3951DE074D2006548B0 /* Release */ = {
			isa = XCBuildConfiguration;
			buildSettings = {
				ASSETCATALOG_COMPILER_APPICON_NAME = AppIcon;
				CLANG_WARN_UNGUARDED_AVAILABILITY = YES_AGGRESSIVE;
				DEVELOPMENT_TEAM = 3S32KFMHB8;
				INFOPLIST_FILE = "CountlyTestApp-iOS-swift/Info.plist";
				IPHONEOS_DEPLOYMENT_TARGET = 10.0;
				LD_RUNPATH_SEARCH_PATHS = "$(inherited) @executable_path/Frameworks";
				PRODUCT_BUNDLE_IDENTIFIER = "ly.count.CountlyTestApp-iOS-swift";
				PRODUCT_NAME = "$(TARGET_NAME)";
				SWIFT_OBJC_BRIDGING_HEADER = "CountlyTestApp-iOS-swift/CountlyTestApp-iOS-swift-Bridging-Header.h";
				SWIFT_VERSION = 5.0;
			};
			name = Release;
		};
/* End XCBuildConfiguration section */

/* Begin XCConfigurationList section */
		D252E37C1DE074D2006548B0 /* Build configuration list for PBXProject "CountlyTestApp-iOS-swift" */ = {
			isa = XCConfigurationList;
			buildConfigurations = (
				D252E3911DE074D2006548B0 /* Debug */,
				D252E3921DE074D2006548B0 /* Release */,
			);
			defaultConfigurationIsVisible = 0;
			defaultConfigurationName = Release;
		};
		D252E3931DE074D2006548B0 /* Build configuration list for PBXNativeTarget "CountlyTestApp-iOS-swift" */ = {
			isa = XCConfigurationList;
			buildConfigurations = (
				D252E3941DE074D2006548B0 /* Debug */,
				D252E3951DE074D2006548B0 /* Release */,
			);
			defaultConfigurationIsVisible = 0;
			defaultConfigurationName = Release;
		};
/* End XCConfigurationList section */
	};
	rootObject = D252E3791DE074D2006548B0 /* Project object */;
}
