// !$*UTF8*$!
{
	archiveVersion = 1;
	classes = {
	};
	objectVersion = 60;
	objects = {

/* Begin PBXBuildFile section */
		109034D6D280530B5493205A /* UserProfileView.swift in Sources */ = {isa = PBXBuildFile; fileRef = 00DF7B2D2924BDACA4969C38 /* UserProfileView.swift */; };
		1BEF01BB1E74DF859506E1CE /* APMView.swift in Sources */ = {isa = PBXBuildFile; fileRef = 81DA1BFA4FD3F35EC2653C92 /* APMView.swift */; };
		217A9F21D2F78711A3143CC7 /* CustomEventsView.swift in Sources */ = {isa = PBXBuildFile; fileRef = B80831154F2D7F73A6CEEDC7 /* CustomEventsView.swift */; };
		282D10186E0BFA38643FD53B /* AttributionView.swift in Sources */ = {isa = PBXBuildFile; fileRef = 8F52DA73E8F322E0B17C999D /* AttributionView.swift */; };
		3167AA07BE455F1EA5AD494D /* DeviceIDView.swift in Sources */ = {isa = PBXBuildFile; fileRef = 36971EFF8DEB919452BB1E4F /* DeviceIDView.swift */; };
		35FA2FA94E00E162F0527060 /* ContentZoneView.swift in Sources */ = {isa = PBXBuildFile; fileRef = 16F4397F966F2C5E17EF6BAD /* ContentZoneView.swift */; };
		56F2BA1B0720A8FAA709F0B1 /* AppLog.swift in Sources */ = {isa = PBXBuildFile; fileRef = 67D3D0B8FB830EC5FAEF2A04 /* AppLog.swift */; };
		58AB1DE12E2AEC217A0B2E4C /* ViewsView.swift in Sources */ = {isa = PBXBuildFile; fileRef = D9233DA27CC17D55DBF16108 /* ViewsView.swift */; };
		60CDBD865146EB883AA49C9D /* PushNotificationsView.swift in Sources */ = {isa = PBXBuildFile; fileRef = 40659C30B297EADF3DD7464A /* PushNotificationsView.swift */; };
		7322960EA84CCD934CFE16B5 /* Countly in Frameworks */ = {isa = PBXBuildFile; productRef = 9B0AA69C166B726B2DFC00CE /* Countly */; };
		7F2CF103FD73CEDA7252C092 /* SessionsView.swift in Sources */ = {isa = PBXBuildFile; fileRef = 900263F5829E3DE9AFE1E71B /* SessionsView.swift */; };
		811D0D80A678391F018A1236 /* ConsentView.swift in Sources */ = {isa = PBXBuildFile; fileRef = 532D28468AE38BEAFDCC5E06 /* ConsentView.swift */; };
		88B95D162EA1BEE902DA778F /* Feature.swift in Sources */ = {isa = PBXBuildFile; fileRef = 7CF17D03B9272D01FF5F4B61 /* Feature.swift */; };
		8AEE943C4146AFD2E24BEAD2 /* RootView.swift in Sources */ = {isa = PBXBuildFile; fileRef = 3418D1AB8B8778432B7D2C23 /* RootView.swift */; };
		8CA0EA0D8B5BD51B3DDFD332 /* RemoteConfigView.swift in Sources */ = {isa = PBXBuildFile; fileRef = 332A35BA75B88D78C559EAF3 /* RemoteConfigView.swift */; };
		B7A2759CA83F51B8AC357A83 /* MultiThreadingView.swift in Sources */ = {isa = PBXBuildFile; fileRef = D45704D2231AC1C074A8F674 /* MultiThreadingView.swift */; };
		D252E3851DE074D2006548B0 /* AppDelegate.swift in Sources */ = {isa = PBXBuildFile; fileRef = D252E3841DE074D2006548B0 /* AppDelegate.swift */; };
		D252E38A1DE074D2006548B0 /* Main.storyboard in Resources */ = {isa = PBXBuildFile; fileRef = D252E3881DE074D2006548B0 /* Main.storyboard */; };
		D252E38C1DE074D2006548B0 /* Assets.xcassets in Resources */ = {isa = PBXBuildFile; fileRef = D252E38B1DE074D2006548B0 /* Assets.xcassets */; };
		D252E38F1DE074D2006548B0 /* LaunchScreen.storyboard in Resources */ = {isa = PBXBuildFile; fileRef = D252E38D1DE074D2006548B0 /* LaunchScreen.storyboard */; };
		D257996F1DE71166006A64CA /* TestViewControllerModal.swift in Sources */ = {isa = PBXBuildFile; fileRef = D257996E1DE71166006A64CA /* TestViewControllerModal.swift */; };
		D2666B951DE9D68C0088E822 /* TestViewControllerPushPop.swift in Sources */ = {isa = PBXBuildFile; fileRef = D2666B941DE9D68C0088E822 /* TestViewControllerPushPop.swift */; };
		DAAEADE6D79CC608E3C7ACBA /* CrashReportingView.swift in Sources */ = {isa = PBXBuildFile; fileRef = 5344727DAF9CFFD2577C0798 /* CrashReportingView.swift */; };
		DC6BCD75B31CB7F82F60A157 /* FeedbackView.swift in Sources */ = {isa = PBXBuildFile; fileRef = D6A7CD445FEEE1F596B7B49E /* FeedbackView.swift */; };
		EFF246259AFDA4AEA5AE2AD4 /* RequestsUtilitiesView.swift in Sources */ = {isa = PBXBuildFile; fileRef = 7373CE4FC96CADA00B200F56 /* RequestsUtilitiesView.swift */; };
		FB0F40A3887FCF2AFD13AF67 /* UIKitSupport.swift in Sources */ = {isa = PBXBuildFile; fileRef = 07B822B1402AEE937629D769 /* UIKitSupport.swift */; };
/* End PBXBuildFile section */

/* Begin PBXFileReference section */
		00DF7B2D2924BDACA4969C38 /* UserProfileView.swift */ = {isa = PBXFileReference; includeInIndex = 1; lastKnownFileType = sourcecode.swift; path = UserProfileView.swift; sourceTree = "<group>"; };
		07B822B1402AEE937629D769 /* UIKitSupport.swift */ = {isa = PBXFileReference; includeInIndex = 1; lastKnownFileType = sourcecode.swift; path = UIKitSupport.swift; sourceTree = "<group>"; };
		16F4397F966F2C5E17EF6BAD /* ContentZoneView.swift */ = {isa = PBXFileReference; includeInIndex = 1; lastKnownFileType = sourcecode.swift; path = ContentZoneView.swift; sourceTree = "<group>"; };
		332A35BA75B88D78C559EAF3 /* RemoteConfigView.swift */ = {isa = PBXFileReference; includeInIndex = 1; lastKnownFileType = sourcecode.swift; path = RemoteConfigView.swift; sourceTree = "<group>"; };
		3418D1AB8B8778432B7D2C23 /* RootView.swift */ = {isa = PBXFileReference; includeInIndex = 1; lastKnownFileType = sourcecode.swift; path = RootView.swift; sourceTree = "<group>"; };
		36971EFF8DEB919452BB1E4F /* DeviceIDView.swift */ = {isa = PBXFileReference; includeInIndex = 1; lastKnownFileType = sourcecode.swift; path = DeviceIDView.swift; sourceTree = "<group>"; };
		40659C30B297EADF3DD7464A /* PushNotificationsView.swift */ = {isa = PBXFileReference; includeInIndex = 1; lastKnownFileType = sourcecode.swift; path = PushNotificationsView.swift; sourceTree = "<group>"; };
		4C5C93543007789F001CBA3F /* CountlyTestApp-iOS-swift-Bridging-Header.h */ = {isa = PBXFileReference; lastKnownFileType = sourcecode.c.h; path = "CountlyTestApp-iOS-swift-Bridging-Header.h"; sourceTree = "<group>"; };
		532D28468AE38BEAFDCC5E06 /* ConsentView.swift */ = {isa = PBXFileReference; includeInIndex = 1; lastKnownFileType = sourcecode.swift; path = ConsentView.swift; sourceTree = "<group>"; };
		5344727DAF9CFFD2577C0798 /* CrashReportingView.swift */ = {isa = PBXFileReference; includeInIndex = 1; lastKnownFileType = sourcecode.swift; path = CrashReportingView.swift; sourceTree = "<group>"; };
		67D3D0B8FB830EC5FAEF2A04 /* AppLog.swift */ = {isa = PBXFileReference; includeInIndex = 1; lastKnownFileType = sourcecode.swift; path = AppLog.swift; sourceTree = "<group>"; };
		7373CE4FC96CADA00B200F56 /* RequestsUtilitiesView.swift */ = {isa = PBXFileReference; includeInIndex = 1; lastKnownFileType = sourcecode.swift; path = RequestsUtilitiesView.swift; sourceTree = "<group>"; };
		7CF17D03B9272D01FF5F4B61 /* Feature.swift */ = {isa = PBXFileReference; includeInIndex = 1; lastKnownFileType = sourcecode.swift; path = Feature.swift; sourceTree = "<group>"; };
		81DA1BFA4FD3F35EC2653C92 /* APMView.swift */ = {isa = PBXFileReference; includeInIndex = 1; lastKnownFileType = sourcecode.swift; path = APMView.swift; sourceTree = "<group>"; };
		8F52DA73E8F322E0B17C999D /* AttributionView.swift */ = {isa = PBXFileReference; includeInIndex = 1; lastKnownFileType = sourcecode.swift; path = AttributionView.swift; sourceTree = "<group>"; };
		900263F5829E3DE9AFE1E71B /* SessionsView.swift */ = {isa = PBXFileReference; includeInIndex = 1; lastKnownFileType = sourcecode.swift; path = SessionsView.swift; sourceTree = "<group>"; };
		B80831154F2D7F73A6CEEDC7 /* CustomEventsView.swift */ = {isa = PBXFileReference; includeInIndex = 1; lastKnownFileType = sourcecode.swift; path = CustomEventsView.swift; sourceTree = "<group>"; };
		D252E3811DE074D2006548B0 /* CountlyTestApp-iOS-swift.app */ = {isa = PBXFileReference; explicitFileType = wrapper.application; includeInIndex = 0; path = "CountlyTestApp-iOS-swift.app"; sourceTree = BUILT_PRODUCTS_DIR; };
		D252E3841DE074D2006548B0 /* AppDelegate.swift */ = {isa = PBXFileReference; lastKnownFileType = sourcecode.swift; path = AppDelegate.swift; sourceTree = "<group>"; };
		D252E3891DE074D2006548B0 /* Base */ = {isa = PBXFileReference; lastKnownFileType = file.storyboard; name = Base; path = Base.lproj/Main.storyboard; sourceTree = "<group>"; };
		D252E38B1DE074D2006548B0 /* Assets.xcassets */ = {isa = PBXFileReference; lastKnownFileType = folder.assetcatalog; path = Assets.xcassets; sourceTree = "<group>"; };
		D252E38E1DE074D2006548B0 /* Base */ = {isa = PBXFileReference; lastKnownFileType = file.storyboard; name = Base; path = Base.lproj/LaunchScreen.storyboard; sourceTree = "<group>"; };
		D252E3901DE074D2006548B0 /* Info.plist */ = {isa = PBXFileReference; lastKnownFileType = text.plist.xml; path = Info.plist; sourceTree = "<group>"; };
		D257996E1DE71166006A64CA /* TestViewControllerModal.swift */ = {isa = PBXFileReference; fileEncoding = 4; lastKnownFileType = sourcecode.swift; path = TestViewControllerModal.swift; sourceTree = "<group>"; };
		D2666B941DE9D68C0088E822 /* TestViewControllerPushPop.swift */ = {isa = PBXFileReference; fileEncoding = 4; lastKnownFileType = sourcecode.swift; path = TestViewControllerPushPop.swift; sourceTree = "<group>"; };
		D45704D2231AC1C074A8F674 /* MultiThreadingView.swift */ = {isa = PBXFileReference; includeInIndex = 1; lastKnownFileType = sourcecode.swift; path = MultiThreadingView.swift; sourceTree = "<group>"; };
		D6A7CD445FEEE1F596B7B49E /* FeedbackView.swift */ = {isa = PBXFileReference; includeInIndex = 1; lastKnownFileType = sourcecode.swift; path = FeedbackView.swift; sourceTree = "<group>"; };
		D9233DA27CC17D55DBF16108 /* ViewsView.swift */ = {isa = PBXFileReference; includeInIndex = 1; lastKnownFileType = sourcecode.swift; path = ViewsView.swift; sourceTree = "<group>"; };
/* End PBXFileReference section */

/* Begin PBXFrameworksBuildPhase section */
		D252E37E1DE074D2006548B0 /* Frameworks */ = {
			isa = PBXFrameworksBuildPhase;
			buildActionMask = 2147483647;
			files = (
				7322960EA84CCD934CFE16B5 /* Countly in Frameworks */,
			);
			runOnlyForDeploymentPostprocessing = 0;
		};
/* End PBXFrameworksBuildPhase section */

/* Begin PBXGroup section */
		9975086CE149DC3360D929DC /* Features */ = {
			isa = PBXGroup;
			children = (
				B80831154F2D7F73A6CEEDC7 /* CustomEventsView.swift */,
				900263F5829E3DE9AFE1E71B /* SessionsView.swift */,
				D9233DA27CC17D55DBF16108 /* ViewsView.swift */,
				00DF7B2D2924BDACA4969C38 /* UserProfileView.swift */,
				5344727DAF9CFFD2577C0798 /* CrashReportingView.swift */,
				332A35BA75B88D78C559EAF3 /* RemoteConfigView.swift */,
				D6A7CD445FEEE1F596B7B49E /* FeedbackView.swift */,
				16F4397F966F2C5E17EF6BAD /* ContentZoneView.swift */,
				40659C30B297EADF3DD7464A /* PushNotificationsView.swift */,
				532D28468AE38BEAFDCC5E06 /* ConsentView.swift */,
				36971EFF8DEB919452BB1E4F /* DeviceIDView.swift */,
				8F52DA73E8F322E0B17C999D /* AttributionView.swift */,
				81DA1BFA4FD3F35EC2653C92 /* APMView.swift */,
				D45704D2231AC1C074A8F674 /* MultiThreadingView.swift */,
				7373CE4FC96CADA00B200F56 /* RequestsUtilitiesView.swift */,
			);
			name = Features;
			path = Features;
			sourceTree = "<group>";
		};
		D252E3781DE074D2006548B0 = {
			isa = PBXGroup;
			children = (
				D252E3831DE074D2006548B0 /* CountlyTestApp-iOS-swift */,
				D252E3821DE074D2006548B0 /* Products */,
			);
			sourceTree = "<group>";
		};
		D252E3821DE074D2006548B0 /* Products */ = {
			isa = PBXGroup;
			children = (
				D252E3811DE074D2006548B0 /* CountlyTestApp-iOS-swift.app */,
			);
			name = Products;
			sourceTree = "<group>";
		};
		D252E3831DE074D2006548B0 /* CountlyTestApp-iOS-swift */ = {
			isa = PBXGroup;
			children = (
				4C5C93543007789F001CBA3F /* CountlyTestApp-iOS-swift-Bridging-Header.h */,
				D252E3841DE074D2006548B0 /* AppDelegate.swift */,
				D257996E1DE71166006A64CA /* TestViewControllerModal.swift */,
				D2666B941DE9D68C0088E822 /* TestViewControllerPushPop.swift */,
				D252E3881DE074D2006548B0 /* Main.storyboard */,
				D252E38B1DE074D2006548B0 /* Assets.xcassets */,
				D252E38D1DE074D2006548B0 /* LaunchScreen.storyboard */,
				D252E3901DE074D2006548B0 /* Info.plist */,
				67D3D0B8FB830EC5FAEF2A04 /* AppLog.swift */,
				07B822B1402AEE937629D769 /* UIKitSupport.swift */,
				7CF17D03B9272D01FF5F4B61 /* Feature.swift */,
				3418D1AB8B8778432B7D2C23 /* RootView.swift */,
				9975086CE149DC3360D929DC /* Features */,
			);
			path = "CountlyTestApp-iOS-swift";
			sourceTree = "<group>";
		};
/* End PBXGroup section */

/* Begin PBXNativeTarget section */
		D252E3801DE074D2006548B0 /* CountlyTestApp-iOS-swift */ = {
			isa = PBXNativeTarget;
			buildConfigurationList = D252E3931DE074D2006548B0 /* Build configuration list for PBXNativeTarget "CountlyTestApp-iOS-swift" */;
			buildPhases = (
				D252E37D1DE074D2006548B0 /* Sources */,
				D252E37E1DE074D2006548B0 /* Frameworks */,
				D252E37F1DE074D2006548B0 /* Resources */,
			);
			buildRules = (
			);
			dependencies = (
			);
			name = "CountlyTestApp-iOS-swift";
			packageProductDependencies = (
				9B0AA69C166B726B2DFC00CE /* Countly */,
			);
			productName = "CountlyTestApp-iOS-swift";
			productReference = D252E3811DE074D2006548B0 /* CountlyTestApp-iOS-swift.app */;
			productType = "com.apple.product-type.application";
		};
/* End PBXNativeTarget section */

/* Begin PBXProject section */
		D252E3791DE074D2006548B0 /* Project object */ = {
			isa = PBXProject;
			attributes = {
				LastSwiftUpdateCheck = 0810;
				LastUpgradeCheck = 1410;
				ORGANIZATIONNAME = Countly;
				TargetAttributes = {
					D252E3801DE074D2006548B0 = {
						CreatedOnToolsVersion = 8.1;
						DevelopmentTeam = 3S32KFMHB8;
						LastSwiftMigration = 1020;
						ProvisioningStyle = Automatic;
					};
				};
			};
			buildConfigurationList = D252E37C1DE074D2006548B0 /* Build configuration list for PBXProject "CountlyTestApp-iOS-swift" */;
			compatibilityVersion = "Xcode 3.2";
			developmentRegion = en;
			hasScannedForEncodings = 0;
			knownRegions = (
				en,
				Base,
			);
			mainGroup = D252E3781DE074D2006548B0;
			packageReferences = (
				FC0EB41B25E1218B50D8DB3F /* XCRemoteSwiftPackageReference "countly-sdk-ios" */,
			);
			productRefGroup = D252E3821DE074D2006548B0 /* Products */;
			projectDirPath = "";
			projectRoot = "";
			targets = (
				D252E3801DE074D2006548B0 /* CountlyTestApp-iOS-swift */,
			);
		};
/* End PBXProject section */

/* Begin PBXResourcesBuildPhase section */
		D252E37F1DE074D2006548B0 /* Resources */ = {
			isa = PBXResourcesBuildPhase;
			buildActionMask = 2147483647;
			files = (
				D252E38F1DE074D2006548B0 /* LaunchScreen.storyboard in Resources */,
				D252E38C1DE074D2006548B0 /* Assets.xcassets in Resources */,
				D252E38A1DE074D2006548B0 /* Main.storyboard in Resources */,
			);
			runOnlyForDeploymentPostprocessing = 0;
		};
/* End PBXResourcesBuildPhase section */

/* Begin PBXSourcesBuildPhase section */
		D252E37D1DE074D2006548B0 /* Sources */ = {
			isa = PBXSourcesBuildPhase;
			buildActionMask = 2147483647;
			files = (
				D2666B951DE9D68C0088E822 /* TestViewControllerPushPop.swift in Sources */,
				D257996F1DE71166006A64CA /* TestViewControllerModal.swift in Sources */,
				D252E3851DE074D2006548B0 /* AppDelegate.swift in Sources */,
				56F2BA1B0720A8FAA709F0B1 /* AppLog.swift in Sources */,
				FB0F40A3887FCF2AFD13AF67 /* UIKitSupport.swift in Sources */,
				88B95D162EA1BEE902DA778F /* Feature.swift in Sources */,
				8AEE943C4146AFD2E24BEAD2 /* RootView.swift in Sources */,
				217A9F21D2F78711A3143CC7 /* CustomEventsView.swift in Sources */,
				7F2CF103FD73CEDA7252C092 /* SessionsView.swift in Sources */,
				58AB1DE12E2AEC217A0B2E4C /* ViewsView.swift in Sources */,
				109034D6D280530B5493205A /* UserProfileView.swift in Sources */,
				DAAEADE6D79CC608E3C7ACBA /* CrashReportingView.swift in Sources */,
				8CA0EA0D8B5BD51B3DDFD332 /* RemoteConfigView.swift in Sources */,
				DC6BCD75B31CB7F82F60A157 /* FeedbackView.swift in Sources */,
				35FA2FA94E00E162F0527060 /* ContentZoneView.swift in Sources */,
				60CDBD865146EB883AA49C9D /* PushNotificationsView.swift in Sources */,
				811D0D80A678391F018A1236 /* ConsentView.swift in Sources */,
				3167AA07BE455F1EA5AD494D /* DeviceIDView.swift in Sources */,
				282D10186E0BFA38643FD53B /* AttributionView.swift in Sources */,
				1BEF01BB1E74DF859506E1CE /* APMView.swift in Sources */,
				B7A2759CA83F51B8AC357A83 /* MultiThreadingView.swift in Sources */,
				EFF246259AFDA4AEA5AE2AD4 /* RequestsUtilitiesView.swift in Sources */,
			);
			runOnlyForDeploymentPostprocessing = 0;
		};
/* End PBXSourcesBuildPhase section */

/* Begin PBXVariantGroup section */
		D252E3881DE074D2006548B0 /* Main.storyboard */ = {
			isa = PBXVariantGroup;
			children = (
				D252E3891DE074D2006548B0 /* Base */,
			);
			name = Main.storyboard;
			sourceTree = "<group>";
		};
		D252E38D1DE074D2006548B0 /* LaunchScreen.storyboard */ = {
			isa = PBXVariantGroup;
			children = (
				D252E38E1DE074D2006548B0 /* Base */,
			);
			name = LaunchScreen.storyboard;
			sourceTree = "<group>";
		};
/* End PBXVariantGroup section */

/* Begin XCBuildConfiguration section */
		D252E3911DE074D2006548B0 /* Debug */ = {
			isa = XCBuildConfiguration;
			buildSettings = {
				ALWAYS_SEARCH_USER_PATHS = NO;
				CLANG_ANALYZER_LOCALIZABILITY_NONLOCALIZED = YES;
				CLANG_ANALYZER_NONNULL = YES;
				CLANG_CXX_LANGUAGE_STANDARD = "gnu++0x";
				CLANG_CXX_LIBRARY = "libc++";
				CLANG_ENABLE_MODULES = YES;
				CLANG_ENABLE_OBJC_ARC = YES;
				CLANG_WARN_BLOCK_CAPTURE_AUTORELEASING = YES;
				CLANG_WARN_BOOL_CONVERSION = YES;
				CLANG_WARN_COMMA = YES;
				CLANG_WARN_CONSTANT_CONVERSION = YES;
				CLANG_WARN_DEPRECATED_OBJC_IMPLEMENTATIONS = YES;
				CLANG_WARN_DIRECT_OBJC_ISA_USAGE = YES_ERROR;
				CLANG_WARN_DOCUMENTATION_COMMENTS = YES;
				CLANG_WARN_EMPTY_BODY = YES;
				CLANG_WARN_ENUM_CONVERSION = YES;
				CLANG_WARN_INFINITE_RECURSION = YES;
				CLANG_WARN_INT_CONVERSION = YES;
				CLANG_WARN_NON_LITERAL_NULL_CONVERSION = YES;
				CLANG_WARN_OBJC_IMPLICIT_RETAIN_SELF = YES;
				CLANG_WARN_OBJC_LITERAL_CONVERSION = YES;
				CLANG_WARN_OBJC_ROOT_CLASS = YES_ERROR;
				CLANG_WARN_QUOTED_INCLUDE_IN_FRAMEWORK_HEADER = YES;
				CLANG_WARN_RANGE_LOOP_ANALYSIS = YES;
				CLANG_WARN_STRICT_PROTOTYPES = YES;
				CLANG_WARN_SUSPICIOUS_MOVE = YES;
				CLANG_WARN_SUSPICIOUS_MOVES = YES;
				CLANG_WARN_UNGUARDED_AVAILABILITY = YES_AGGRESSIVE;
				CLANG_WARN_UNREACHABLE_CODE = YES;
				CLANG_WARN__DUPLICATE_METHOD_MATCH = YES;
				"CODE_SIGN_IDENTITY[sdk=iphoneos*]" = "iPhone Developer";
				COPY_PHASE_STRIP = NO;
				DEBUG_INFORMATION_FORMAT = dwarf;
				ENABLE_STRICT_OBJC_MSGSEND = YES;
				ENABLE_TESTABILITY = YES;
				GCC_C_LANGUAGE_STANDARD = gnu99;
				GCC_DYNAMIC_NO_PIC = NO;
				GCC_NO_COMMON_BLOCKS = YES;
				GCC_OPTIMIZATION_LEVEL = 0;
				GCC_PREPROCESSOR_DEFINITIONS = (
					"DEBUG=1",
					"$(inherited)",
				);
				GCC_WARN_64_TO_32_BIT_CONVERSION = YES;
				GCC_WARN_ABOUT_RETURN_TYPE = YES_ERROR;
				GCC_WARN_SHADOW = YES;
				GCC_WARN_UNDECLARED_SELECTOR = YES;
				GCC_WARN_UNINITIALIZED_AUTOS = YES_AGGRESSIVE;
				GCC_WARN_UNUSED_FUNCTION = YES;
				GCC_WARN_UNUSED_VARIABLE = YES;
				IPHONEOS_DEPLOYMENT_TARGET = 16.0;
				MTL_ENABLE_DEBUG_INFO = YES;
				ONLY_ACTIVE_ARCH = YES;
				SDKROOT = iphoneos;
				SWIFT_ACTIVE_COMPILATION_CONDITIONS = DEBUG;
				SWIFT_OPTIMIZATION_LEVEL = "-Onone";
				SWIFT_SWIFT3_OBJC_INFERENCE = Off;
			};
			name = Debug;
		};
		D252E3921DE074D2006548B0 /* Release */ = {
			isa = XCBuildConfiguration;
			buildSettings = {
				ALWAYS_SEARCH_USER_PATHS = NO;
				CLANG_ANALYZER_LOCALIZABILITY_NONLOCALIZED = YES;
				CLANG_ANALYZER_NONNULL = YES;
				CLANG_CXX_LANGUAGE_STANDARD = "gnu++0x";
				CLANG_CXX_LIBRARY = "libc++";
				CLANG_ENABLE_MODULES = YES;
				CLANG_ENABLE_OBJC_ARC = YES;
				CLANG_WARN_BLOCK_CAPTURE_AUTORELEASING = YES;
				CLANG_WARN_BOOL_CONVERSION = YES;
				CLANG_WARN_COMMA = YES;
				CLANG_WARN_CONSTANT_CONVERSION = YES;
				CLANG_WARN_DEPRECATED_OBJC_IMPLEMENTATIONS = YES;
				CLANG_WARN_DIRECT_OBJC_ISA_USAGE = YES_ERROR;
				CLANG_WARN_DOCUMENTATION_COMMENTS = YES;
				CLANG_WARN_EMPTY_BODY = YES;
				CLANG_WARN_ENUM_CONVERSION = YES;
				CLANG_WARN_INFINITE_RECURSION = YES;
				CLANG_WARN_INT_CONVERSION = YES;
				CLANG_WARN_NON_LITERAL_NULL_CONVERSION = YES;
				CLANG_WARN_OBJC_IMPLICIT_RETAIN_SELF = YES;
				CLANG_WARN_OBJC_LITERAL_CONVERSION = YES;
				CLANG_WARN_OBJC_ROOT_CLASS = YES_ERROR;
				CLANG_WARN_QUOTED_INCLUDE_IN_FRAMEWORK_HEADER = YES;
				CLANG_WARN_RANGE_LOOP_ANALYSIS = YES;
				CLANG_WARN_STRICT_PROTOTYPES = YES;
				CLANG_WARN_SUSPICIOUS_MOVE = YES;
				CLANG_WARN_SUSPICIOUS_MOVES = YES;
				CLANG_WARN_UNGUARDED_AVAILABILITY = YES_AGGRESSIVE;
				CLANG_WARN_UNREACHABLE_CODE = YES;
				CLANG_WARN__DUPLICATE_METHOD_MATCH = YES;
				"CODE_SIGN_IDENTITY[sdk=iphoneos*]" = "iPhone Developer";
				COPY_PHASE_STRIP = NO;
				DEBUG_INFORMATION_FORMAT = "dwarf-with-dsym";
				ENABLE_NS_ASSERTIONS = NO;
				ENABLE_STRICT_OBJC_MSGSEND = YES;
				GCC_C_LANGUAGE_STANDARD = gnu99;
				GCC_NO_COMMON_BLOCKS = YES;
				GCC_WARN_64_TO_32_BIT_CONVERSION = YES;
				GCC_WARN_ABOUT_RETURN_TYPE = YES_ERROR;
				GCC_WARN_SHADOW = YES;
				GCC_WARN_UNDECLARED_SELECTOR = YES;
				GCC_WARN_UNINITIALIZED_AUTOS = YES_AGGRESSIVE;
				GCC_WARN_UNUSED_FUNCTION = YES;
				GCC_WARN_UNUSED_VARIABLE = YES;
				IPHONEOS_DEPLOYMENT_TARGET = 16.0;
				MTL_ENABLE_DEBUG_INFO = NO;
				SDKROOT = iphoneos;
				SWIFT_COMPILATION_MODE = wholemodule;
				SWIFT_OPTIMIZATION_LEVEL = "-O";
				SWIFT_SWIFT3_OBJC_INFERENCE = Off;
				VALIDATE_PRODUCT = YES;
			};
			name = Release;
		};
		D252E3941DE074D2006548B0 /* Debug */ = {
			isa = XCBuildConfiguration;
			buildSettings = {
				ASSETCATALOG_COMPILER_APPICON_NAME = AppIcon;
				CLANG_WARN_UNGUARDED_AVAILABILITY = YES_AGGRESSIVE;
				DEVELOPMENT_TEAM = 3S32KFMHB8;
				INFOPLIST_FILE = "CountlyTestApp-iOS-swift/Info.plist";
				IPHONEOS_DEPLOYMENT_TARGET = 16.0;
				LD_RUNPATH_SEARCH_PATHS = (
					"$(inherited)",
					"@executable_path/Frameworks",
				);
				PRODUCT_BUNDLE_IDENTIFIER = "ly.count.CountlyTestApp-iOS-swift";
				PRODUCT_NAME = "$(TARGET_NAME)";
				SWIFT_OBJC_BRIDGING_HEADER = "CountlyTestApp-iOS-swift/CountlyTestApp-iOS-swift-Bridging-Header.h";
				SWIFT_VERSION = 5.0;
			};
			name = Debug;
		};
		D252E3951DE074D2006548B0 /* Release */ = {
			isa = XCBuildConfiguration;
			buildSettings = {
				ASSETCATALOG_COMPILER_APPICON_NAME = AppIcon;
				CLANG_WARN_UNGUARDED_AVAILABILITY = YES_AGGRESSIVE;
				DEVELOPMENT_TEAM = 3S32KFMHB8;
				INFOPLIST_FILE = "CountlyTestApp-iOS-swift/Info.plist";
				IPHONEOS_DEPLOYMENT_TARGET = 16.0;
				LD_RUNPATH_SEARCH_PATHS = (
					"$(inherited)",
					"@executable_path/Frameworks",
				);
				PRODUCT_BUNDLE_IDENTIFIER = "ly.count.CountlyTestApp-iOS-swift";
				PRODUCT_NAME = "$(TARGET_NAME)";
				SWIFT_OBJC_BRIDGING_HEADER = "CountlyTestApp-iOS-swift/CountlyTestApp-iOS-swift-Bridging-Header.h";
				SWIFT_VERSION = 5.0;
			};
			name = Release;
		};
/* End XCBuildConfiguration section */

/* Begin XCConfigurationList section */
		D252E37C1DE074D2006548B0 /* Build configuration list for PBXProject "CountlyTestApp-iOS-swift" */ = {
			isa = XCConfigurationList;
			buildConfigurations = (
				D252E3911DE074D2006548B0 /* Debug */,
				D252E3921DE074D2006548B0 /* Release */,
			);
			defaultConfigurationIsVisible = 0;
			defaultConfigurationName = Release;
		};
		D252E3931DE074D2006548B0 /* Build configuration list for PBXNativeTarget "CountlyTestApp-iOS-swift" */ = {
			isa = XCConfigurationList;
			buildConfigurations = (
				D252E3941DE074D2006548B0 /* Debug */,
				D252E3951DE074D2006548B0 /* Release */,
			);
			defaultConfigurationIsVisible = 0;
			defaultConfigurationName = Release;
		};
/* End XCConfigurationList section */

/* Begin XCRemoteSwiftPackageReference section */
		FC0EB41B25E1218B50D8DB3F /* XCRemoteSwiftPackageReference "countly-sdk-ios" */ = {
			isa = XCRemoteSwiftPackageReference;
			repositoryURL = "https://github.com/Countly/countly-sdk-ios.git";
			requirement = {
				branch = "vision-os";
				kind = branch;
			};
		};
/* End XCRemoteSwiftPackageReference section */

/* Begin XCSwiftPackageProductDependency section */
		9B0AA69C166B726B2DFC00CE /* Countly */ = {
			isa = XCSwiftPackageProductDependency;
			package = FC0EB41B25E1218B50D8DB3F /* XCRemoteSwiftPackageReference "countly-sdk-ios" */;
			productName = Countly;
		};
/* End XCSwiftPackageProductDependency section */
	};
	rootObject = D252E3791DE074D2006548B0 /* Project object */;
}
