// !$*UTF8*$!
{
	archiveVersion = 1;
	classes = {
	};
	objectVersion = 46;
	objects = {

/* Begin PBXBuildFile section */
		000465B4BC3975F5897790EE /* AttributionModule.swift in Sources */ = {isa = PBXBuildFile; fileRef = 95D83B1439A89D065A6782A6 /* AttributionModule.swift */; };
		00AB9898A5376F15DFB51295 /* WebViewManager.swift in Sources */ = {isa = PBXBuildFile; fileRef = 03CB2C3E108D6C7C35AB08C3 /* WebViewManager.swift */; };
		0506C652A922166DB0023545 /* AttributionView.swift in Sources */ = {isa = PBXBuildFile; fileRef = 055E11A1CBDD1DD4614CFC18 /* AttributionView.swift */; };
		0901C796E68D8134488592FA /* CustomEventsView.swift in Sources */ = {isa = PBXBuildFile; fileRef = 2829C4FB18A8322031353C3D /* CustomEventsView.swift */; };
		0C0C705842BE6AB0A0F5CBD6 /* CountlyCrashesConfig.swift in Sources */ = {isa = PBXBuildFile; fileRef = 713FFE184F0D9189456535DA /* CountlyCrashesConfig.swift */; };
		122EF124CD1AC9FF5C6D6AA5 /* CountlyContentConfig.swift in Sources */ = {isa = PBXBuildFile; fileRef = BD28F30A8FD2B2AC1AB0E26D /* CountlyContentConfig.swift */; };
		1C36DF1FF9555369FD26BCF6 /* CrashModule.swift in Sources */ = {isa = PBXBuildFile; fileRef = 6C520308B5FBBF475B867A16 /* CrashModule.swift */; };
		1FB79BA64CEC3F8D16EFFB95 /* CountlyRCData.swift in Sources */ = {isa = PBXBuildFile; fileRef = B41265DB266A67496A036AB9 /* CountlyRCData.swift */; };
		1FCFBE0B309916ED74E5FC4D /* CoreAPIs.swift in Sources */ = {isa = PBXBuildFile; fileRef = 335FCC532D4DD8BC302B1D55 /* CoreAPIs.swift */; };
		25C15AEABC0AEBB85EBFFE3B /* RequestBuilder.swift in Sources */ = {isa = PBXBuildFile; fileRef = 641801ACAD2E12A049A10FB6 /* RequestBuilder.swift */; };
		25C3F1F432F1D81A646E3424 /* FeedbackModule.swift in Sources */ = {isa = PBXBuildFile; fileRef = B9D24C1549D9AA2BE85EB0F6 /* FeedbackModule.swift */; };
		2F1F2C06A929EB0BABBD0CE0 /* ViewsModule.swift in Sources */ = {isa = PBXBuildFile; fileRef = 173BB422C779B16521BE665F /* ViewsModule.swift */; };
		332CE29F3E3D04F4AB9F2BA4 /* SessionsView.swift in Sources */ = {isa = PBXBuildFile; fileRef = F345099E2B173F0C42B82469 /* SessionsView.swift */; };
		337B72251CAC903E13CDC195 /* CountlyEvent.swift in Sources */ = {isa = PBXBuildFile; fileRef = ABA222A6F1A4ECCE6BB4E0D1 /* CountlyEvent.swift */; };
		390B35851FEA1652D90F5CF4 /* ContentGeometry.swift in Sources */ = {isa = PBXBuildFile; fileRef = 6BC939D837EB499B14D37C25 /* ContentGeometry.swift */; };
		3B09E971F90A59CFE9F14195 /* HealthTracker.swift in Sources */ = {isa = PBXBuildFile; fileRef = BD7988860E1D11B75193EFA4 /* HealthTracker.swift */; };
		44BE9BDE52A66D7B45BD6830 /* Logger.swift in Sources */ = {isa = PBXBuildFile; fileRef = 1DC8C27AC79EE959DFA10B90 /* Logger.swift */; };
		47EA31FE36CD867E09390EF4 /* BackgroundTaskGuard.swift in Sources */ = {isa = PBXBuildFile; fileRef = 763A13FAA522C6CB3BC8EFE8 /* BackgroundTaskGuard.swift */; };
		4B37C829139D89213DEEEAAA /* ViewsView.swift in Sources */ = {isa = PBXBuildFile; fileRef = 31F921A075FF038A64487361 /* ViewsView.swift */; };
		4BBA2CCACA6A9DD7F36FC0EC /* DeviceIDModule.swift in Sources */ = {isa = PBXBuildFile; fileRef = D0420C5846A5D45837972A92 /* DeviceIDModule.swift */; };
		4EDFAC9741BF0260AA93F14D /* RemoteConfigModule.swift in Sources */ = {isa = PBXBuildFile; fileRef = DF983C7FF7E03B92292C9BB4 /* RemoteConfigModule.swift */; };
		4FDEA8A09641FB58D9840764 /* CountlyInstance.swift in Sources */ = {isa = PBXBuildFile; fileRef = C9489CAEF8613E743660F40C /* CountlyInstance.swift */; };
		59ABA5FB5D8B7A3CEDF93C72 /* CountlyCrashData.swift in Sources */ = {isa = PBXBuildFile; fileRef = 1566C88415150D1247B6FE12 /* CountlyCrashData.swift */; };
		5CCDB61899A12A4528C0C2BD /* RootView.swift in Sources */ = {isa = PBXBuildFile; fileRef = B2D3726C2DDD137F9458F208 /* RootView.swift */; };
		5E33C389E3C83A4AF843794C /* ContentZoneView.swift in Sources */ = {isa = PBXBuildFile; fileRef = 896BF04EB6B2E2475390A2D1 /* ContentZoneView.swift */; };
		B7E1A94C20D34F17B8C4E60A /* FeedbackView.swift in Sources */ = {isa = PBXBuildFile; fileRef = D2F86B3155A94C0E9317AA4B /* FeedbackView.swift */; };
		5F9FAAFD46E6289128A7C0AF /* CrashHandlerInstaller.swift in Sources */ = {isa = PBXBuildFile; fileRef = 9DACBBBFF5BD850099CA241B /* CrashHandlerInstaller.swift */; };
		61A050B76D8F66E766E47F1D /* UserProfileModule.swift in Sources */ = {isa = PBXBuildFile; fileRef = 8683A93AEE22C63AB9F8BEE1 /* UserProfileModule.swift */; };
		679B626CA0275B0C8D765325 /* ConnectionManager.swift in Sources */ = {isa = PBXBuildFile; fileRef = 64F7C952024E36BB9973DC48 /* ConnectionManager.swift */; };
		6842EA02084351B5420D1975 /* SDKCore.swift in Sources */ = {isa = PBXBuildFile; fileRef = 1335A00EDC3FE80522747D68 /* SDKCore.swift */; };
		6998388580EB5DB8497988D6 /* RequestsUtilitiesView.swift in Sources */ = {isa = PBXBuildFile; fileRef = 0B7BDBD5F5AD7983A0088333 /* RequestsUtilitiesView.swift */; };
		699A8544A02A3A17203C1258 /* APMModule.swift in Sources */ = {isa = PBXBuildFile; fileRef = 6C0E3C3309ACF1C7BA7272F5 /* APMModule.swift */; };
		6C46EDDC90397866697A9A1A /* ConsentModule.swift in Sources */ = {isa = PBXBuildFile; fileRef = F5335BB819183831D89BED97 /* ConsentModule.swift */; };
		6D63D1C4C566F9843EBDA0D3 /* AppDelegate.swift in Sources */ = {isa = PBXBuildFile; fileRef = 04A5B534F4E6E2090262AC85 /* AppDelegate.swift */; };
		71BAD1C87D13D24749540616 /* RequestQueueStore.swift in Sources */ = {isa = PBXBuildFile; fileRef = 6153D9F218B21C2F58EFF66A /* RequestQueueStore.swift */; };
		73A99788AB1CCABFB258BF08 /* Feature.swift in Sources */ = {isa = PBXBuildFile; fileRef = AB5E510240ED8BDC43D63EE4 /* Feature.swift */; };
		73C53CCD29400F7FA2C689E5 /* InstancesView.swift in Sources */ = {isa = PBXBuildFile; fileRef = F19AA19F1E94EF7F4BBBAD2D /* InstancesView.swift */; };
		751AC409DDB93D7891E62526 /* CountlyViewData.swift in Sources */ = {isa = PBXBuildFile; fileRef = 1599401D506BD656269A4DAC /* CountlyViewData.swift */; };
		782BFF84E9FDADD5275757F5 /* InitView.swift in Sources */ = {isa = PBXBuildFile; fileRef = 0E0F59FFFA7BA09440BADF21 /* InitView.swift */; };
		79F649F4AA328E26C9165A86 /* PushNotificationsView.swift in Sources */ = {isa = PBXBuildFile; fileRef = EA9D00FFA25B3CC53BE30B99 /* PushNotificationsView.swift */; };
		7A1554F22EE75F53D52C610F /* AppLog.swift in Sources */ = {isa = PBXBuildFile; fileRef = BB4AE33021CFCF81FA7FA92C /* AppLog.swift */; };
		7AB59F3CAD8776B898C60C65 /* EventsModule.swift in Sources */ = {isa = PBXBuildFile; fileRef = 6FBCE449E8D6391B6EEF73EC /* EventsModule.swift */; };
		807407F2EF204ED0BEFACBAE /* CountlyAPMConfig.swift in Sources */ = {isa = PBXBuildFile; fileRef = D2960FB3182C7C774061FA2B /* CountlyAPMConfig.swift */; };
		8980994514FC8FE11022923E /* WeakRegistry.swift in Sources */ = {isa = PBXBuildFile; fileRef = 38DA4015C92777485EBAD9A7 /* WeakRegistry.swift */; };
		90FD454B2B408574A325BF64 /* DeviceMetrics.swift in Sources */ = {isa = PBXBuildFile; fileRef = EAE790FE7F15B25F582B96C9 /* DeviceMetrics.swift */; };
		91688C023F7C99537D7BABFC /* MonotonicClock.swift in Sources */ = {isa = PBXBuildFile; fileRef = 266E4BC86A31204B6FBDE658 /* MonotonicClock.swift */; };
		9424C5197BD6655FF25AC737 /* InitModel.swift in Sources */ = {isa = PBXBuildFile; fileRef = F77E18DC13888EB8B5513673 /* InitModel.swift */; };
		9C4F5B76C2F131F31208B93C /* SessionsModule.swift in Sources */ = {isa = PBXBuildFile; fileRef = 50444C5991F46DE57A21AA92 /* SessionsModule.swift */; };
		9CFE18427263D120BF1ADC5D /* LocationView.swift in Sources */ = {isa = PBXBuildFile; fileRef = D817D9191FC01A696259F2D2 /* LocationView.swift */; };
		9F616DBDA88B9145DD416C03 /* CountlyTypes.swift in Sources */ = {isa = PBXBuildFile; fileRef = 57AA78B33C2349D835E0746F /* CountlyTypes.swift */; };
		A4359A5F107C62D0C53108CB /* AutoViewTracker.swift in Sources */ = {isa = PBXBuildFile; fileRef = FC69D07F6F493FC405F4EEC9 /* AutoViewTracker.swift */; };
		A583DF5AD2A1DDFDAEFAA4C8 /* ABTestingView.swift in Sources */ = {isa = PBXBuildFile; fileRef = 6DD8C68A4D363CA0B361D122 /* ABTestingView.swift */; };
		A85DC7D3CBAA25D5067E2219 /* DeviceIDView.swift in Sources */ = {isa = PBXBuildFile; fileRef = AA43E57DBD4CA616F76FD34F /* DeviceIDView.swift */; };
		AD88595B7FCC561722D72BFC /* Countly.swift in Sources */ = {isa = PBXBuildFile; fileRef = 0C35441310A427496D82B615 /* Countly.swift */; };
		AD9770A9A35FEEB187822253 /* PushRuntime.swift in Sources */ = {isa = PBXBuildFile; fileRef = 1C79D719CC63CA2E97C3F92D /* PushRuntime.swift */; };
		AE57237B95A476D139625E0A /* UserModifiersComposerView.swift in Sources */ = {isa = PBXBuildFile; fileRef = 78BC1EACE31795A85AAC90EB /* UserModifiersComposerView.swift */; };
		AF636A9A99911A2E063D515E /* CountlyConfig.swift in Sources */ = {isa = PBXBuildFile; fileRef = D5E7F9AB74EF916F51F90C03 /* CountlyConfig.swift */; };
		AF75B09D173ACAB4B3FC1CB6 /* CountlyUtils.swift in Sources */ = {isa = PBXBuildFile; fileRef = 14897206D6065603A5AFDB24 /* CountlyUtils.swift */; };
		B0BEEC01FF1918DFD02E78EA /* CountlyExperimentalConfig.swift in Sources */ = {isa = PBXBuildFile; fileRef = CD83130B7024999EE7026258 /* CountlyExperimentalConfig.swift */; };
		B6928C62BC7F5472D66F20B7 /* PushModule.swift in Sources */ = {isa = PBXBuildFile; fileRef = A6CE2BFD96E9ACDB21E62EC5 /* PushModule.swift */; };
		B6BA0B2872BE41366271D15B /* APMView.swift in Sources */ = {isa = PBXBuildFile; fileRef = 3B6622AB2948B8C50DFC60B1 /* APMView.swift */; };
		B98B2DE31C5C4C2DDA968C39 /* CountlyConsts.swift in Sources */ = {isa = PBXBuildFile; fileRef = 62E61D1CA80D20FFF6BC34E9 /* CountlyConsts.swift */; };
		C1EE1F0E0A59851190AEC63E /* CountlySDKLimitsConfig.swift in Sources */ = {isa = PBXBuildFile; fileRef = 3E42B7DFD039D35E06D9E2AA /* CountlySDKLimitsConfig.swift */; };
		C5609578DD05E188571CBDAD /* KeyValueStore.swift in Sources */ = {isa = PBXBuildFile; fileRef = 395605E374C26617FD666D1B /* KeyValueStore.swift */; };
		C5C9D7AEC8BD94537F7D4446 /* CrashReportingView.swift in Sources */ = {isa = PBXBuildFile; fileRef = 8445BDA358BBBA6123363BD2 /* CrashReportingView.swift */; };
		C946925C9DF3091BECFD0114 /* LifecycleObserver.swift in Sources */ = {isa = PBXBuildFile; fileRef = 889685D1364176DC35FD21E9 /* LifecycleObserver.swift */; };
		CAA5C6786717371BA576935D /* CrashLogStore.swift in Sources */ = {isa = PBXBuildFile; fileRef = 26058F4B2C30EDF97B651A92 /* CrashLogStore.swift */; };
		D41DB4A30C1145A9C5293B9C /* ComposerSupport.swift in Sources */ = {isa = PBXBuildFile; fileRef = E644BBEDDDBB689DAA529061 /* ComposerSupport.swift */; };
		D8029017E831D27D12D97B8B /* ConsentView.swift in Sources */ = {isa = PBXBuildFile; fileRef = 7BE8C0ADE6CB17C3D7393226 /* ConsentView.swift */; };
		D97DE46F5F5EDB7189A74F7C /* OverlayWindow.swift in Sources */ = {isa = PBXBuildFile; fileRef = 0C23813AD9B5E51DE0742200 /* OverlayWindow.swift */; };
		DB6B1FEFE27CD8600181E307 /* CountlyFeedbackWidget.swift in Sources */ = {isa = PBXBuildFile; fileRef = 7824765C46DB925F7C4F8D4C /* CountlyFeedbackWidget.swift */; };
		DC5607FDD7B548B3ADC6910F /* MultiThreadingView.swift in Sources */ = {isa = PBXBuildFile; fileRef = C30766E541EFEF44B5B77748 /* MultiThreadingView.swift */; };
		E5559266B24415AB9F4A1C00 /* RemoteConfigView.swift in Sources */ = {isa = PBXBuildFile; fileRef = 1760826F2316311453D49F53 /* RemoteConfigView.swift */; };
		E87C9DFB36BDDDF09FF8BDD0 /* EventComposerView.swift in Sources */ = {isa = PBXBuildFile; fileRef = 70B6273A7F9F4573FACE2476 /* EventComposerView.swift */; };
		EC1C317B4F55B59B6DD26D1B /* ServerConfig.swift in Sources */ = {isa = PBXBuildFile; fileRef = D8FE731D7DE2092274AF417D /* ServerConfig.swift */; };
		EC4E031F124C7182E112E1E9 /* UserProfileView.swift in Sources */ = {isa = PBXBuildFile; fileRef = 1C5E1716472D1EFEF514CFB0 /* UserProfileView.swift */; };
		F6140CBBE82E5CD6563B3B5F /* UserDetailsComposerView.swift in Sources */ = {isa = PBXBuildFile; fileRef = B6A607B7FFAAA99E41E35A2F /* UserDetailsComposerView.swift */; };
		F9442AA03BECF91BA6EA1032 /* StorageNamespace.swift in Sources */ = {isa = PBXBuildFile; fileRef = 2D22DBF88241BA9B90666619 /* StorageNamespace.swift */; };
		FAE41CC892DE499C26E71DDE /* FeatureAPIs.swift in Sources */ = {isa = PBXBuildFile; fileRef = 8B721A29E3654F6AAC27A4FA /* FeatureAPIs.swift */; };
		FD63AF492314ECFC96630601 /* AppContext.swift in Sources */ = {isa = PBXBuildFile; fileRef = 4D62A21388FD6D21837141D6 /* AppContext.swift */; };
		FD781CE3C21CF804D0B5D7D2 /* ContentModule.swift in Sources */ = {isa = PBXBuildFile; fileRef = 3CC272B71C0FB041AB2D22DE /* ContentModule.swift */; };
		FD8679C8336734FBA0E9C0CC /* LocationModule.swift in Sources */ = {isa = PBXBuildFile; fileRef = DD36528E9B61E346EF351B5C /* LocationModule.swift */; };
		AA400DFD4219F700A8EA7668 /* Assets.xcassets in Resources */ = {isa = PBXBuildFile; fileRef = 3685E330EC5277A9DD5661C6 /* Assets.xcassets */; };
/* End PBXBuildFile section */

/* Begin PBXFileReference section */
		85673086EF6CFD3A1F8591AF /* CountlyTestApp-macOS-swift.app */ = {isa = PBXFileReference; explicitFileType = wrapper.application; includeInIndex = 0; path = "CountlyTestApp-macOS-swift.app"; sourceTree = BUILT_PRODUCTS_DIR; };
		E4E6D7EFB44C842A7A9609C6 /* Info.plist */ = {isa = PBXFileReference; lastKnownFileType = text.plist.xml; path = Info.plist; sourceTree = "<group>"; };
		E7B1BFA482251F04722B6837 /* CountlyTestApp-macOS-swift.entitlements */ = {isa = PBXFileReference; lastKnownFileType = text.plist.entitlements; path = "CountlyTestApp-macOS-swift.entitlements"; sourceTree = "<group>"; };
		3685E330EC5277A9DD5661C6 /* Assets.xcassets */ = {isa = PBXFileReference; lastKnownFileType = folder.assetcatalog; path = Assets.xcassets; sourceTree = "<group>"; };
		4D62A21388FD6D21837141D6 /* AppContext.swift */ = {isa = PBXFileReference; includeInIndex = 1; lastKnownFileType = sourcecode.swift; path = AppContext.swift; sourceTree = "<group>"; };
		04A5B534F4E6E2090262AC85 /* AppDelegate.swift */ = {isa = PBXFileReference; includeInIndex = 1; lastKnownFileType = sourcecode.swift; path = AppDelegate.swift; sourceTree = "<group>"; };
		BB4AE33021CFCF81FA7FA92C /* AppLog.swift */ = {isa = PBXFileReference; includeInIndex = 1; lastKnownFileType = sourcecode.swift; path = AppLog.swift; sourceTree = "<group>"; };
		E644BBEDDDBB689DAA529061 /* ComposerSupport.swift */ = {isa = PBXFileReference; includeInIndex = 1; lastKnownFileType = sourcecode.swift; path = ComposerSupport.swift; sourceTree = "<group>"; };
		AB5E510240ED8BDC43D63EE4 /* Feature.swift */ = {isa = PBXFileReference; includeInIndex = 1; lastKnownFileType = sourcecode.swift; path = Feature.swift; sourceTree = "<group>"; };
		F77E18DC13888EB8B5513673 /* InitModel.swift */ = {isa = PBXFileReference; includeInIndex = 1; lastKnownFileType = sourcecode.swift; path = InitModel.swift; sourceTree = "<group>"; };
		B2D3726C2DDD137F9458F208 /* RootView.swift */ = {isa = PBXFileReference; includeInIndex = 1; lastKnownFileType = sourcecode.swift; path = RootView.swift; sourceTree = "<group>"; };
		6DD8C68A4D363CA0B361D122 /* ABTestingView.swift */ = {isa = PBXFileReference; includeInIndex = 1; lastKnownFileType = sourcecode.swift; path = ABTestingView.swift; sourceTree = "<group>"; };
		3B6622AB2948B8C50DFC60B1 /* APMView.swift */ = {isa = PBXFileReference; includeInIndex = 1; lastKnownFileType = sourcecode.swift; path = APMView.swift; sourceTree = "<group>"; };
		055E11A1CBDD1DD4614CFC18 /* AttributionView.swift */ = {isa = PBXFileReference; includeInIndex = 1; lastKnownFileType = sourcecode.swift; path = AttributionView.swift; sourceTree = "<group>"; };
		7BE8C0ADE6CB17C3D7393226 /* ConsentView.swift */ = {isa = PBXFileReference; includeInIndex = 1; lastKnownFileType = sourcecode.swift; path = ConsentView.swift; sourceTree = "<group>"; };
		896BF04EB6B2E2475390A2D1 /* ContentZoneView.swift */ = {isa = PBXFileReference; includeInIndex = 1; lastKnownFileType = sourcecode.swift; path = ContentZoneView.swift; sourceTree = "<group>"; };
		D2F86B3155A94C0E9317AA4B /* FeedbackView.swift */ = {isa = PBXFileReference; includeInIndex = 1; lastKnownFileType = sourcecode.swift; path = FeedbackView.swift; sourceTree = "<group>"; };
		8445BDA358BBBA6123363BD2 /* CrashReportingView.swift */ = {isa = PBXFileReference; includeInIndex = 1; lastKnownFileType = sourcecode.swift; path = CrashReportingView.swift; sourceTree = "<group>"; };
		2829C4FB18A8322031353C3D /* CustomEventsView.swift */ = {isa = PBXFileReference; includeInIndex = 1; lastKnownFileType = sourcecode.swift; path = CustomEventsView.swift; sourceTree = "<group>"; };
		AA43E57DBD4CA616F76FD34F /* DeviceIDView.swift */ = {isa = PBXFileReference; includeInIndex = 1; lastKnownFileType = sourcecode.swift; path = DeviceIDView.swift; sourceTree = "<group>"; };
		70B6273A7F9F4573FACE2476 /* EventComposerView.swift */ = {isa = PBXFileReference; includeInIndex = 1; lastKnownFileType = sourcecode.swift; path = EventComposerView.swift; sourceTree = "<group>"; };
		0E0F59FFFA7BA09440BADF21 /* InitView.swift */ = {isa = PBXFileReference; includeInIndex = 1; lastKnownFileType = sourcecode.swift; path = InitView.swift; sourceTree = "<group>"; };
		F19AA19F1E94EF7F4BBBAD2D /* InstancesView.swift */ = {isa = PBXFileReference; includeInIndex = 1; lastKnownFileType = sourcecode.swift; path = InstancesView.swift; sourceTree = "<group>"; };
		D817D9191FC01A696259F2D2 /* LocationView.swift */ = {isa = PBXFileReference; includeInIndex = 1; lastKnownFileType = sourcecode.swift; path = LocationView.swift; sourceTree = "<group>"; };
		C30766E541EFEF44B5B77748 /* MultiThreadingView.swift */ = {isa = PBXFileReference; includeInIndex = 1; lastKnownFileType = sourcecode.swift; path = MultiThreadingView.swift; sourceTree = "<group>"; };
		EA9D00FFA25B3CC53BE30B99 /* PushNotificationsView.swift */ = {isa = PBXFileReference; includeInIndex = 1; lastKnownFileType = sourcecode.swift; path = PushNotificationsView.swift; sourceTree = "<group>"; };
		1760826F2316311453D49F53 /* RemoteConfigView.swift */ = {isa = PBXFileReference; includeInIndex = 1; lastKnownFileType = sourcecode.swift; path = RemoteConfigView.swift; sourceTree = "<group>"; };
		0B7BDBD5F5AD7983A0088333 /* RequestsUtilitiesView.swift */ = {isa = PBXFileReference; includeInIndex = 1; lastKnownFileType = sourcecode.swift; path = RequestsUtilitiesView.swift; sourceTree = "<group>"; };
		F345099E2B173F0C42B82469 /* SessionsView.swift */ = {isa = PBXFileReference; includeInIndex = 1; lastKnownFileType = sourcecode.swift; path = SessionsView.swift; sourceTree = "<group>"; };
		B6A607B7FFAAA99E41E35A2F /* UserDetailsComposerView.swift */ = {isa = PBXFileReference; includeInIndex = 1; lastKnownFileType = sourcecode.swift; path = UserDetailsComposerView.swift; sourceTree = "<group>"; };
		78BC1EACE31795A85AAC90EB /* UserModifiersComposerView.swift */ = {isa = PBXFileReference; includeInIndex = 1; lastKnownFileType = sourcecode.swift; path = UserModifiersComposerView.swift; sourceTree = "<group>"; };
		1C5E1716472D1EFEF514CFB0 /* UserProfileView.swift */ = {isa = PBXFileReference; includeInIndex = 1; lastKnownFileType = sourcecode.swift; path = UserProfileView.swift; sourceTree = "<group>"; };
		31F921A075FF038A64487361 /* ViewsView.swift */ = {isa = PBXFileReference; includeInIndex = 1; lastKnownFileType = sourcecode.swift; path = ViewsView.swift; sourceTree = "<group>"; };
		335FCC532D4DD8BC302B1D55 /* CoreAPIs.swift */ = {isa = PBXFileReference; fileEncoding = 4; lastKnownFileType = sourcecode.swift; name = CoreAPIs.swift; path = API/CoreAPIs.swift; sourceTree = "<group>"; };
		8B721A29E3654F6AAC27A4FA /* FeatureAPIs.swift */ = {isa = PBXFileReference; fileEncoding = 4; lastKnownFileType = sourcecode.swift; name = FeatureAPIs.swift; path = API/FeatureAPIs.swift; sourceTree = "<group>"; };
		D2960FB3182C7C774061FA2B /* CountlyAPMConfig.swift */ = {isa = PBXFileReference; fileEncoding = 4; lastKnownFileType = sourcecode.swift; name = CountlyAPMConfig.swift; path = Config/CountlyAPMConfig.swift; sourceTree = "<group>"; };
		D5E7F9AB74EF916F51F90C03 /* CountlyConfig.swift */ = {isa = PBXFileReference; fileEncoding = 4; lastKnownFileType = sourcecode.swift; name = CountlyConfig.swift; path = Config/CountlyConfig.swift; sourceTree = "<group>"; };
		BD28F30A8FD2B2AC1AB0E26D /* CountlyContentConfig.swift */ = {isa = PBXFileReference; fileEncoding = 4; lastKnownFileType = sourcecode.swift; name = CountlyContentConfig.swift; path = Config/CountlyContentConfig.swift; sourceTree = "<group>"; };
		713FFE184F0D9189456535DA /* CountlyCrashesConfig.swift */ = {isa = PBXFileReference; fileEncoding = 4; lastKnownFileType = sourcecode.swift; name = CountlyCrashesConfig.swift; path = Config/CountlyCrashesConfig.swift; sourceTree = "<group>"; };
		CD83130B7024999EE7026258 /* CountlyExperimentalConfig.swift */ = {isa = PBXFileReference; fileEncoding = 4; lastKnownFileType = sourcecode.swift; name = CountlyExperimentalConfig.swift; path = Config/CountlyExperimentalConfig.swift; sourceTree = "<group>"; };
		3E42B7DFD039D35E06D9E2AA /* CountlySDKLimitsConfig.swift */ = {isa = PBXFileReference; fileEncoding = 4; lastKnownFileType = sourcecode.swift; name = CountlySDKLimitsConfig.swift; path = Config/CountlySDKLimitsConfig.swift; sourceTree = "<group>"; };
		0C35441310A427496D82B615 /* Countly.swift */ = {isa = PBXFileReference; fileEncoding = 4; lastKnownFileType = sourcecode.swift; path = Countly.swift; sourceTree = "<group>"; };
		C9489CAEF8613E743660F40C /* CountlyInstance.swift */ = {isa = PBXFileReference; fileEncoding = 4; lastKnownFileType = sourcecode.swift; path = CountlyInstance.swift; sourceTree = "<group>"; };
		57AA78B33C2349D835E0746F /* CountlyTypes.swift */ = {isa = PBXFileReference; fileEncoding = 4; lastKnownFileType = sourcecode.swift; path = CountlyTypes.swift; sourceTree = "<group>"; };
		FC69D07F6F493FC405F4EEC9 /* AutoViewTracker.swift */ = {isa = PBXFileReference; fileEncoding = 4; lastKnownFileType = sourcecode.swift; name = AutoViewTracker.swift; path = Internal/AutoViewTracker.swift; sourceTree = "<group>"; };
		763A13FAA522C6CB3BC8EFE8 /* BackgroundTaskGuard.swift */ = {isa = PBXFileReference; fileEncoding = 4; lastKnownFileType = sourcecode.swift; name = BackgroundTaskGuard.swift; path = Internal/BackgroundTaskGuard.swift; sourceTree = "<group>"; };
		62E61D1CA80D20FFF6BC34E9 /* CountlyConsts.swift */ = {isa = PBXFileReference; fileEncoding = 4; lastKnownFileType = sourcecode.swift; name = CountlyConsts.swift; path = Internal/CountlyConsts.swift; sourceTree = "<group>"; };
		9DACBBBFF5BD850099CA241B /* CrashHandlerInstaller.swift */ = {isa = PBXFileReference; fileEncoding = 4; lastKnownFileType = sourcecode.swift; name = CrashHandlerInstaller.swift; path = Internal/CrashHandlerInstaller.swift; sourceTree = "<group>"; };
		EAE790FE7F15B25F582B96C9 /* DeviceMetrics.swift */ = {isa = PBXFileReference; fileEncoding = 4; lastKnownFileType = sourcecode.swift; name = DeviceMetrics.swift; path = Internal/DeviceMetrics.swift; sourceTree = "<group>"; };
		BD7988860E1D11B75193EFA4 /* HealthTracker.swift */ = {isa = PBXFileReference; fileEncoding = 4; lastKnownFileType = sourcecode.swift; name = HealthTracker.swift; path = Internal/HealthTracker.swift; sourceTree = "<group>"; };
		889685D1364176DC35FD21E9 /* LifecycleObserver.swift */ = {isa = PBXFileReference; fileEncoding = 4; lastKnownFileType = sourcecode.swift; name = LifecycleObserver.swift; path = Internal/LifecycleObserver.swift; sourceTree = "<group>"; };
		1566C88415150D1247B6FE12 /* CountlyCrashData.swift */ = {isa = PBXFileReference; fileEncoding = 4; lastKnownFileType = sourcecode.swift; name = CountlyCrashData.swift; path = Internal/Models/CountlyCrashData.swift; sourceTree = "<group>"; };
		ABA222A6F1A4ECCE6BB4E0D1 /* CountlyEvent.swift */ = {isa = PBXFileReference; fileEncoding = 4; lastKnownFileType = sourcecode.swift; name = CountlyEvent.swift; path = Internal/Models/CountlyEvent.swift; sourceTree = "<group>"; };
		7824765C46DB925F7C4F8D4C /* CountlyFeedbackWidget.swift */ = {isa = PBXFileReference; fileEncoding = 4; lastKnownFileType = sourcecode.swift; name = CountlyFeedbackWidget.swift; path = Internal/Models/CountlyFeedbackWidget.swift; sourceTree = "<group>"; };
		B41265DB266A67496A036AB9 /* CountlyRCData.swift */ = {isa = PBXFileReference; fileEncoding = 4; lastKnownFileType = sourcecode.swift; name = CountlyRCData.swift; path = Internal/Models/CountlyRCData.swift; sourceTree = "<group>"; };
		1599401D506BD656269A4DAC /* CountlyViewData.swift */ = {isa = PBXFileReference; fileEncoding = 4; lastKnownFileType = sourcecode.swift; name = CountlyViewData.swift; path = Internal/Models/CountlyViewData.swift; sourceTree = "<group>"; };
		6C0E3C3309ACF1C7BA7272F5 /* APMModule.swift */ = {isa = PBXFileReference; fileEncoding = 4; lastKnownFileType = sourcecode.swift; name = APMModule.swift; path = Internal/Modules/APMModule.swift; sourceTree = "<group>"; };
		95D83B1439A89D065A6782A6 /* AttributionModule.swift */ = {isa = PBXFileReference; fileEncoding = 4; lastKnownFileType = sourcecode.swift; name = AttributionModule.swift; path = Internal/Modules/AttributionModule.swift; sourceTree = "<group>"; };
		F5335BB819183831D89BED97 /* ConsentModule.swift */ = {isa = PBXFileReference; fileEncoding = 4; lastKnownFileType = sourcecode.swift; name = ConsentModule.swift; path = Internal/Modules/ConsentModule.swift; sourceTree = "<group>"; };
		3CC272B71C0FB041AB2D22DE /* ContentModule.swift */ = {isa = PBXFileReference; fileEncoding = 4; lastKnownFileType = sourcecode.swift; name = ContentModule.swift; path = Internal/Modules/ContentModule.swift; sourceTree = "<group>"; };
		6C520308B5FBBF475B867A16 /* CrashModule.swift */ = {isa = PBXFileReference; fileEncoding = 4; lastKnownFileType = sourcecode.swift; name = CrashModule.swift; path = Internal/Modules/CrashModule.swift; sourceTree = "<group>"; };
		D0420C5846A5D45837972A92 /* DeviceIDModule.swift */ = {isa = PBXFileReference; fileEncoding = 4; lastKnownFileType = sourcecode.swift; name = DeviceIDModule.swift; path = Internal/Modules/DeviceIDModule.swift; sourceTree = "<group>"; };
		6FBCE449E8D6391B6EEF73EC /* EventsModule.swift */ = {isa = PBXFileReference; fileEncoding = 4; lastKnownFileType = sourcecode.swift; name = EventsModule.swift; path = Internal/Modules/EventsModule.swift; sourceTree = "<group>"; };
		B9D24C1549D9AA2BE85EB0F6 /* FeedbackModule.swift */ = {isa = PBXFileReference; fileEncoding = 4; lastKnownFileType = sourcecode.swift; name = FeedbackModule.swift; path = Internal/Modules/FeedbackModule.swift; sourceTree = "<group>"; };
		DD36528E9B61E346EF351B5C /* LocationModule.swift */ = {isa = PBXFileReference; fileEncoding = 4; lastKnownFileType = sourcecode.swift; name = LocationModule.swift; path = Internal/Modules/LocationModule.swift; sourceTree = "<group>"; };
		A6CE2BFD96E9ACDB21E62EC5 /* PushModule.swift */ = {isa = PBXFileReference; fileEncoding = 4; lastKnownFileType = sourcecode.swift; name = PushModule.swift; path = Internal/Modules/PushModule.swift; sourceTree = "<group>"; };
		DF983C7FF7E03B92292C9BB4 /* RemoteConfigModule.swift */ = {isa = PBXFileReference; fileEncoding = 4; lastKnownFileType = sourcecode.swift; name = RemoteConfigModule.swift; path = Internal/Modules/RemoteConfigModule.swift; sourceTree = "<group>"; };
		50444C5991F46DE57A21AA92 /* SessionsModule.swift */ = {isa = PBXFileReference; fileEncoding = 4; lastKnownFileType = sourcecode.swift; name = SessionsModule.swift; path = Internal/Modules/SessionsModule.swift; sourceTree = "<group>"; };
		8683A93AEE22C63AB9F8BEE1 /* UserProfileModule.swift */ = {isa = PBXFileReference; fileEncoding = 4; lastKnownFileType = sourcecode.swift; name = UserProfileModule.swift; path = Internal/Modules/UserProfileModule.swift; sourceTree = "<group>"; };
		173BB422C779B16521BE665F /* ViewsModule.swift */ = {isa = PBXFileReference; fileEncoding = 4; lastKnownFileType = sourcecode.swift; name = ViewsModule.swift; path = Internal/Modules/ViewsModule.swift; sourceTree = "<group>"; };
		64F7C952024E36BB9973DC48 /* ConnectionManager.swift */ = {isa = PBXFileReference; fileEncoding = 4; lastKnownFileType = sourcecode.swift; name = ConnectionManager.swift; path = Internal/Network/ConnectionManager.swift; sourceTree = "<group>"; };
		641801ACAD2E12A049A10FB6 /* RequestBuilder.swift */ = {isa = PBXFileReference; fileEncoding = 4; lastKnownFileType = sourcecode.swift; name = RequestBuilder.swift; path = Internal/Network/RequestBuilder.swift; sourceTree = "<group>"; };
		1C79D719CC63CA2E97C3F92D /* PushRuntime.swift */ = {isa = PBXFileReference; fileEncoding = 4; lastKnownFileType = sourcecode.swift; name = PushRuntime.swift; path = Internal/PushRuntime.swift; sourceTree = "<group>"; };
		1335A00EDC3FE80522747D68 /* SDKCore.swift */ = {isa = PBXFileReference; fileEncoding = 4; lastKnownFileType = sourcecode.swift; name = SDKCore.swift; path = Internal/SDKCore.swift; sourceTree = "<group>"; };
		D8FE731D7DE2092274AF417D /* ServerConfig.swift */ = {isa = PBXFileReference; fileEncoding = 4; lastKnownFileType = sourcecode.swift; name = ServerConfig.swift; path = Internal/ServerConfig.swift; sourceTree = "<group>"; };
		26058F4B2C30EDF97B651A92 /* CrashLogStore.swift */ = {isa = PBXFileReference; fileEncoding = 4; lastKnownFileType = sourcecode.swift; name = CrashLogStore.swift; path = Internal/Storage/CrashLogStore.swift; sourceTree = "<group>"; };
		395605E374C26617FD666D1B /* KeyValueStore.swift */ = {isa = PBXFileReference; fileEncoding = 4; lastKnownFileType = sourcecode.swift; name = KeyValueStore.swift; path = Internal/Storage/KeyValueStore.swift; sourceTree = "<group>"; };
		6153D9F218B21C2F58EFF66A /* RequestQueueStore.swift */ = {isa = PBXFileReference; fileEncoding = 4; lastKnownFileType = sourcecode.swift; name = RequestQueueStore.swift; path = Internal/Storage/RequestQueueStore.swift; sourceTree = "<group>"; };
		2D22DBF88241BA9B90666619 /* StorageNamespace.swift */ = {isa = PBXFileReference; fileEncoding = 4; lastKnownFileType = sourcecode.swift; name = StorageNamespace.swift; path = Internal/Storage/StorageNamespace.swift; sourceTree = "<group>"; };
		14897206D6065603A5AFDB24 /* CountlyUtils.swift */ = {isa = PBXFileReference; fileEncoding = 4; lastKnownFileType = sourcecode.swift; name = CountlyUtils.swift; path = Internal/Util/CountlyUtils.swift; sourceTree = "<group>"; };
		1DC8C27AC79EE959DFA10B90 /* Logger.swift */ = {isa = PBXFileReference; fileEncoding = 4; lastKnownFileType = sourcecode.swift; name = Logger.swift; path = Internal/Util/Logger.swift; sourceTree = "<group>"; };
		266E4BC86A31204B6FBDE658 /* MonotonicClock.swift */ = {isa = PBXFileReference; fileEncoding = 4; lastKnownFileType = sourcecode.swift; name = MonotonicClock.swift; path = Internal/Util/MonotonicClock.swift; sourceTree = "<group>"; };
		38DA4015C92777485EBAD9A7 /* WeakRegistry.swift */ = {isa = PBXFileReference; fileEncoding = 4; lastKnownFileType = sourcecode.swift; name = WeakRegistry.swift; path = Internal/Util/WeakRegistry.swift; sourceTree = "<group>"; };
		6BC939D837EB499B14D37C25 /* ContentGeometry.swift */ = {isa = PBXFileReference; fileEncoding = 4; lastKnownFileType = sourcecode.swift; name = ContentGeometry.swift; path = UI/ContentGeometry.swift; sourceTree = "<group>"; };
		0C23813AD9B5E51DE0742200 /* OverlayWindow.swift */ = {isa = PBXFileReference; fileEncoding = 4; lastKnownFileType = sourcecode.swift; name = OverlayWindow.swift; path = UI/OverlayWindow.swift; sourceTree = "<group>"; };
		03CB2C3E108D6C7C35AB08C3 /* WebViewManager.swift */ = {isa = PBXFileReference; fileEncoding = 4; lastKnownFileType = sourcecode.swift; name = WebViewManager.swift; path = UI/WebViewManager.swift; sourceTree = "<group>"; };
/* End PBXFileReference section */

/* Begin PBXFrameworksBuildPhase section */
		69BE8A4D8E4D9DA4E7DB3928 /* Frameworks */ = {
			isa = PBXFrameworksBuildPhase;
			buildActionMask = 2147483647;
			files = (
			);
			runOnlyForDeploymentPostprocessing = 0;
		};
/* End PBXFrameworksBuildPhase section */

/* Begin PBXGroup section */
		E50290A24C49A459B43487C5 = {
			isa = PBXGroup;
			children = (
				042B2F9EE61D429CE6400311 /* countly-sdk-swift */,
				69F8D45498D7E20DA99BB780 /* CountlyTestApp-macOS-swift */,
				FBDC4F23F93125BBEEAE800C /* Products */,
			);
			sourceTree = "<group>";
		};
		FBDC4F23F93125BBEEAE800C /* Products */ = {
			isa = PBXGroup;
			children = (
				85673086EF6CFD3A1F8591AF /* CountlyTestApp-macOS-swift.app */,
			);
			name = Products;
			sourceTree = "<group>";
		};
		69F8D45498D7E20DA99BB780 /* CountlyTestApp-macOS-swift */ = {
			isa = PBXGroup;
			children = (
				4D62A21388FD6D21837141D6 /* AppContext.swift */,
				04A5B534F4E6E2090262AC85 /* AppDelegate.swift */,
				BB4AE33021CFCF81FA7FA92C /* AppLog.swift */,
				E644BBEDDDBB689DAA529061 /* ComposerSupport.swift */,
				AB5E510240ED8BDC43D63EE4 /* Feature.swift */,
				F77E18DC13888EB8B5513673 /* InitModel.swift */,
				B2D3726C2DDD137F9458F208 /* RootView.swift */,
				1E973DBB944743DBFF4A2778 /* Features */,
				3685E330EC5277A9DD5661C6 /* Assets.xcassets */,
				E4E6D7EFB44C842A7A9609C6 /* Info.plist */,
				E7B1BFA482251F04722B6837 /* CountlyTestApp-macOS-swift.entitlements */,
			);
			path = "CountlyTestApp-macOS-swift";
			sourceTree = "<group>";
		};
		1E973DBB944743DBFF4A2778 /* Features */ = {
			isa = PBXGroup;
			children = (
				6DD8C68A4D363CA0B361D122 /* ABTestingView.swift */,
				3B6622AB2948B8C50DFC60B1 /* APMView.swift */,
				055E11A1CBDD1DD4614CFC18 /* AttributionView.swift */,
				7BE8C0ADE6CB17C3D7393226 /* ConsentView.swift */,
				896BF04EB6B2E2475390A2D1 /* ContentZoneView.swift */,
				D2F86B3155A94C0E9317AA4B /* FeedbackView.swift */,
				8445BDA358BBBA6123363BD2 /* CrashReportingView.swift */,
				2829C4FB18A8322031353C3D /* CustomEventsView.swift */,
				AA43E57DBD4CA616F76FD34F /* DeviceIDView.swift */,
				70B6273A7F9F4573FACE2476 /* EventComposerView.swift */,
				0E0F59FFFA7BA09440BADF21 /* InitView.swift */,
				F19AA19F1E94EF7F4BBBAD2D /* InstancesView.swift */,
				D817D9191FC01A696259F2D2 /* LocationView.swift */,
				C30766E541EFEF44B5B77748 /* MultiThreadingView.swift */,
				EA9D00FFA25B3CC53BE30B99 /* PushNotificationsView.swift */,
				1760826F2316311453D49F53 /* RemoteConfigView.swift */,
				0B7BDBD5F5AD7983A0088333 /* RequestsUtilitiesView.swift */,
				F345099E2B173F0C42B82469 /* SessionsView.swift */,
				B6A607B7FFAAA99E41E35A2F /* UserDetailsComposerView.swift */,
				78BC1EACE31795A85AAC90EB /* UserModifiersComposerView.swift */,
				1C5E1716472D1EFEF514CFB0 /* UserProfileView.swift */,
				31F921A075FF038A64487361 /* ViewsView.swift */,
			);
			path = Features;
			sourceTree = "<group>";
		};
		042B2F9EE61D429CE6400311 /* countly-sdk-swift */ = {
			isa = PBXGroup;
			children = (
				335FCC532D4DD8BC302B1D55 /* CoreAPIs.swift */,
				8B721A29E3654F6AAC27A4FA /* FeatureAPIs.swift */,
				D2960FB3182C7C774061FA2B /* CountlyAPMConfig.swift */,
				D5E7F9AB74EF916F51F90C03 /* CountlyConfig.swift */,
				BD28F30A8FD2B2AC1AB0E26D /* CountlyContentConfig.swift */,
				713FFE184F0D9189456535DA /* CountlyCrashesConfig.swift */,
				CD83130B7024999EE7026258 /* CountlyExperimentalConfig.swift */,
				3E42B7DFD039D35E06D9E2AA /* CountlySDKLimitsConfig.swift */,
				0C35441310A427496D82B615 /* Countly.swift */,
				C9489CAEF8613E743660F40C /* CountlyInstance.swift */,
				57AA78B33C2349D835E0746F /* CountlyTypes.swift */,
				FC69D07F6F493FC405F4EEC9 /* AutoViewTracker.swift */,
				763A13FAA522C6CB3BC8EFE8 /* BackgroundTaskGuard.swift */,
				62E61D1CA80D20FFF6BC34E9 /* CountlyConsts.swift */,
				9DACBBBFF5BD850099CA241B /* CrashHandlerInstaller.swift */,
				EAE790FE7F15B25F582B96C9 /* DeviceMetrics.swift */,
				BD7988860E1D11B75193EFA4 /* HealthTracker.swift */,
				889685D1364176DC35FD21E9 /* LifecycleObserver.swift */,
				1566C88415150D1247B6FE12 /* CountlyCrashData.swift */,
				ABA222A6F1A4ECCE6BB4E0D1 /* CountlyEvent.swift */,
				7824765C46DB925F7C4F8D4C /* CountlyFeedbackWidget.swift */,
				B41265DB266A67496A036AB9 /* CountlyRCData.swift */,
				1599401D506BD656269A4DAC /* CountlyViewData.swift */,
				6C0E3C3309ACF1C7BA7272F5 /* APMModule.swift */,
				95D83B1439A89D065A6782A6 /* AttributionModule.swift */,
				F5335BB819183831D89BED97 /* ConsentModule.swift */,
				3CC272B71C0FB041AB2D22DE /* ContentModule.swift */,
				6C520308B5FBBF475B867A16 /* CrashModule.swift */,
				D0420C5846A5D45837972A92 /* DeviceIDModule.swift */,
				6FBCE449E8D6391B6EEF73EC /* EventsModule.swift */,
				B9D24C1549D9AA2BE85EB0F6 /* FeedbackModule.swift */,
				DD36528E9B61E346EF351B5C /* LocationModule.swift */,
				A6CE2BFD96E9ACDB21E62EC5 /* PushModule.swift */,
				DF983C7FF7E03B92292C9BB4 /* RemoteConfigModule.swift */,
				50444C5991F46DE57A21AA92 /* SessionsModule.swift */,
				8683A93AEE22C63AB9F8BEE1 /* UserProfileModule.swift */,
				173BB422C779B16521BE665F /* ViewsModule.swift */,
				64F7C952024E36BB9973DC48 /* ConnectionManager.swift */,
				641801ACAD2E12A049A10FB6 /* RequestBuilder.swift */,
				1C79D719CC63CA2E97C3F92D /* PushRuntime.swift */,
				1335A00EDC3FE80522747D68 /* SDKCore.swift */,
				D8FE731D7DE2092274AF417D /* ServerConfig.swift */,
				26058F4B2C30EDF97B651A92 /* CrashLogStore.swift */,
				395605E374C26617FD666D1B /* KeyValueStore.swift */,
				6153D9F218B21C2F58EFF66A /* RequestQueueStore.swift */,
				2D22DBF88241BA9B90666619 /* StorageNamespace.swift */,
				14897206D6065603A5AFDB24 /* CountlyUtils.swift */,
				1DC8C27AC79EE959DFA10B90 /* Logger.swift */,
				266E4BC86A31204B6FBDE658 /* MonotonicClock.swift */,
				38DA4015C92777485EBAD9A7 /* WeakRegistry.swift */,
				6BC939D837EB499B14D37C25 /* ContentGeometry.swift */,
				0C23813AD9B5E51DE0742200 /* OverlayWindow.swift */,
				03CB2C3E108D6C7C35AB08C3 /* WebViewManager.swift */,
			);
			name = "countly-sdk-swift";
			path = "../../countly-sdk-swift/Sources/Countly";
			sourceTree = "<group>";
		};
/* End PBXGroup section */

/* Begin PBXNativeTarget section */
		E339CCA5FA1307835DBAF2D0 /* CountlyTestApp-macOS-swift */ = {
			isa = PBXNativeTarget;
			buildConfigurationList = B483F6EB73610DE752E457A0 /* Build configuration list for PBXNativeTarget "CountlyTestApp-macOS-swift" */;
			buildPhases = (
				4E57AE888889001C06A4F7E8 /* Sources */,
				69BE8A4D8E4D9DA4E7DB3928 /* Frameworks */,
				D6C9E8A172005E68A1DD674F /* Resources */,
			);
			buildRules = (
			);
			dependencies = (
			);
			name = "CountlyTestApp-macOS-swift";
			productName = "CountlyTestApp-macOS-swift";
			productReference = 85673086EF6CFD3A1F8591AF /* CountlyTestApp-macOS-swift.app */;
			productType = "com.apple.product-type.application";
		};
/* End PBXNativeTarget section */

/* Begin PBXProject section */
		98F54143AB4E86B28C3AFEE0 /* Project object */ = {
			isa = PBXProject;
			attributes = {
				LastSwiftUpdateCheck = 1610;
				LastUpgradeCheck = 1610;
				ORGANIZATIONNAME = Countly;
				TargetAttributes = {
					E339CCA5FA1307835DBAF2D0 = {
						CreatedOnToolsVersion = 16.1;
						ProvisioningStyle = Automatic;
					};
				};
			};
			buildConfigurationList = 550FEBBE252641242DA80FDE /* Build configuration list for PBXProject "CountlyTestApp-macOS-swift" */;
			compatibilityVersion = "Xcode 3.2";
			developmentRegion = en;
			hasScannedForEncodings = 0;
			knownRegions = (
				en,
				Base,
			);
			mainGroup = E50290A24C49A459B43487C5;
			productRefGroup = FBDC4F23F93125BBEEAE800C /* Products */;
			projectDirPath = "";
			projectRoot = "";
			targets = (
				E339CCA5FA1307835DBAF2D0 /* CountlyTestApp-macOS-swift */,
			);
		};
/* End PBXProject section */

/* Begin PBXResourcesBuildPhase section */
		D6C9E8A172005E68A1DD674F /* Resources */ = {
			isa = PBXResourcesBuildPhase;
			buildActionMask = 2147483647;
			files = (
				AA400DFD4219F700A8EA7668 /* Assets.xcassets in Resources */,
			);
			runOnlyForDeploymentPostprocessing = 0;
		};
/* End PBXResourcesBuildPhase section */

/* Begin PBXSourcesBuildPhase section */
		4E57AE888889001C06A4F7E8 /* Sources */ = {
			isa = PBXSourcesBuildPhase;
			buildActionMask = 2147483647;
			files = (
				FD63AF492314ECFC96630601 /* AppContext.swift in Sources */,
				6D63D1C4C566F9843EBDA0D3 /* AppDelegate.swift in Sources */,
				7A1554F22EE75F53D52C610F /* AppLog.swift in Sources */,
				D41DB4A30C1145A9C5293B9C /* ComposerSupport.swift in Sources */,
				73A99788AB1CCABFB258BF08 /* Feature.swift in Sources */,
				9424C5197BD6655FF25AC737 /* InitModel.swift in Sources */,
				5CCDB61899A12A4528C0C2BD /* RootView.swift in Sources */,
				A583DF5AD2A1DDFDAEFAA4C8 /* ABTestingView.swift in Sources */,
				B6BA0B2872BE41366271D15B /* APMView.swift in Sources */,
				0506C652A922166DB0023545 /* AttributionView.swift in Sources */,
				D8029017E831D27D12D97B8B /* ConsentView.swift in Sources */,
				5E33C389E3C83A4AF843794C /* ContentZoneView.swift in Sources */,
				B7E1A94C20D34F17B8C4E60A /* FeedbackView.swift in Sources */,
				C5C9D7AEC8BD94537F7D4446 /* CrashReportingView.swift in Sources */,
				0901C796E68D8134488592FA /* CustomEventsView.swift in Sources */,
				A85DC7D3CBAA25D5067E2219 /* DeviceIDView.swift in Sources */,
				E87C9DFB36BDDDF09FF8BDD0 /* EventComposerView.swift in Sources */,
				782BFF84E9FDADD5275757F5 /* InitView.swift in Sources */,
				73C53CCD29400F7FA2C689E5 /* InstancesView.swift in Sources */,
				9CFE18427263D120BF1ADC5D /* LocationView.swift in Sources */,
				DC5607FDD7B548B3ADC6910F /* MultiThreadingView.swift in Sources */,
				79F649F4AA328E26C9165A86 /* PushNotificationsView.swift in Sources */,
				E5559266B24415AB9F4A1C00 /* RemoteConfigView.swift in Sources */,
				6998388580EB5DB8497988D6 /* RequestsUtilitiesView.swift in Sources */,
				332CE29F3E3D04F4AB9F2BA4 /* SessionsView.swift in Sources */,
				F6140CBBE82E5CD6563B3B5F /* UserDetailsComposerView.swift in Sources */,
				AE57237B95A476D139625E0A /* UserModifiersComposerView.swift in Sources */,
				EC4E031F124C7182E112E1E9 /* UserProfileView.swift in Sources */,
				4B37C829139D89213DEEEAAA /* ViewsView.swift in Sources */,
				1FCFBE0B309916ED74E5FC4D /* CoreAPIs.swift in Sources */,
				FAE41CC892DE499C26E71DDE /* FeatureAPIs.swift in Sources */,
				807407F2EF204ED0BEFACBAE /* CountlyAPMConfig.swift in Sources */,
				AF636A9A99911A2E063D515E /* CountlyConfig.swift in Sources */,
				122EF124CD1AC9FF5C6D6AA5 /* CountlyContentConfig.swift in Sources */,
				0C0C705842BE6AB0A0F5CBD6 /* CountlyCrashesConfig.swift in Sources */,
				B0BEEC01FF1918DFD02E78EA /* CountlyExperimentalConfig.swift in Sources */,
				C1EE1F0E0A59851190AEC63E /* CountlySDKLimitsConfig.swift in Sources */,
				AD88595B7FCC561722D72BFC /* Countly.swift in Sources */,
				4FDEA8A09641FB58D9840764 /* CountlyInstance.swift in Sources */,
				9F616DBDA88B9145DD416C03 /* CountlyTypes.swift in Sources */,
				A4359A5F107C62D0C53108CB /* AutoViewTracker.swift in Sources */,
				47EA31FE36CD867E09390EF4 /* BackgroundTaskGuard.swift in Sources */,
				B98B2DE31C5C4C2DDA968C39 /* CountlyConsts.swift in Sources */,
				5F9FAAFD46E6289128A7C0AF /* CrashHandlerInstaller.swift in Sources */,
				90FD454B2B408574A325BF64 /* DeviceMetrics.swift in Sources */,
				3B09E971F90A59CFE9F14195 /* HealthTracker.swift in Sources */,
				C946925C9DF3091BECFD0114 /* LifecycleObserver.swift in Sources */,
				59ABA5FB5D8B7A3CEDF93C72 /* CountlyCrashData.swift in Sources */,
				337B72251CAC903E13CDC195 /* CountlyEvent.swift in Sources */,
				DB6B1FEFE27CD8600181E307 /* CountlyFeedbackWidget.swift in Sources */,
				1FB79BA64CEC3F8D16EFFB95 /* CountlyRCData.swift in Sources */,
				751AC409DDB93D7891E62526 /* CountlyViewData.swift in Sources */,
				699A8544A02A3A17203C1258 /* APMModule.swift in Sources */,
				000465B4BC3975F5897790EE /* AttributionModule.swift in Sources */,
				6C46EDDC90397866697A9A1A /* ConsentModule.swift in Sources */,
				FD781CE3C21CF804D0B5D7D2 /* ContentModule.swift in Sources */,
				1C36DF1FF9555369FD26BCF6 /* CrashModule.swift in Sources */,
				4BBA2CCACA6A9DD7F36FC0EC /* DeviceIDModule.swift in Sources */,
				7AB59F3CAD8776B898C60C65 /* EventsModule.swift in Sources */,
				25C3F1F432F1D81A646E3424 /* FeedbackModule.swift in Sources */,
				FD8679C8336734FBA0E9C0CC /* LocationModule.swift in Sources */,
				B6928C62BC7F5472D66F20B7 /* PushModule.swift in Sources */,
				4EDFAC9741BF0260AA93F14D /* RemoteConfigModule.swift in Sources */,
				9C4F5B76C2F131F31208B93C /* SessionsModule.swift in Sources */,
				61A050B76D8F66E766E47F1D /* UserProfileModule.swift in Sources */,
				2F1F2C06A929EB0BABBD0CE0 /* ViewsModule.swift in Sources */,
				679B626CA0275B0C8D765325 /* ConnectionManager.swift in Sources */,
				25C15AEABC0AEBB85EBFFE3B /* RequestBuilder.swift in Sources */,
				AD9770A9A35FEEB187822253 /* PushRuntime.swift in Sources */,
				6842EA02084351B5420D1975 /* SDKCore.swift in Sources */,
				EC1C317B4F55B59B6DD26D1B /* ServerConfig.swift in Sources */,
				CAA5C6786717371BA576935D /* CrashLogStore.swift in Sources */,
				C5609578DD05E188571CBDAD /* KeyValueStore.swift in Sources */,
				71BAD1C87D13D24749540616 /* RequestQueueStore.swift in Sources */,
				F9442AA03BECF91BA6EA1032 /* StorageNamespace.swift in Sources */,
				AF75B09D173ACAB4B3FC1CB6 /* CountlyUtils.swift in Sources */,
				44BE9BDE52A66D7B45BD6830 /* Logger.swift in Sources */,
				91688C023F7C99537D7BABFC /* MonotonicClock.swift in Sources */,
				8980994514FC8FE11022923E /* WeakRegistry.swift in Sources */,
				390B35851FEA1652D90F5CF4 /* ContentGeometry.swift in Sources */,
				D97DE46F5F5EDB7189A74F7C /* OverlayWindow.swift in Sources */,
				00AB9898A5376F15DFB51295 /* WebViewManager.swift in Sources */,
			);
			runOnlyForDeploymentPostprocessing = 0;
		};
/* End PBXSourcesBuildPhase section */

/* Begin XCBuildConfiguration section */
		D08DD63EED508AD30D0CB0B4 /* Debug */ = {
			isa = XCBuildConfiguration;
			buildSettings = {
				ALWAYS_SEARCH_USER_PATHS = NO;
				CLANG_ANALYZER_NONNULL = YES;
				CLANG_ENABLE_MODULES = YES;
				CLANG_ENABLE_OBJC_ARC = YES;
				CLANG_WARN_BOOL_CONVERSION = YES;
				CLANG_WARN_CONSTANT_CONVERSION = YES;
				CLANG_WARN_DOCUMENTATION_COMMENTS = YES;
				CLANG_WARN_EMPTY_BODY = YES;
				CLANG_WARN_ENUM_CONVERSION = YES;
				CLANG_WARN_INFINITE_RECURSION = YES;
				CLANG_WARN_INT_CONVERSION = YES;
				CLANG_WARN_UNGUARDED_AVAILABILITY = YES_AGGRESSIVE;
				CLANG_WARN_UNREACHABLE_CODE = YES;
				COPY_PHASE_STRIP = NO;
				ENABLE_STRICT_OBJC_MSGSEND = YES;
				GCC_NO_COMMON_BLOCKS = YES;
				GCC_WARN_ABOUT_RETURN_TYPE = YES_ERROR;
				GCC_WARN_UNDECLARED_SELECTOR = YES;
				GCC_WARN_UNINITIALIZED_AUTOS = YES_AGGRESSIVE;
				GCC_WARN_UNUSED_FUNCTION = YES;
				GCC_WARN_UNUSED_VARIABLE = YES;
				MACOSX_DEPLOYMENT_TARGET = 12.0;
				SDKROOT = macosx;
				SWIFT_VERSION = 5.0;
				DEBUG_INFORMATION_FORMAT = dwarf;
				ENABLE_TESTABILITY = YES;
				GCC_OPTIMIZATION_LEVEL = 0;
				GCC_PREPROCESSOR_DEFINITIONS = (
					"DEBUG=1",
					"$(inherited)",
				);
				MTL_ENABLE_DEBUG_INFO = YES;
				ONLY_ACTIVE_ARCH = YES;
				SWIFT_ACTIVE_COMPILATION_CONDITIONS = DEBUG;
				SWIFT_OPTIMIZATION_LEVEL = "-Onone";
			};
			name = Debug;
		};
		811CB99F7A296F7846C18A7F /* Release */ = {
			isa = XCBuildConfiguration;
			buildSettings = {
				ALWAYS_SEARCH_USER_PATHS = NO;
				CLANG_ANALYZER_NONNULL = YES;
				CLANG_ENABLE_MODULES = YES;
				CLANG_ENABLE_OBJC_ARC = YES;
				CLANG_WARN_BOOL_CONVERSION = YES;
				CLANG_WARN_CONSTANT_CONVERSION = YES;
				CLANG_WARN_DOCUMENTATION_COMMENTS = YES;
				CLANG_WARN_EMPTY_BODY = YES;
				CLANG_WARN_ENUM_CONVERSION = YES;
				CLANG_WARN_INFINITE_RECURSION = YES;
				CLANG_WARN_INT_CONVERSION = YES;
				CLANG_WARN_UNGUARDED_AVAILABILITY = YES_AGGRESSIVE;
				CLANG_WARN_UNREACHABLE_CODE = YES;
				COPY_PHASE_STRIP = NO;
				ENABLE_STRICT_OBJC_MSGSEND = YES;
				GCC_NO_COMMON_BLOCKS = YES;
				GCC_WARN_ABOUT_RETURN_TYPE = YES_ERROR;
				GCC_WARN_UNDECLARED_SELECTOR = YES;
				GCC_WARN_UNINITIALIZED_AUTOS = YES_AGGRESSIVE;
				GCC_WARN_UNUSED_FUNCTION = YES;
				GCC_WARN_UNUSED_VARIABLE = YES;
				MACOSX_DEPLOYMENT_TARGET = 12.0;
				SDKROOT = macosx;
				SWIFT_VERSION = 5.0;
				DEBUG_INFORMATION_FORMAT = "dwarf-with-dsym";
				ENABLE_NS_ASSERTIONS = NO;
				MTL_ENABLE_DEBUG_INFO = NO;
				SWIFT_COMPILATION_MODE = wholemodule;
				SWIFT_OPTIMIZATION_LEVEL = "-O";
			};
			name = Release;
		};
		7082CC0B6FC1282FCEABD07A /* Debug */ = {
			isa = XCBuildConfiguration;
			buildSettings = {
				ASSETCATALOG_COMPILER_APPICON_NAME = AppIcon;
				CODE_SIGN_ENTITLEMENTS = "CountlyTestApp-macOS-swift/CountlyTestApp-macOS-swift.entitlements";
				CODE_SIGN_STYLE = Automatic;
				COMBINE_HIDPI_IMAGES = YES;
				ENABLE_HARDENED_RUNTIME = YES;
				GENERATE_INFOPLIST_FILE = NO;
				INFOPLIST_FILE = "CountlyTestApp-macOS-swift/Info.plist";
				LD_RUNPATH_SEARCH_PATHS = (
					"$(inherited)",
					"@executable_path/../Frameworks",
				);
				MACOSX_DEPLOYMENT_TARGET = 12.0;
				PRODUCT_BUNDLE_IDENTIFIER = "ly.count.CountlyTestApp-macOS-swift";
				PRODUCT_NAME = "$(TARGET_NAME)";
				SWIFT_VERSION = 5.0;
			};
			name = Debug;
		};
		639A7CA24D39909E713B47F7 /* Release */ = {
			isa = XCBuildConfiguration;
			buildSettings = {
				ASSETCATALOG_COMPILER_APPICON_NAME = AppIcon;
				CODE_SIGN_ENTITLEMENTS = "CountlyTestApp-macOS-swift/CountlyTestApp-macOS-swift.entitlements";
				CODE_SIGN_STYLE = Automatic;
				COMBINE_HIDPI_IMAGES = YES;
				ENABLE_HARDENED_RUNTIME = YES;
				GENERATE_INFOPLIST_FILE = NO;
				INFOPLIST_FILE = "CountlyTestApp-macOS-swift/Info.plist";
				LD_RUNPATH_SEARCH_PATHS = (
					"$(inherited)",
					"@executable_path/../Frameworks",
				);
				MACOSX_DEPLOYMENT_TARGET = 12.0;
				PRODUCT_BUNDLE_IDENTIFIER = "ly.count.CountlyTestApp-macOS-swift";
				PRODUCT_NAME = "$(TARGET_NAME)";
				SWIFT_VERSION = 5.0;
			};
			name = Release;
		};
/* End XCBuildConfiguration section */

/* Begin XCConfigurationList section */
		550FEBBE252641242DA80FDE /* Build configuration list for PBXProject "CountlyTestApp-macOS-swift" */ = {
			isa = XCConfigurationList;
			buildConfigurations = (
				D08DD63EED508AD30D0CB0B4 /* Debug */,
				811CB99F7A296F7846C18A7F /* Release */,
			);
			defaultConfigurationIsVisible = 0;
			defaultConfigurationName = Release;
		};
		B483F6EB73610DE752E457A0 /* Build configuration list for PBXNativeTarget "CountlyTestApp-macOS-swift" */ = {
			isa = XCConfigurationList;
			buildConfigurations = (
				7082CC0B6FC1282FCEABD07A /* Debug */,
				639A7CA24D39909E713B47F7 /* Release */,
			);
			defaultConfigurationIsVisible = 0;
			defaultConfigurationName = Release;
		};
/* End XCConfigurationList section */
	};
	rootObject = 98F54143AB4E86B28C3AFEE0 /* Project object */;
}
